// !$*UTF8*$!
{
	archiveVersion = 1;
	classes = {
	};
	objectVersion = 55;
	objects = {

/* Begin PBXBuildFile section */
		0AC5100ABDFCE02ECB4C9860 /* Pods_SelfStyloIOSApp.framework in Frameworks */ = {isa = PBXBuildFile; fileRef = 8B3449D49070D9A67A447F74 /* Pods_SelfStyloIOSApp.framework */; };
		2202B3312964013D000CB816 /* HomeCardSelfiecamTableViewCell.swift in Sources */ = {isa = PBXBuildFile; fileRef = 2202B32F2964013D000CB816 /* HomeCardSelfiecamTableViewCell.swift */; };
		2202B3322964013D000CB816 /* HomeCardSelfiecamTableViewCell.xib in Resources */ = {isa = PBXBuildFile; fileRef = 2202B3302964013D000CB816 /* HomeCardSelfiecamTableViewCell.xib */; };
		2202B3352964122C000CB816 /* FavouriteProductTableViewCell.swift in Sources */ = {isa = PBXBuildFile; fileRef = 2202B3332964122C000CB816 /* FavouriteProductTableViewCell.swift */; };
		2202B3362964122C000CB816 /* FavouriteProductTableViewCell.xib in Resources */ = {isa = PBXBuildFile; fileRef = 2202B3342964122C000CB816 /* FavouriteProductTableViewCell.xib */; };
		220D646829B70CF80022D3FB /* GoogleService-Info.plist in Resources */ = {isa = PBXBuildFile; fileRef = 220D646729B70CF80022D3FB /* GoogleService-Info.plist */; };
		22111AC229630FFB00539540 /* WalkThroughViewController.swift in Sources */ = {isa = PBXBuildFile; fileRef = 22111AC129630FFB00539540 /* WalkThroughViewController.swift */; };
		2212DCFA29A8900500018E5D /* FoundationColorViewController.swift in Sources */ = {isa = PBXBuildFile; fileRef = 2212DCF929A8900500018E5D /* FoundationColorViewController.swift */; };
		222E1A26296457510094FA0A /* Extensions.swift in Sources */ = {isa = PBXBuildFile; fileRef = 222E1A25296457510094FA0A /* Extensions.swift */; };
		224650E62967EB0B00BFC8DD /* SignInOtpViewController.swift in Sources */ = {isa = PBXBuildFile; fileRef = 224650E52967EB0B00BFC8DD /* SignInOtpViewController.swift */; };
		226A3E68296D63BC00990849 /* TryOnTabBarViewController.swift in Sources */ = {isa = PBXBuildFile; fileRef = 226A3E67296D63BC00990849 /* TryOnTabBarViewController.swift */; };
		227177852968128300ABEC31 /* SignInProfileViewController.swift in Sources */ = {isa = PBXBuildFile; fileRef = 227177842968128300ABEC31 /* SignInProfileViewController.swift */; };
		2273A7732989116A007FE6F3 /* TryOnViewController.swift in Sources */ = {isa = PBXBuildFile; fileRef = 2273A7722989116A007FE6F3 /* TryOnViewController.swift */; };
		2273A77529891618007FE6F3 /* LipstickView.swift in Sources */ = {isa = PBXBuildFile; fileRef = 2273A77429891618007FE6F3 /* LipstickView.swift */; };
		2273A77729891640007FE6F3 /* LipstickView.xib in Resources */ = {isa = PBXBuildFile; fileRef = 2273A77629891640007FE6F3 /* LipstickView.xib */; };
		2273A77B298932DF007FE6F3 /* ColorCodeCollectionViewCell.xib in Resources */ = {isa = PBXBuildFile; fileRef = 2273A77A298932DF007FE6F3 /* ColorCodeCollectionViewCell.xib */; };
		2273A77D2989367F007FE6F3 /* ColorNameCollectionViewCell.xib in Resources */ = {isa = PBXBuildFile; fileRef = 2273A77C2989367F007FE6F3 /* ColorNameCollectionViewCell.xib */; };
		227A6E01297FA05600559A3F /* CombosViewController.swift in Sources */ = {isa = PBXBuildFile; fileRef = 227A6E00297FA05600559A3F /* CombosViewController.swift */; };
		227A6E05297FA2A300559A3F /* CombosCollectionViewCell.swift in Sources */ = {isa = PBXBuildFile; fileRef = 227A6E04297FA2A300559A3F /* CombosCollectionViewCell.swift */; };
		2287323429795D8100659E80 /* CategoryCollectionViewCell.swift in Sources */ = {isa = PBXBuildFile; fileRef = 2287323229795D8100659E80 /* CategoryCollectionViewCell.swift */; };
		2287323729795FF800659E80 /* MakeupViewController.swift in Sources */ = {isa = PBXBuildFile; fileRef = 2287323629795FF800659E80 /* MakeupViewController.swift */; };
		228959A1297A58FA008B72CA /* LipstickViewController.swift in Sources */ = {isa = PBXBuildFile; fileRef = 228959A0297A58FA008B72CA /* LipstickViewController.swift */; };
		228959A4297A5942008B72CA /* ColorCodeCollectionViewCell.swift in Sources */ = {isa = PBXBuildFile; fileRef = 228959A2297A5942008B72CA /* ColorCodeCollectionViewCell.swift */; };
		228959A8297A626C008B72CA /* ColorNameCollectionViewCell.swift in Sources */ = {isa = PBXBuildFile; fileRef = 228959A6297A626C008B72CA /* ColorNameCollectionViewCell.swift */; };
		2289852D2976CDE7002DD2E8 /* Banner.swift in Sources */ = {isa = PBXBuildFile; fileRef = 2289852C2976CDE7002DD2E8 /* Banner.swift */; };
		2289852F2976CEAC002DD2E8 /* BannerDao.swift in Sources */ = {isa = PBXBuildFile; fileRef = 2289852E2976CEAC002DD2E8 /* BannerDao.swift */; };
		228A8E6D2963F0CB004F8208 /* SelectLogoAppTableViewCell.swift in Sources */ = {isa = PBXBuildFile; fileRef = 228A8E6B2963F0CB004F8208 /* SelectLogoAppTableViewCell.swift */; };
		228A8E6E2963F0CB004F8208 /* SelectLogoAppTableViewCell.xib in Resources */ = {isa = PBXBuildFile; fileRef = 228A8E6C2963F0CB004F8208 /* SelectLogoAppTableViewCell.xib */; };
		228A8E712963F69B004F8208 /* HomeCardAnnouncementsTableViewCell.swift in Sources */ = {isa = PBXBuildFile; fileRef = 228A8E6F2963F69B004F8208 /* HomeCardAnnouncementsTableViewCell.swift */; };
		228A8E722963F69B004F8208 /* HomeCardAnnouncementsTableViewCell.xib in Resources */ = {isa = PBXBuildFile; fileRef = 228A8E702963F69B004F8208 /* HomeCardAnnouncementsTableViewCell.xib */; };
		229DE358297EBC77001235A8 /* EyelinerStyleViewController.swift in Sources */ = {isa = PBXBuildFile; fileRef = 229DE357297EBC77001235A8 /* EyelinerStyleViewController.swift */; };
		229F7A9229A61F9D0005DDDB /* AppleSignInClient.swift in Sources */ = {isa = PBXBuildFile; fileRef = 229F7A9129A61F9D0005DDDB /* AppleSignInClient.swift */; };
		22A477DA29654F3600523866 /* SettingsViewController.swift in Sources */ = {isa = PBXBuildFile; fileRef = 22A477D929654F3600523866 /* SettingsViewController.swift */; };
		22A477DD2965791C00523866 /* SavePresetsViewController.swift in Sources */ = {isa = PBXBuildFile; fileRef = 22A477DC2965791C00523866 /* SavePresetsViewController.swift */; };
		22A477E62965878600523866 /* DMSans-Regular.ttf in Resources */ = {isa = PBXBuildFile; fileRef = 22A477DF2965878600523866 /* DMSans-Regular.ttf */; };
		22A477E72965878600523866 /* DMSans-Medium.ttf in Resources */ = {isa = PBXBuildFile; fileRef = 22A477E02965878600523866 /* DMSans-Medium.ttf */; };
		22A477E82965878600523866 /* DMSans-Bold.ttf in Resources */ = {isa = PBXBuildFile; fileRef = 22A477E12965878600523866 /* DMSans-Bold.ttf */; };
		22A477E92965878600523866 /* DMSans-BoldItalic.ttf in Resources */ = {isa = PBXBuildFile; fileRef = 22A477E22965878600523866 /* DMSans-BoldItalic.ttf */; };
		22A477EA2965878600523866 /* OFL.txt in Resources */ = {isa = PBXBuildFile; fileRef = 22A477E32965878600523866 /* OFL.txt */; };
		22A477EB2965878600523866 /* DMSans-MediumItalic.ttf in Resources */ = {isa = PBXBuildFile; fileRef = 22A477E42965878600523866 /* DMSans-MediumItalic.ttf */; };
		22A477EC2965878600523866 /* DMSans-Italic.ttf in Resources */ = {isa = PBXBuildFile; fileRef = 22A477E52965878600523866 /* DMSans-Italic.ttf */; };
		22A477F42965A6DF00523866 /* SignInViewController.swift in Sources */ = {isa = PBXBuildFile; fileRef = 22A477F32965A6DF00523866 /* SignInViewController.swift */; };
		22A477FF2965B35D00523866 /* SignInEmailViewController.swift in Sources */ = {isa = PBXBuildFile; fileRef = 22A477FD2965B35D00523866 /* SignInEmailViewController.swift */; };
		22A4DC59295F03D50064D006 /* SelectPhoneTableViewCell.swift in Sources */ = {isa = PBXBuildFile; fileRef = 22A4DC57295F03D50064D006 /* SelectPhoneTableViewCell.swift */; };
		22A4DC5A295F03D50064D006 /* SelectPhoneTableViewCell.xib in Resources */ = {isa = PBXBuildFile; fileRef = 22A4DC58295F03D50064D006 /* SelectPhoneTableViewCell.xib */; };
		22A4DC5D295F08EB0064D006 /* SelectGenderTableViewCell.swift in Sources */ = {isa = PBXBuildFile; fileRef = 22A4DC5B295F08EB0064D006 /* SelectGenderTableViewCell.swift */; };
		22A4DC5E295F08EB0064D006 /* SelectGenderTableViewCell.xib in Resources */ = {isa = PBXBuildFile; fileRef = 22A4DC5C295F08EB0064D006 /* SelectGenderTableViewCell.xib */; };
		22A4DC61295F0B1F0064D006 /* CompleteTableViewCell.swift in Sources */ = {isa = PBXBuildFile; fileRef = 22A4DC5F295F0B1F0064D006 /* CompleteTableViewCell.swift */; };
		22A4DC62295F0B1F0064D006 /* CompleteTableViewCell.xib in Resources */ = {isa = PBXBuildFile; fileRef = 22A4DC60295F0B1F0064D006 /* CompleteTableViewCell.xib */; };
		22A70F5B2994FD4900B4D075 /* Connection.swift in Sources */ = {isa = PBXBuildFile; fileRef = 22A70F5A2994FD4900B4D075 /* Connection.swift */; };
		22AB9F132965B4DA00CB1ECD /* SignInPhoneViewController.swift in Sources */ = {isa = PBXBuildFile; fileRef = 22AB9F112965B4DA00CB1ECD /* SignInPhoneViewController.swift */; };
		22B00B73297E826C0075FB02 /* BlushViewController.swift in Sources */ = {isa = PBXBuildFile; fileRef = 22B00B72297E826C0075FB02 /* BlushViewController.swift */; };
		22B00B75297E84790075FB02 /* EyeshadowViewController.swift in Sources */ = {isa = PBXBuildFile; fileRef = 22B00B74297E84790075FB02 /* EyeshadowViewController.swift */; };
		22B00B77297E8A0D0075FB02 /* FoundationViewController.swift in Sources */ = {isa = PBXBuildFile; fileRef = 22B00B76297E8A0D0075FB02 /* FoundationViewController.swift */; };
		22B00B7A297E9EAB0075FB02 /* EyelinerStyleCollectionViewCell.swift in Sources */ = {isa = PBXBuildFile; fileRef = 22B00B78297E9EAB0075FB02 /* EyelinerStyleCollectionViewCell.swift */; };
		22B00B7D297EA0460075FB02 /* EyelinerViewController.swift in Sources */ = {isa = PBXBuildFile; fileRef = 22B00B7C297EA0460075FB02 /* EyelinerViewController.swift */; };
		22BA3AA029642105004AD1F3 /* FavouriteCollectionViewCell.swift in Sources */ = {isa = PBXBuildFile; fileRef = 22BA3A9E29642105004AD1F3 /* FavouriteCollectionViewCell.swift */; };
		22BA3AA129642105004AD1F3 /* FavouriteCollectionViewCell.xib in Resources */ = {isa = PBXBuildFile; fileRef = 22BA3A9F29642105004AD1F3 /* FavouriteCollectionViewCell.xib */; };
		22BA3AA5296423CD004AD1F3 /* SavedPresetsTableViewCell.swift in Sources */ = {isa = PBXBuildFile; fileRef = 22BA3AA3296423CD004AD1F3 /* SavedPresetsTableViewCell.swift */; };
		22BA3AA6296423CD004AD1F3 /* SavedPresetsTableViewCell.xib in Resources */ = {isa = PBXBuildFile; fileRef = 22BA3AA4296423CD004AD1F3 /* SavedPresetsTableViewCell.xib */; };
		22BA3AA929642452004AD1F3 /* SavePresetsCollectionViewCell.swift in Sources */ = {isa = PBXBuildFile; fileRef = 22BA3AA729642452004AD1F3 /* SavePresetsCollectionViewCell.swift */; };
		22BA3AAA29642452004AD1F3 /* SavePresetsCollectionViewCell.xib in Resources */ = {isa = PBXBuildFile; fileRef = 22BA3AA829642452004AD1F3 /* SavePresetsCollectionViewCell.xib */; };
		22BA3AAD29642A36004AD1F3 /* ImageSliderCollectionViewCell.swift in Sources */ = {isa = PBXBuildFile; fileRef = 22BA3AAB29642A36004AD1F3 /* ImageSliderCollectionViewCell.swift */; };
		22BA3AAE29642A36004AD1F3 /* ImageSliderCollectionViewCell.xib in Resources */ = {isa = PBXBuildFile; fileRef = 22BA3AAC29642A36004AD1F3 /* ImageSliderCollectionViewCell.xib */; };
		22BB026529711E8100F514B0 /* Patron.swift in Sources */ = {isa = PBXBuildFile; fileRef = 22BB026429711E8100F514B0 /* Patron.swift */; };
		22BB02672971231D00F514B0 /* PatronDao.swift in Sources */ = {isa = PBXBuildFile; fileRef = 22BB02662971231D00F514B0 /* PatronDao.swift */; };
		22C115C629962A390060D9E9 /* FavouriteViewCell.swift in Sources */ = {isa = PBXBuildFile; fileRef = 22C115C529962A390060D9E9 /* FavouriteViewCell.swift */; };
		22C8CA4A295EAB5F00336E03 /* EditProfileViewController.swift in Sources */ = {isa = PBXBuildFile; fileRef = 22C8CA49295EAB5F00336E03 /* EditProfileViewController.swift */; };
		22C8CA4F295EC1FA00336E03 /* SelectPhotoTableViewCell.swift in Sources */ = {isa = PBXBuildFile; fileRef = 22C8CA4D295EC1FA00336E03 /* SelectPhotoTableViewCell.swift */; };
		22C8CA50295EC1FA00336E03 /* SelectPhotoTableViewCell.xib in Resources */ = {isa = PBXBuildFile; fileRef = 22C8CA4E295EC1FA00336E03 /* SelectPhotoTableViewCell.xib */; };
		22C8CA58295EDA1200336E03 /* SelectFullNameTableViewCell.swift in Sources */ = {isa = PBXBuildFile; fileRef = 22C8CA56295EDA1200336E03 /* SelectFullNameTableViewCell.swift */; };
		22C8CA59295EDA1200336E03 /* SelectFullNameTableViewCell.xib in Resources */ = {isa = PBXBuildFile; fileRef = 22C8CA57295EDA1200336E03 /* SelectFullNameTableViewCell.xib */; };
		22C8CA5C295F006100336E03 /* SelectEmailTableViewCell.swift in Sources */ = {isa = PBXBuildFile; fileRef = 22C8CA5A295F006100336E03 /* SelectEmailTableViewCell.swift */; };
		22C8CA5D295F006100336E03 /* SelectEmailTableViewCell.xib in Resources */ = {isa = PBXBuildFile; fileRef = 22C8CA5B295F006100336E03 /* SelectEmailTableViewCell.xib */; };
		22E222F0299B554F001D554D /* CustomVisualEffectView.swift in Sources */ = {isa = PBXBuildFile; fileRef = 22E222EF299B554F001D554D /* CustomVisualEffectView.swift */; };
		22E222F2299B7D2A001D554D /* FAQViewController.swift in Sources */ = {isa = PBXBuildFile; fileRef = 22E222F1299B7D2A001D554D /* FAQViewController.swift */; };
		22E222F4299B7EE7001D554D /* TermsOfUseViewController.swift in Sources */ = {isa = PBXBuildFile; fileRef = 22E222F3299B7EE7001D554D /* TermsOfUseViewController.swift */; };
		22E65502299A43940096D050 /* AboutViewController.swift in Sources */ = {isa = PBXBuildFile; fileRef = 22E65501299A43940096D050 /* AboutViewController.swift */; };
		22E65504299A5CD40096D050 /* PrivacyPolicyViewController.swift in Sources */ = {isa = PBXBuildFile; fileRef = 22E65503299A5CD40096D050 /* PrivacyPolicyViewController.swift */; };
		22E6FA2A298D419800361954 /* NotificationViewController.swift in Sources */ = {isa = PBXBuildFile; fileRef = 22E6FA29298D419800361954 /* NotificationViewController.swift */; };
		22E7AEA1295D9F1A00F95FE0 /* ProfileViewController.swift in Sources */ = {isa = PBXBuildFile; fileRef = 22E7AEA0295D9F1A00F95FE0 /* ProfileViewController.swift */; };
		22E8E9FC29700B9D00E5BE59 /* IApiCalls.swift in Sources */ = {isa = PBXBuildFile; fileRef = 22E8E9FB29700B9D00E5BE59 /* IApiCalls.swift */; };
		22E8E9FE29700C4300E5BE59 /* ApiUtils.swift in Sources */ = {isa = PBXBuildFile; fileRef = 22E8E9FD29700C4300E5BE59 /* ApiUtils.swift */; };
		22E8EA022970109400E5BE59 /* FavouriteProductDao.swift in Sources */ = {isa = PBXBuildFile; fileRef = 22E8EA012970109400E5BE59 /* FavouriteProductDao.swift */; };
		22E8EA042970114200E5BE59 /* FavouriteProducts.swift in Sources */ = {isa = PBXBuildFile; fileRef = 22E8EA032970114200E5BE59 /* FavouriteProducts.swift */; };
		22E9836A29ACA2C4001AA264 /* SignInGenderTableViewCell.swift in Sources */ = {isa = PBXBuildFile; fileRef = 22E9835E29ACA2C4001AA264 /* SignInGenderTableViewCell.swift */; };
		22E9836B29ACA2C4001AA264 /* SignInPhotoTableViewCell.xib in Resources */ = {isa = PBXBuildFile; fileRef = 22E9835F29ACA2C4001AA264 /* SignInPhotoTableViewCell.xib */; };
		22E9836C29ACA2C4001AA264 /* SignInFullNameTableViewCell.xib in Resources */ = {isa = PBXBuildFile; fileRef = 22E9836029ACA2C4001AA264 /* SignInFullNameTableViewCell.xib */; };
		22E9836D29ACA2C4001AA264 /* SignInPhoneTableViewCell.swift in Sources */ = {isa = PBXBuildFile; fileRef = 22E9836129ACA2C4001AA264 /* SignInPhoneTableViewCell.swift */; };
		22E9836E29ACA2C4001AA264 /* SignInCompleteTableViewCell.swift in Sources */ = {isa = PBXBuildFile; fileRef = 22E9836229ACA2C4001AA264 /* SignInCompleteTableViewCell.swift */; };
		22E9836F29ACA2C4001AA264 /* SignInPhoneTableViewCell.xib in Resources */ = {isa = PBXBuildFile; fileRef = 22E9836329ACA2C4001AA264 /* SignInPhoneTableViewCell.xib */; };
		22E9837029ACA2C4001AA264 /* SignInPhotoTableViewCell.swift in Sources */ = {isa = PBXBuildFile; fileRef = 22E9836429ACA2C4001AA264 /* SignInPhotoTableViewCell.swift */; };
		22E9837129ACA2C4001AA264 /* SignInEmailTableViewCell.swift in Sources */ = {isa = PBXBuildFile; fileRef = 22E9836529ACA2C4001AA264 /* SignInEmailTableViewCell.swift */; };
		22E9837229ACA2C4001AA264 /* SignInFullNameTableViewCell.swift in Sources */ = {isa = PBXBuildFile; fileRef = 22E9836629ACA2C4001AA264 /* SignInFullNameTableViewCell.swift */; };
		22E9837329ACA2C4001AA264 /* SignInGenderTableViewCell.xib in Resources */ = {isa = PBXBuildFile; fileRef = 22E9836729ACA2C4001AA264 /* SignInGenderTableViewCell.xib */; };
		22E9837429ACA2C4001AA264 /* SignInEmailTableViewCell.xib in Resources */ = {isa = PBXBuildFile; fileRef = 22E9836829ACA2C4001AA264 /* SignInEmailTableViewCell.xib */; };
		22E9837529ACA2C4001AA264 /* SignInCompleteTableViewCell.xib in Resources */ = {isa = PBXBuildFile; fileRef = 22E9836929ACA2C4001AA264 /* SignInCompleteTableViewCell.xib */; };
		22EC1FA62966A615000F86EF /* CardView.swift in Sources */ = {isa = PBXBuildFile; fileRef = 22EC1FA52966A615000F86EF /* CardView.swift */; };
		22F858B2295AC6A400A7D86E /* AppDelegate.swift in Sources */ = {isa = PBXBuildFile; fileRef = 22F858B1295AC6A400A7D86E /* AppDelegate.swift */; };
		22F858B6295AC6A400A7D86E /* HomeViewController.swift in Sources */ = {isa = PBXBuildFile; fileRef = 22F858B5295AC6A400A7D86E /* HomeViewController.swift */; };
		22F858B9295AC6A400A7D86E /* Main.storyboard in Resources */ = {isa = PBXBuildFile; fileRef = 22F858B7295AC6A400A7D86E /* Main.storyboard */; };
		22F858BB295AC6A600A7D86E /* Assets.xcassets in Resources */ = {isa = PBXBuildFile; fileRef = 22F858BA295AC6A600A7D86E /* Assets.xcassets */; };
		22F858BE295AC6A600A7D86E /* LaunchScreen.storyboard in Resources */ = {isa = PBXBuildFile; fileRef = 22F858BC295AC6A600A7D86E /* LaunchScreen.storyboard */; };
		22F858C9295AC6A600A7D86E /* SelfStyloIOSAppTests.swift in Sources */ = {isa = PBXBuildFile; fileRef = 22F858C8295AC6A600A7D86E /* SelfStyloIOSAppTests.swift */; };
		22F858D3295AC6A600A7D86E /* SelfStyloIOSAppUITests.swift in Sources */ = {isa = PBXBuildFile; fileRef = 22F858D2295AC6A600A7D86E /* SelfStyloIOSAppUITests.swift */; };
		22F858D5295AC6A600A7D86E /* SelfStyloIOSAppUITestsLaunchTests.swift in Sources */ = {isa = PBXBuildFile; fileRef = 22F858D4295AC6A600A7D86E /* SelfStyloIOSAppUITestsLaunchTests.swift */; };
		22F858E4295B012E00A7D86E /* CustomTabBarControllerViewController.swift in Sources */ = {isa = PBXBuildFile; fileRef = 22F858E3295B012E00A7D86E /* CustomTabBarControllerViewController.swift */; };
		22F858E6295B047800A7D86E /* FavouriteViewController.swift in Sources */ = {isa = PBXBuildFile; fileRef = 22F858E5295B047800A7D86E /* FavouriteViewController.swift */; };
		531302F929B5BAFA00A35921 /* SkintoneUndertone.swift in Sources */ = {isa = PBXBuildFile; fileRef = 531302F829B5BAFA00A35921 /* SkintoneUndertone.swift */; };
		531302FB29B6055300A35921 /* indexMain.html in Resources */ = {isa = PBXBuildFile; fileRef = 531302FA29B6055200A35921 /* indexMain.html */; };
		5325AF1D298A5291004F385D /* MakeupLoaderViewController.swift in Sources */ = {isa = PBXBuildFile; fileRef = 5325AF1C298A5291004F385D /* MakeupLoaderViewController.swift */; };
		53289E552993B5490063EB4D /* CategoryCollectionViewCell.xib in Resources */ = {isa = PBXBuildFile; fileRef = 53289E542993B5490063EB4D /* CategoryCollectionViewCell.xib */; };
		534CAF2129A62E8D00E64AD1 /* EyelinerData.swift in Sources */ = {isa = PBXBuildFile; fileRef = 534CAF1F29A62E8D00E64AD1 /* EyelinerData.swift */; };
		534CAF2229A62E8D00E64AD1 /* EyelinerStyle.swift in Sources */ = {isa = PBXBuildFile; fileRef = 534CAF2029A62E8D00E64AD1 /* EyelinerStyle.swift */; };
		534CAF2829A6317D00E64AD1 /* MakeupLayerTableViewCell.xib in Resources */ = {isa = PBXBuildFile; fileRef = 534CAF2629A6317D00E64AD1 /* MakeupLayerTableViewCell.xib */; };
		534CAF2929A6317D00E64AD1 /* MakeupLayerTableViewCell.swift in Sources */ = {isa = PBXBuildFile; fileRef = 534CAF2729A6317D00E64AD1 /* MakeupLayerTableViewCell.swift */; };
		53675B2629B2024900901979 /* FoundationAnalyzeViewController.swift in Sources */ = {isa = PBXBuildFile; fileRef = 53675B2529B2024900901979 /* FoundationAnalyzeViewController.swift */; };
		536AE08429B1CBC6008C7C8F /* FoundationShadesViewController.swift in Sources */ = {isa = PBXBuildFile; fileRef = 536AE08329B1CBC6008C7C8F /* FoundationShadesViewController.swift */; };
		53829454298D2EB4002D7671 /* Js in Resources */ = {isa = PBXBuildFile; fileRef = 53829453298D2EB4002D7671 /* Js */; };
		5398872629ADDF8500E65C20 /* CaptureViewController.swift in Sources */ = {isa = PBXBuildFile; fileRef = 5398872529ADDF8500E65C20 /* CaptureViewController.swift */; };
		53BD4986298007B200B1D53B /* MakeDetails.swift in Sources */ = {isa = PBXBuildFile; fileRef = 53BD4985298007B200B1D53B /* MakeDetails.swift */; };
		53BD49882980117C00B1D53B /* APIHandler.swift in Sources */ = {isa = PBXBuildFile; fileRef = 53BD49872980117C00B1D53B /* APIHandler.swift */; };
		53D0567C29A62CCA0064EDF4 /* MakeupLayerViewController.swift in Sources */ = {isa = PBXBuildFile; fileRef = 53D0567B29A62CCA0064EDF4 /* MakeupLayerViewController.swift */; };
		80AD48C7E30C54A7922CAC7A /* Pods_SelfStyloIOSApp_SelfStyloIOSAppUITests.framework in Frameworks */ = {isa = PBXBuildFile; fileRef = 9EB8BF4239B689E9F59CB872 /* Pods_SelfStyloIOSApp_SelfStyloIOSAppUITests.framework */; };
		8748E9F3D8DC157277F122FB /* Pods_SelfStyloIOSAppTests.framework in Frameworks */ = {isa = PBXBuildFile; fileRef = 6CF42408F60C89C480F7B66D /* Pods_SelfStyloIOSAppTests.framework */; };
/* End PBXBuildFile section */

/* Begin PBXContainerItemProxy section */
		22F858C5295AC6A600A7D86E /* PBXContainerItemProxy */ = {
			isa = PBXContainerItemProxy;
			containerPortal = 22F858A6295AC6A400A7D86E /* Project object */;
			proxyType = 1;
			remoteGlobalIDString = 22F858AD295AC6A400A7D86E;
			remoteInfo = SelfStyloIOSApp;
		};
		22F858CF295AC6A600A7D86E /* PBXContainerItemProxy */ = {
			isa = PBXContainerItemProxy;
			containerPortal = 22F858A6295AC6A400A7D86E /* Project object */;
			proxyType = 1;
			remoteGlobalIDString = 22F858AD295AC6A400A7D86E;
			remoteInfo = SelfStyloIOSApp;
		};
/* End PBXContainerItemProxy section */

/* Begin PBXFileReference section */
		2202B32F2964013D000CB816 /* HomeCardSelfiecamTableViewCell.swift */ = {isa = PBXFileReference; lastKnownFileType = sourcecode.swift; path = HomeCardSelfiecamTableViewCell.swift; sourceTree = "<group>"; };
		2202B3302964013D000CB816 /* HomeCardSelfiecamTableViewCell.xib */ = {isa = PBXFileReference; lastKnownFileType = file.xib; path = HomeCardSelfiecamTableViewCell.xib; sourceTree = "<group>"; };
		2202B3332964122C000CB816 /* FavouriteProductTableViewCell.swift */ = {isa = PBXFileReference; lastKnownFileType = sourcecode.swift; path = FavouriteProductTableViewCell.swift; sourceTree = "<group>"; };
		2202B3342964122C000CB816 /* FavouriteProductTableViewCell.xib */ = {isa = PBXFileReference; lastKnownFileType = file.xib; path = FavouriteProductTableViewCell.xib; sourceTree = "<group>"; };
		220D646729B70CF80022D3FB /* GoogleService-Info.plist */ = {isa = PBXFileReference; fileEncoding = 4; lastKnownFileType = text.plist.xml; path = "GoogleService-Info.plist"; sourceTree = "<group>"; };
		22111AC129630FFB00539540 /* WalkThroughViewController.swift */ = {isa = PBXFileReference; lastKnownFileType = sourcecode.swift; path = WalkThroughViewController.swift; sourceTree = "<group>"; };
		2212DCF929A8900500018E5D /* FoundationColorViewController.swift */ = {isa = PBXFileReference; fileEncoding = 4; lastKnownFileType = sourcecode.swift; path = FoundationColorViewController.swift; sourceTree = "<group>"; };
		222E1A25296457510094FA0A /* Extensions.swift */ = {isa = PBXFileReference; lastKnownFileType = sourcecode.swift; path = Extensions.swift; sourceTree = "<group>"; };
		224650E52967EB0B00BFC8DD /* SignInOtpViewController.swift */ = {isa = PBXFileReference; lastKnownFileType = sourcecode.swift; path = SignInOtpViewController.swift; sourceTree = "<group>"; };
		226A3E67296D63BC00990849 /* TryOnTabBarViewController.swift */ = {isa = PBXFileReference; lastKnownFileType = sourcecode.swift; path = TryOnTabBarViewController.swift; sourceTree = "<group>"; };
		227177842968128300ABEC31 /* SignInProfileViewController.swift */ = {isa = PBXFileReference; lastKnownFileType = sourcecode.swift; path = SignInProfileViewController.swift; sourceTree = "<group>"; };
		2273A7722989116A007FE6F3 /* TryOnViewController.swift */ = {isa = PBXFileReference; lastKnownFileType = sourcecode.swift; path = TryOnViewController.swift; sourceTree = "<group>"; };
		2273A77429891618007FE6F3 /* LipstickView.swift */ = {isa = PBXFileReference; lastKnownFileType = sourcecode.swift; path = LipstickView.swift; sourceTree = "<group>"; };
		2273A77629891640007FE6F3 /* LipstickView.xib */ = {isa = PBXFileReference; lastKnownFileType = file.xib; path = LipstickView.xib; sourceTree = "<group>"; };
		2273A77A298932DF007FE6F3 /* ColorCodeCollectionViewCell.xib */ = {isa = PBXFileReference; lastKnownFileType = file.xib; path = ColorCodeCollectionViewCell.xib; sourceTree = "<group>"; };
		2273A77C2989367F007FE6F3 /* ColorNameCollectionViewCell.xib */ = {isa = PBXFileReference; lastKnownFileType = file.xib; path = ColorNameCollectionViewCell.xib; sourceTree = "<group>"; };
		227A6E00297FA05600559A3F /* CombosViewController.swift */ = {isa = PBXFileReference; lastKnownFileType = sourcecode.swift; path = CombosViewController.swift; sourceTree = "<group>"; };
		227A6E04297FA2A300559A3F /* CombosCollectionViewCell.swift */ = {isa = PBXFileReference; lastKnownFileType = sourcecode.swift; path = CombosCollectionViewCell.swift; sourceTree = "<group>"; };
		2287323229795D8100659E80 /* CategoryCollectionViewCell.swift */ = {isa = PBXFileReference; lastKnownFileType = sourcecode.swift; path = CategoryCollectionViewCell.swift; sourceTree = "<group>"; };
		2287323629795FF800659E80 /* MakeupViewController.swift */ = {isa = PBXFileReference; lastKnownFileType = sourcecode.swift; path = MakeupViewController.swift; sourceTree = "<group>"; };
		228959A0297A58FA008B72CA /* LipstickViewController.swift */ = {isa = PBXFileReference; lastKnownFileType = sourcecode.swift; path = LipstickViewController.swift; sourceTree = "<group>"; };
		228959A2297A5942008B72CA /* ColorCodeCollectionViewCell.swift */ = {isa = PBXFileReference; lastKnownFileType = sourcecode.swift; path = ColorCodeCollectionViewCell.swift; sourceTree = "<group>"; };
		228959A6297A626C008B72CA /* ColorNameCollectionViewCell.swift */ = {isa = PBXFileReference; lastKnownFileType = sourcecode.swift; path = ColorNameCollectionViewCell.swift; sourceTree = "<group>"; };
		2289852B2976BDDD002DD2E8 /* SelfStyloIOSApp.entitlements */ = {isa = PBXFileReference; lastKnownFileType = text.plist.entitlements; path = SelfStyloIOSApp.entitlements; sourceTree = "<group>"; };
		2289852C2976CDE7002DD2E8 /* Banner.swift */ = {isa = PBXFileReference; lastKnownFileType = sourcecode.swift; path = Banner.swift; sourceTree = "<group>"; };
		2289852E2976CEAC002DD2E8 /* BannerDao.swift */ = {isa = PBXFileReference; lastKnownFileType = sourcecode.swift; path = BannerDao.swift; sourceTree = "<group>"; };
		228A8E6B2963F0CB004F8208 /* SelectLogoAppTableViewCell.swift */ = {isa = PBXFileReference; lastKnownFileType = sourcecode.swift; path = SelectLogoAppTableViewCell.swift; sourceTree = "<group>"; };
		228A8E6C2963F0CB004F8208 /* SelectLogoAppTableViewCell.xib */ = {isa = PBXFileReference; lastKnownFileType = file.xib; path = SelectLogoAppTableViewCell.xib; sourceTree = "<group>"; };
		228A8E6F2963F69B004F8208 /* HomeCardAnnouncementsTableViewCell.swift */ = {isa = PBXFileReference; lastKnownFileType = sourcecode.swift; path = HomeCardAnnouncementsTableViewCell.swift; sourceTree = "<group>"; };
		228A8E702963F69B004F8208 /* HomeCardAnnouncementsTableViewCell.xib */ = {isa = PBXFileReference; lastKnownFileType = file.xib; path = HomeCardAnnouncementsTableViewCell.xib; sourceTree = "<group>"; };
		229DE357297EBC77001235A8 /* EyelinerStyleViewController.swift */ = {isa = PBXFileReference; lastKnownFileType = sourcecode.swift; path = EyelinerStyleViewController.swift; sourceTree = "<group>"; };
		229F7A9129A61F9D0005DDDB /* AppleSignInClient.swift */ = {isa = PBXFileReference; lastKnownFileType = sourcecode.swift; path = AppleSignInClient.swift; sourceTree = "<group>"; };
		22A477D929654F3600523866 /* SettingsViewController.swift */ = {isa = PBXFileReference; lastKnownFileType = sourcecode.swift; path = SettingsViewController.swift; sourceTree = "<group>"; };
		22A477DC2965791C00523866 /* SavePresetsViewController.swift */ = {isa = PBXFileReference; lastKnownFileType = sourcecode.swift; path = SavePresetsViewController.swift; sourceTree = "<group>"; };
		22A477DF2965878600523866 /* DMSans-Regular.ttf */ = {isa = PBXFileReference; lastKnownFileType = file; path = "DMSans-Regular.ttf"; sourceTree = "<group>"; };
		22A477E02965878600523866 /* DMSans-Medium.ttf */ = {isa = PBXFileReference; lastKnownFileType = file; path = "DMSans-Medium.ttf"; sourceTree = "<group>"; };
		22A477E12965878600523866 /* DMSans-Bold.ttf */ = {isa = PBXFileReference; lastKnownFileType = file; path = "DMSans-Bold.ttf"; sourceTree = "<group>"; };
		22A477E22965878600523866 /* DMSans-BoldItalic.ttf */ = {isa = PBXFileReference; lastKnownFileType = file; path = "DMSans-BoldItalic.ttf"; sourceTree = "<group>"; };
		22A477E32965878600523866 /* OFL.txt */ = {isa = PBXFileReference; fileEncoding = 4; lastKnownFileType = text; path = OFL.txt; sourceTree = "<group>"; };
		22A477E42965878600523866 /* DMSans-MediumItalic.ttf */ = {isa = PBXFileReference; lastKnownFileType = file; path = "DMSans-MediumItalic.ttf"; sourceTree = "<group>"; };
		22A477E52965878600523866 /* DMSans-Italic.ttf */ = {isa = PBXFileReference; lastKnownFileType = file; path = "DMSans-Italic.ttf"; sourceTree = "<group>"; };
		22A477F32965A6DF00523866 /* SignInViewController.swift */ = {isa = PBXFileReference; lastKnownFileType = sourcecode.swift; path = SignInViewController.swift; sourceTree = "<group>"; };
		22A477FD2965B35D00523866 /* SignInEmailViewController.swift */ = {isa = PBXFileReference; lastKnownFileType = sourcecode.swift; path = SignInEmailViewController.swift; sourceTree = "<group>"; };
		22A4DC57295F03D50064D006 /* SelectPhoneTableViewCell.swift */ = {isa = PBXFileReference; lastKnownFileType = sourcecode.swift; path = SelectPhoneTableViewCell.swift; sourceTree = "<group>"; };
		22A4DC58295F03D50064D006 /* SelectPhoneTableViewCell.xib */ = {isa = PBXFileReference; lastKnownFileType = file.xib; path = SelectPhoneTableViewCell.xib; sourceTree = "<group>"; };
		22A4DC5B295F08EB0064D006 /* SelectGenderTableViewCell.swift */ = {isa = PBXFileReference; lastKnownFileType = sourcecode.swift; path = SelectGenderTableViewCell.swift; sourceTree = "<group>"; };
		22A4DC5C295F08EB0064D006 /* SelectGenderTableViewCell.xib */ = {isa = PBXFileReference; lastKnownFileType = file.xib; path = SelectGenderTableViewCell.xib; sourceTree = "<group>"; };
		22A4DC5F295F0B1F0064D006 /* CompleteTableViewCell.swift */ = {isa = PBXFileReference; lastKnownFileType = sourcecode.swift; path = CompleteTableViewCell.swift; sourceTree = "<group>"; };
		22A4DC60295F0B1F0064D006 /* CompleteTableViewCell.xib */ = {isa = PBXFileReference; lastKnownFileType = file.xib; path = CompleteTableViewCell.xib; sourceTree = "<group>"; };
		22A70F5A2994FD4900B4D075 /* Connection.swift */ = {isa = PBXFileReference; lastKnownFileType = sourcecode.swift; path = Connection.swift; sourceTree = "<group>"; };
		22AB9F112965B4DA00CB1ECD /* SignInPhoneViewController.swift */ = {isa = PBXFileReference; lastKnownFileType = sourcecode.swift; path = SignInPhoneViewController.swift; sourceTree = "<group>"; };
		22B00B72297E826C0075FB02 /* BlushViewController.swift */ = {isa = PBXFileReference; lastKnownFileType = sourcecode.swift; path = BlushViewController.swift; sourceTree = "<group>"; };
		22B00B74297E84790075FB02 /* EyeshadowViewController.swift */ = {isa = PBXFileReference; lastKnownFileType = sourcecode.swift; path = EyeshadowViewController.swift; sourceTree = "<group>"; };
		22B00B76297E8A0D0075FB02 /* FoundationViewController.swift */ = {isa = PBXFileReference; lastKnownFileType = sourcecode.swift; path = FoundationViewController.swift; sourceTree = "<group>"; };
		22B00B78297E9EAB0075FB02 /* EyelinerStyleCollectionViewCell.swift */ = {isa = PBXFileReference; lastKnownFileType = sourcecode.swift; path = EyelinerStyleCollectionViewCell.swift; sourceTree = "<group>"; };
		22B00B7C297EA0460075FB02 /* EyelinerViewController.swift */ = {isa = PBXFileReference; lastKnownFileType = sourcecode.swift; path = EyelinerViewController.swift; sourceTree = "<group>"; };
		22BA3A9E29642105004AD1F3 /* FavouriteCollectionViewCell.swift */ = {isa = PBXFileReference; lastKnownFileType = sourcecode.swift; path = FavouriteCollectionViewCell.swift; sourceTree = "<group>"; };
		22BA3A9F29642105004AD1F3 /* FavouriteCollectionViewCell.xib */ = {isa = PBXFileReference; lastKnownFileType = file.xib; path = FavouriteCollectionViewCell.xib; sourceTree = "<group>"; };
		22BA3AA3296423CD004AD1F3 /* SavedPresetsTableViewCell.swift */ = {isa = PBXFileReference; lastKnownFileType = sourcecode.swift; path = SavedPresetsTableViewCell.swift; sourceTree = "<group>"; };
		22BA3AA4296423CD004AD1F3 /* SavedPresetsTableViewCell.xib */ = {isa = PBXFileReference; lastKnownFileType = file.xib; path = SavedPresetsTableViewCell.xib; sourceTree = "<group>"; };
		22BA3AA729642452004AD1F3 /* SavePresetsCollectionViewCell.swift */ = {isa = PBXFileReference; lastKnownFileType = sourcecode.swift; path = SavePresetsCollectionViewCell.swift; sourceTree = "<group>"; };
		22BA3AA829642452004AD1F3 /* SavePresetsCollectionViewCell.xib */ = {isa = PBXFileReference; lastKnownFileType = file.xib; path = SavePresetsCollectionViewCell.xib; sourceTree = "<group>"; };
		22BA3AAB29642A36004AD1F3 /* ImageSliderCollectionViewCell.swift */ = {isa = PBXFileReference; lastKnownFileType = sourcecode.swift; path = ImageSliderCollectionViewCell.swift; sourceTree = "<group>"; };
		22BA3AAC29642A36004AD1F3 /* ImageSliderCollectionViewCell.xib */ = {isa = PBXFileReference; lastKnownFileType = file.xib; path = ImageSliderCollectionViewCell.xib; sourceTree = "<group>"; };
		22BB026429711E8100F514B0 /* Patron.swift */ = {isa = PBXFileReference; lastKnownFileType = sourcecode.swift; path = Patron.swift; sourceTree = "<group>"; };
		22BB02662971231D00F514B0 /* PatronDao.swift */ = {isa = PBXFileReference; lastKnownFileType = sourcecode.swift; path = PatronDao.swift; sourceTree = "<group>"; };
		22C115C529962A390060D9E9 /* FavouriteViewCell.swift */ = {isa = PBXFileReference; lastKnownFileType = sourcecode.swift; path = FavouriteViewCell.swift; sourceTree = "<group>"; };
		22C8CA49295EAB5F00336E03 /* EditProfileViewController.swift */ = {isa = PBXFileReference; lastKnownFileType = sourcecode.swift; path = EditProfileViewController.swift; sourceTree = "<group>"; };
		22C8CA4D295EC1FA00336E03 /* SelectPhotoTableViewCell.swift */ = {isa = PBXFileReference; lastKnownFileType = sourcecode.swift; path = SelectPhotoTableViewCell.swift; sourceTree = "<group>"; };
		22C8CA4E295EC1FA00336E03 /* SelectPhotoTableViewCell.xib */ = {isa = PBXFileReference; lastKnownFileType = file.xib; path = SelectPhotoTableViewCell.xib; sourceTree = "<group>"; };
		22C8CA56295EDA1200336E03 /* SelectFullNameTableViewCell.swift */ = {isa = PBXFileReference; lastKnownFileType = sourcecode.swift; path = SelectFullNameTableViewCell.swift; sourceTree = "<group>"; };
		22C8CA57295EDA1200336E03 /* SelectFullNameTableViewCell.xib */ = {isa = PBXFileReference; lastKnownFileType = file.xib; path = SelectFullNameTableViewCell.xib; sourceTree = "<group>"; };
		22C8CA5A295F006100336E03 /* SelectEmailTableViewCell.swift */ = {isa = PBXFileReference; lastKnownFileType = sourcecode.swift; path = SelectEmailTableViewCell.swift; sourceTree = "<group>"; };
		22C8CA5B295F006100336E03 /* SelectEmailTableViewCell.xib */ = {isa = PBXFileReference; lastKnownFileType = file.xib; path = SelectEmailTableViewCell.xib; sourceTree = "<group>"; };
		22E222EF299B554F001D554D /* CustomVisualEffectView.swift */ = {isa = PBXFileReference; lastKnownFileType = sourcecode.swift; path = CustomVisualEffectView.swift; sourceTree = "<group>"; };
		22E222F1299B7D2A001D554D /* FAQViewController.swift */ = {isa = PBXFileReference; lastKnownFileType = sourcecode.swift; path = FAQViewController.swift; sourceTree = "<group>"; };
		22E222F3299B7EE7001D554D /* TermsOfUseViewController.swift */ = {isa = PBXFileReference; lastKnownFileType = sourcecode.swift; path = TermsOfUseViewController.swift; sourceTree = "<group>"; };
		22E65501299A43940096D050 /* AboutViewController.swift */ = {isa = PBXFileReference; lastKnownFileType = sourcecode.swift; path = AboutViewController.swift; sourceTree = "<group>"; };
		22E65503299A5CD40096D050 /* PrivacyPolicyViewController.swift */ = {isa = PBXFileReference; lastKnownFileType = sourcecode.swift; path = PrivacyPolicyViewController.swift; sourceTree = "<group>"; };
		22E6FA29298D419800361954 /* NotificationViewController.swift */ = {isa = PBXFileReference; lastKnownFileType = sourcecode.swift; path = NotificationViewController.swift; sourceTree = "<group>"; };
		22E7AEA0295D9F1A00F95FE0 /* ProfileViewController.swift */ = {isa = PBXFileReference; lastKnownFileType = sourcecode.swift; path = ProfileViewController.swift; sourceTree = "<group>"; };
		22E8E9FB29700B9D00E5BE59 /* IApiCalls.swift */ = {isa = PBXFileReference; lastKnownFileType = sourcecode.swift; path = IApiCalls.swift; sourceTree = "<group>"; };
		22E8E9FD29700C4300E5BE59 /* ApiUtils.swift */ = {isa = PBXFileReference; lastKnownFileType = sourcecode.swift; path = ApiUtils.swift; sourceTree = "<group>"; };
		22E8EA012970109400E5BE59 /* FavouriteProductDao.swift */ = {isa = PBXFileReference; lastKnownFileType = sourcecode.swift; path = FavouriteProductDao.swift; sourceTree = "<group>"; };
		22E8EA032970114200E5BE59 /* FavouriteProducts.swift */ = {isa = PBXFileReference; lastKnownFileType = sourcecode.swift; path = FavouriteProducts.swift; sourceTree = "<group>"; };
		22E9835E29ACA2C4001AA264 /* SignInGenderTableViewCell.swift */ = {isa = PBXFileReference; fileEncoding = 4; lastKnownFileType = sourcecode.swift; path = SignInGenderTableViewCell.swift; sourceTree = "<group>"; };
		22E9835F29ACA2C4001AA264 /* SignInPhotoTableViewCell.xib */ = {isa = PBXFileReference; fileEncoding = 4; lastKnownFileType = file.xib; path = SignInPhotoTableViewCell.xib; sourceTree = "<group>"; };
		22E9836029ACA2C4001AA264 /* SignInFullNameTableViewCell.xib */ = {isa = PBXFileReference; fileEncoding = 4; lastKnownFileType = file.xib; path = SignInFullNameTableViewCell.xib; sourceTree = "<group>"; };
		22E9836129ACA2C4001AA264 /* SignInPhoneTableViewCell.swift */ = {isa = PBXFileReference; fileEncoding = 4; lastKnownFileType = sourcecode.swift; path = SignInPhoneTableViewCell.swift; sourceTree = "<group>"; };
		22E9836229ACA2C4001AA264 /* SignInCompleteTableViewCell.swift */ = {isa = PBXFileReference; fileEncoding = 4; lastKnownFileType = sourcecode.swift; path = SignInCompleteTableViewCell.swift; sourceTree = "<group>"; };
		22E9836329ACA2C4001AA264 /* SignInPhoneTableViewCell.xib */ = {isa = PBXFileReference; fileEncoding = 4; lastKnownFileType = file.xib; path = SignInPhoneTableViewCell.xib; sourceTree = "<group>"; };
		22E9836429ACA2C4001AA264 /* SignInPhotoTableViewCell.swift */ = {isa = PBXFileReference; fileEncoding = 4; lastKnownFileType = sourcecode.swift; path = SignInPhotoTableViewCell.swift; sourceTree = "<group>"; };
		22E9836529ACA2C4001AA264 /* SignInEmailTableViewCell.swift */ = {isa = PBXFileReference; fileEncoding = 4; lastKnownFileType = sourcecode.swift; path = SignInEmailTableViewCell.swift; sourceTree = "<group>"; };
		22E9836629ACA2C4001AA264 /* SignInFullNameTableViewCell.swift */ = {isa = PBXFileReference; fileEncoding = 4; lastKnownFileType = sourcecode.swift; path = SignInFullNameTableViewCell.swift; sourceTree = "<group>"; };
		22E9836729ACA2C4001AA264 /* SignInGenderTableViewCell.xib */ = {isa = PBXFileReference; fileEncoding = 4; lastKnownFileType = file.xib; path = SignInGenderTableViewCell.xib; sourceTree = "<group>"; };
		22E9836829ACA2C4001AA264 /* SignInEmailTableViewCell.xib */ = {isa = PBXFileReference; fileEncoding = 4; lastKnownFileType = file.xib; path = SignInEmailTableViewCell.xib; sourceTree = "<group>"; };
		22E9836929ACA2C4001AA264 /* SignInCompleteTableViewCell.xib */ = {isa = PBXFileReference; fileEncoding = 4; lastKnownFileType = file.xib; path = SignInCompleteTableViewCell.xib; sourceTree = "<group>"; };
		22EC1FA52966A615000F86EF /* CardView.swift */ = {isa = PBXFileReference; lastKnownFileType = sourcecode.swift; path = CardView.swift; sourceTree = "<group>"; };
		22F858AE295AC6A400A7D86E /* SelfStyloIOSApp.app */ = {isa = PBXFileReference; explicitFileType = wrapper.application; includeInIndex = 0; path = SelfStyloIOSApp.app; sourceTree = BUILT_PRODUCTS_DIR; };
		22F858B1295AC6A400A7D86E /* AppDelegate.swift */ = {isa = PBXFileReference; lastKnownFileType = sourcecode.swift; path = AppDelegate.swift; sourceTree = "<group>"; };
		22F858B5295AC6A400A7D86E /* HomeViewController.swift */ = {isa = PBXFileReference; lastKnownFileType = sourcecode.swift; path = HomeViewController.swift; sourceTree = "<group>"; };
		22F858B8295AC6A400A7D86E /* Base */ = {isa = PBXFileReference; lastKnownFileType = file.storyboard; name = Base; path = Base.lproj/Main.storyboard; sourceTree = "<group>"; };
		22F858BA295AC6A600A7D86E /* Assets.xcassets */ = {isa = PBXFileReference; lastKnownFileType = folder.assetcatalog; path = Assets.xcassets; sourceTree = "<group>"; };
		22F858BD295AC6A600A7D86E /* Base */ = {isa = PBXFileReference; lastKnownFileType = file.storyboard; name = Base; path = Base.lproj/LaunchScreen.storyboard; sourceTree = "<group>"; };
		22F858BF295AC6A600A7D86E /* Info.plist */ = {isa = PBXFileReference; lastKnownFileType = text.plist.xml; path = Info.plist; sourceTree = "<group>"; };
		22F858C4295AC6A600A7D86E /* SelfStyloIOSAppTests.xctest */ = {isa = PBXFileReference; explicitFileType = wrapper.cfbundle; includeInIndex = 0; path = SelfStyloIOSAppTests.xctest; sourceTree = BUILT_PRODUCTS_DIR; };
		22F858C8295AC6A600A7D86E /* SelfStyloIOSAppTests.swift */ = {isa = PBXFileReference; lastKnownFileType = sourcecode.swift; path = SelfStyloIOSAppTests.swift; sourceTree = "<group>"; };
		22F858CE295AC6A600A7D86E /* SelfStyloIOSAppUITests.xctest */ = {isa = PBXFileReference; explicitFileType = wrapper.cfbundle; includeInIndex = 0; path = SelfStyloIOSAppUITests.xctest; sourceTree = BUILT_PRODUCTS_DIR; };
		22F858D2295AC6A600A7D86E /* SelfStyloIOSAppUITests.swift */ = {isa = PBXFileReference; lastKnownFileType = sourcecode.swift; path = SelfStyloIOSAppUITests.swift; sourceTree = "<group>"; };
		22F858D4295AC6A600A7D86E /* SelfStyloIOSAppUITestsLaunchTests.swift */ = {isa = PBXFileReference; lastKnownFileType = sourcecode.swift; path = SelfStyloIOSAppUITestsLaunchTests.swift; sourceTree = "<group>"; };
		22F858E3295B012E00A7D86E /* CustomTabBarControllerViewController.swift */ = {isa = PBXFileReference; lastKnownFileType = sourcecode.swift; path = CustomTabBarControllerViewController.swift; sourceTree = "<group>"; };
		22F858E5295B047800A7D86E /* FavouriteViewController.swift */ = {isa = PBXFileReference; lastKnownFileType = sourcecode.swift; path = FavouriteViewController.swift; sourceTree = "<group>"; };
		418746D84A8963A42DA91AAA /* Pods-SelfStyloIOSApp.release.xcconfig */ = {isa = PBXFileReference; includeInIndex = 1; lastKnownFileType = text.xcconfig; name = "Pods-SelfStyloIOSApp.release.xcconfig"; path = "Target Support Files/Pods-SelfStyloIOSApp/Pods-SelfStyloIOSApp.release.xcconfig"; sourceTree = "<group>"; };
		531302F829B5BAFA00A35921 /* SkintoneUndertone.swift */ = {isa = PBXFileReference; lastKnownFileType = sourcecode.swift; path = SkintoneUndertone.swift; sourceTree = "<group>"; };
		531302FA29B6055200A35921 /* indexMain.html */ = {isa = PBXFileReference; fileEncoding = 4; lastKnownFileType = text.html; path = indexMain.html; sourceTree = "<group>"; };
		5325AF1C298A5291004F385D /* MakeupLoaderViewController.swift */ = {isa = PBXFileReference; lastKnownFileType = sourcecode.swift; path = MakeupLoaderViewController.swift; sourceTree = "<group>"; };
		53289E542993B5490063EB4D /* CategoryCollectionViewCell.xib */ = {isa = PBXFileReference; fileEncoding = 4; lastKnownFileType = file.xib; path = CategoryCollectionViewCell.xib; sourceTree = "<group>"; };
		534CAF1F29A62E8D00E64AD1 /* EyelinerData.swift */ = {isa = PBXFileReference; fileEncoding = 4; lastKnownFileType = sourcecode.swift; path = EyelinerData.swift; sourceTree = "<group>"; };
		534CAF2029A62E8D00E64AD1 /* EyelinerStyle.swift */ = {isa = PBXFileReference; fileEncoding = 4; lastKnownFileType = sourcecode.swift; path = EyelinerStyle.swift; sourceTree = "<group>"; };
		534CAF2629A6317D00E64AD1 /* MakeupLayerTableViewCell.xib */ = {isa = PBXFileReference; fileEncoding = 4; lastKnownFileType = file.xib; path = MakeupLayerTableViewCell.xib; sourceTree = "<group>"; };
		534CAF2729A6317D00E64AD1 /* MakeupLayerTableViewCell.swift */ = {isa = PBXFileReference; fileEncoding = 4; lastKnownFileType = sourcecode.swift; path = MakeupLayerTableViewCell.swift; sourceTree = "<group>"; };
		53675B2529B2024900901979 /* FoundationAnalyzeViewController.swift */ = {isa = PBXFileReference; lastKnownFileType = sourcecode.swift; path = FoundationAnalyzeViewController.swift; sourceTree = "<group>"; };
		536AE08329B1CBC6008C7C8F /* FoundationShadesViewController.swift */ = {isa = PBXFileReference; lastKnownFileType = sourcecode.swift; path = FoundationShadesViewController.swift; sourceTree = "<group>"; };
		53829453298D2EB4002D7671 /* Js */ = {isa = PBXFileReference; lastKnownFileType = folder; path = Js; sourceTree = "<group>"; };
		5398872529ADDF8500E65C20 /* CaptureViewController.swift */ = {isa = PBXFileReference; lastKnownFileType = sourcecode.swift; path = CaptureViewController.swift; sourceTree = "<group>"; };
		53BD4985298007B200B1D53B /* MakeDetails.swift */ = {isa = PBXFileReference; lastKnownFileType = sourcecode.swift; path = MakeDetails.swift; sourceTree = "<group>"; };
		53BD49872980117C00B1D53B /* APIHandler.swift */ = {isa = PBXFileReference; lastKnownFileType = sourcecode.swift; path = APIHandler.swift; sourceTree = "<group>"; };
		53D0567B29A62CCA0064EDF4 /* MakeupLayerViewController.swift */ = {isa = PBXFileReference; fileEncoding = 4; lastKnownFileType = sourcecode.swift; path = MakeupLayerViewController.swift; sourceTree = "<group>"; };
		6CF42408F60C89C480F7B66D /* Pods_SelfStyloIOSAppTests.framework */ = {isa = PBXFileReference; explicitFileType = wrapper.framework; includeInIndex = 0; path = Pods_SelfStyloIOSAppTests.framework; sourceTree = BUILT_PRODUCTS_DIR; };
		6E11A198EA9A4448BF33D815 /* Pods-SelfStyloIOSAppTests.debug.xcconfig */ = {isa = PBXFileReference; includeInIndex = 1; lastKnownFileType = text.xcconfig; name = "Pods-SelfStyloIOSAppTests.debug.xcconfig"; path = "Target Support Files/Pods-SelfStyloIOSAppTests/Pods-SelfStyloIOSAppTests.debug.xcconfig"; sourceTree = "<group>"; };
		77151C2A2365BE1AF0F2F82F /* Pods-SelfStyloIOSApp.debug.xcconfig */ = {isa = PBXFileReference; includeInIndex = 1; lastKnownFileType = text.xcconfig; name = "Pods-SelfStyloIOSApp.debug.xcconfig"; path = "Target Support Files/Pods-SelfStyloIOSApp/Pods-SelfStyloIOSApp.debug.xcconfig"; sourceTree = "<group>"; };
		8B3449D49070D9A67A447F74 /* Pods_SelfStyloIOSApp.framework */ = {isa = PBXFileReference; explicitFileType = wrapper.framework; includeInIndex = 0; path = Pods_SelfStyloIOSApp.framework; sourceTree = BUILT_PRODUCTS_DIR; };
		900778153A424104DB063FC1 /* Pods-SelfStyloIOSApp-SelfStyloIOSAppUITests.release.xcconfig */ = {isa = PBXFileReference; includeInIndex = 1; lastKnownFileType = text.xcconfig; name = "Pods-SelfStyloIOSApp-SelfStyloIOSAppUITests.release.xcconfig"; path = "Target Support Files/Pods-SelfStyloIOSApp-SelfStyloIOSAppUITests/Pods-SelfStyloIOSApp-SelfStyloIOSAppUITests.release.xcconfig"; sourceTree = "<group>"; };
		9EB8BF4239B689E9F59CB872 /* Pods_SelfStyloIOSApp_SelfStyloIOSAppUITests.framework */ = {isa = PBXFileReference; explicitFileType = wrapper.framework; includeInIndex = 0; path = Pods_SelfStyloIOSApp_SelfStyloIOSAppUITests.framework; sourceTree = BUILT_PRODUCTS_DIR; };
		AE13B891C646CE7E3680395B /* Pods-SelfStyloIOSAppTests.release.xcconfig */ = {isa = PBXFileReference; includeInIndex = 1; lastKnownFileType = text.xcconfig; name = "Pods-SelfStyloIOSAppTests.release.xcconfig"; path = "Target Support Files/Pods-SelfStyloIOSAppTests/Pods-SelfStyloIOSAppTests.release.xcconfig"; sourceTree = "<group>"; };
		AFA7CD046AC803686AF9BE33 /* Pods-SelfStyloIOSApp-SelfStyloIOSAppUITests.debug.xcconfig */ = {isa = PBXFileReference; includeInIndex = 1; lastKnownFileType = text.xcconfig; name = "Pods-SelfStyloIOSApp-SelfStyloIOSAppUITests.debug.xcconfig"; path = "Target Support Files/Pods-SelfStyloIOSApp-SelfStyloIOSAppUITests/Pods-SelfStyloIOSApp-SelfStyloIOSAppUITests.debug.xcconfig"; sourceTree = "<group>"; };
/* End PBXFileReference section */

/* Begin PBXFrameworksBuildPhase section */
		22F858AB295AC6A400A7D86E /* Frameworks */ = {
			isa = PBXFrameworksBuildPhase;
			buildActionMask = 2147483647;
			files = (
				0AC5100ABDFCE02ECB4C9860 /* Pods_SelfStyloIOSApp.framework in Frameworks */,
			);
			runOnlyForDeploymentPostprocessing = 0;
		};
		22F858C1295AC6A600A7D86E /* Frameworks */ = {
			isa = PBXFrameworksBuildPhase;
			buildActionMask = 2147483647;
			files = (
				8748E9F3D8DC157277F122FB /* Pods_SelfStyloIOSAppTests.framework in Frameworks */,
			);
			runOnlyForDeploymentPostprocessing = 0;
		};
		22F858CB295AC6A600A7D86E /* Frameworks */ = {
			isa = PBXFrameworksBuildPhase;
			buildActionMask = 2147483647;
			files = (
				80AD48C7E30C54A7922CAC7A /* Pods_SelfStyloIOSApp_SelfStyloIOSAppUITests.framework in Frameworks */,
			);
			runOnlyForDeploymentPostprocessing = 0;
		};
/* End PBXFrameworksBuildPhase section */

/* Begin PBXGroup section */
		15F1DAE9B6EBF150B8EE14D0 /* Frameworks */ = {
			isa = PBXGroup;
			children = (
				8B3449D49070D9A67A447F74 /* Pods_SelfStyloIOSApp.framework */,
				9EB8BF4239B689E9F59CB872 /* Pods_SelfStyloIOSApp_SelfStyloIOSAppUITests.framework */,
				6CF42408F60C89C480F7B66D /* Pods_SelfStyloIOSAppTests.framework */,
			);
			name = Frameworks;
			sourceTree = "<group>";
		};
		222E1A2729645D9B0094FA0A /* extensions */ = {
			isa = PBXGroup;
			children = (
				222E1A25296457510094FA0A /* Extensions.swift */,
			);
			path = extensions;
			sourceTree = "<group>";
		};
		2287323029795C6000659E80 /* MakeupView */ = {
			isa = PBXGroup;
			children = (
				2212DCF929A8900500018E5D /* FoundationColorViewController.swift */,
				534CAF2529A6316500E64AD1 /* TableViewCell */,
				2287323129795D2100659E80 /* CollectionViewCells */,
				2287323629795FF800659E80 /* MakeupViewController.swift */,
				53D0567B29A62CCA0064EDF4 /* MakeupLayerViewController.swift */,
				22B00B7C297EA0460075FB02 /* EyelinerViewController.swift */,
				228959A0297A58FA008B72CA /* LipstickViewController.swift */,
				22B00B72297E826C0075FB02 /* BlushViewController.swift */,
				22B00B74297E84790075FB02 /* EyeshadowViewController.swift */,
				22B00B76297E8A0D0075FB02 /* FoundationViewController.swift */,
				229DE357297EBC77001235A8 /* EyelinerStyleViewController.swift */,
				227A6E00297FA05600559A3F /* CombosViewController.swift */,
				2273A7722989116A007FE6F3 /* TryOnViewController.swift */,
				5325AF1C298A5291004F385D /* MakeupLoaderViewController.swift */,
				5398872529ADDF8500E65C20 /* CaptureViewController.swift */,
				536AE08329B1CBC6008C7C8F /* FoundationShadesViewController.swift */,
				53675B2529B2024900901979 /* FoundationAnalyzeViewController.swift */,
			);
			path = MakeupView;
			sourceTree = "<group>";
		};
		2287323129795D2100659E80 /* CollectionViewCells */ = {
			isa = PBXGroup;
			children = (
				2287323229795D8100659E80 /* CategoryCollectionViewCell.swift */,
				53289E542993B5490063EB4D /* CategoryCollectionViewCell.xib */,
				228959A2297A5942008B72CA /* ColorCodeCollectionViewCell.swift */,
				2273A77A298932DF007FE6F3 /* ColorCodeCollectionViewCell.xib */,
				228959A6297A626C008B72CA /* ColorNameCollectionViewCell.swift */,
				2273A77C2989367F007FE6F3 /* ColorNameCollectionViewCell.xib */,
				22B00B78297E9EAB0075FB02 /* EyelinerStyleCollectionViewCell.swift */,
				227A6E04297FA2A300559A3F /* CombosCollectionViewCell.swift */,
				2273A77429891618007FE6F3 /* LipstickView.swift */,
				2273A77629891640007FE6F3 /* LipstickView.xib */,
			);
			path = CollectionViewCells;
			sourceTree = "<group>";
		};
		22A477D829654EF900523866 /* SettingsView */ = {
			isa = PBXGroup;
			children = (
				22A477D929654F3600523866 /* SettingsViewController.swift */,
			);
			path = SettingsView;
			sourceTree = "<group>";
		};
		22A477DB296578FC00523866 /* SavePresetView */ = {
			isa = PBXGroup;
			children = (
				22A477DC2965791C00523866 /* SavePresetsViewController.swift */,
			);
			path = SavePresetView;
			sourceTree = "<group>";
		};
		22A477DE2965878600523866 /* DM_Sans */ = {
			isa = PBXGroup;
			children = (
				22A477E02965878600523866 /* DMSans-Medium.ttf */,
				22A477DF2965878600523866 /* DMSans-Regular.ttf */,
				22A477E12965878600523866 /* DMSans-Bold.ttf */,
				22A477E22965878600523866 /* DMSans-BoldItalic.ttf */,
				22A477E32965878600523866 /* OFL.txt */,
				22A477E42965878600523866 /* DMSans-MediumItalic.ttf */,
				22A477E52965878600523866 /* DMSans-Italic.ttf */,
			);
			path = DM_Sans;
			sourceTree = "<group>";
		};
		22A477ED2965A47000523866 /* SignInView */ = {
			isa = PBXGroup;
			children = (
				22E9835D29ACA2C4001AA264 /* Cells */,
				22A477F32965A6DF00523866 /* SignInViewController.swift */,
				22A477FD2965B35D00523866 /* SignInEmailViewController.swift */,
				22AB9F112965B4DA00CB1ECD /* SignInPhoneViewController.swift */,
				224650E52967EB0B00BFC8DD /* SignInOtpViewController.swift */,
				227177842968128300ABEC31 /* SignInProfileViewController.swift */,
				229F7A9129A61F9D0005DDDB /* AppleSignInClient.swift */,
			);
			path = SignInView;
			sourceTree = "<group>";
		};
		22BA3AA22964234E004AD1F3 /* CollectionViewCells */ = {
			isa = PBXGroup;
			children = (
				22BA3A9E29642105004AD1F3 /* FavouriteCollectionViewCell.swift */,
				22BA3A9F29642105004AD1F3 /* FavouriteCollectionViewCell.xib */,
				22BA3AA729642452004AD1F3 /* SavePresetsCollectionViewCell.swift */,
				22BA3AA829642452004AD1F3 /* SavePresetsCollectionViewCell.xib */,
				22BA3AAB29642A36004AD1F3 /* ImageSliderCollectionViewCell.swift */,
				22BA3AAC29642A36004AD1F3 /* ImageSliderCollectionViewCell.xib */,
			);
			path = CollectionViewCells;
			sourceTree = "<group>";
		};
		22C8CA4B295EC1B900336E03 /* EditView */ = {
			isa = PBXGroup;
			children = (
				22C8CA4C295EC1CD00336E03 /* Cells */,
				22C8CA49295EAB5F00336E03 /* EditProfileViewController.swift */,
			);
			path = EditView;
			sourceTree = "<group>";
		};
		22C8CA4C295EC1CD00336E03 /* Cells */ = {
			isa = PBXGroup;
			children = (
				22C8CA4D295EC1FA00336E03 /* SelectPhotoTableViewCell.swift */,
				22C8CA4E295EC1FA00336E03 /* SelectPhotoTableViewCell.xib */,
				22C8CA56295EDA1200336E03 /* SelectFullNameTableViewCell.swift */,
				22C8CA57295EDA1200336E03 /* SelectFullNameTableViewCell.xib */,
				22C8CA5A295F006100336E03 /* SelectEmailTableViewCell.swift */,
				22C8CA5B295F006100336E03 /* SelectEmailTableViewCell.xib */,
				22A4DC57295F03D50064D006 /* SelectPhoneTableViewCell.swift */,
				22A4DC58295F03D50064D006 /* SelectPhoneTableViewCell.xib */,
				22A4DC5B295F08EB0064D006 /* SelectGenderTableViewCell.swift */,
				22A4DC5C295F08EB0064D006 /* SelectGenderTableViewCell.xib */,
				22A4DC5F295F0B1F0064D006 /* CompleteTableViewCell.swift */,
				22A4DC60295F0B1F0064D006 /* CompleteTableViewCell.xib */,
			);
			path = Cells;
			sourceTree = "<group>";
		};
		22C8CA51295ED60500336E03 /* FavouriteView */ = {
			isa = PBXGroup;
			children = (
				22F858E5295B047800A7D86E /* FavouriteViewController.swift */,
				22C115C529962A390060D9E9 /* FavouriteViewCell.swift */,
			);
			path = FavouriteView;
			sourceTree = "<group>";
		};
		22C8CA52295ED63D00336E03 /* HomeView */ = {
			isa = PBXGroup;
			children = (
				22BA3AA22964234E004AD1F3 /* CollectionViewCells */,
				22CD4A082962AAB000000B9F /* TableViewCells */,
				22F858B5295AC6A400A7D86E /* HomeViewController.swift */,
			);
			path = HomeView;
			sourceTree = "<group>";
		};
		22C8CA53295ED65100336E03 /* ProfileView */ = {
			isa = PBXGroup;
			children = (
				22E7AEA0295D9F1A00F95FE0 /* ProfileViewController.swift */,
			);
			path = ProfileView;
			sourceTree = "<group>";
		};
		22C8CA54295ED66F00336E03 /* DialogView */ = {
			isa = PBXGroup;
			children = (
				22E65501299A43940096D050 /* AboutViewController.swift */,
				22E65503299A5CD40096D050 /* PrivacyPolicyViewController.swift */,
				22E222EF299B554F001D554D /* CustomVisualEffectView.swift */,
				22E222F1299B7D2A001D554D /* FAQViewController.swift */,
				22E222F3299B7EE7001D554D /* TermsOfUseViewController.swift */,
			);
			path = DialogView;
			sourceTree = "<group>";
		};
		22C8CA55295ED99900336E03 /* TabView */ = {
			isa = PBXGroup;
			children = (
				22F858E3295B012E00A7D86E /* CustomTabBarControllerViewController.swift */,
				226A3E67296D63BC00990849 /* TryOnTabBarViewController.swift */,
			);
			path = TabView;
			sourceTree = "<group>";
		};
		22CD4A082962AAB000000B9F /* TableViewCells */ = {
			isa = PBXGroup;
			children = (
				228A8E6B2963F0CB004F8208 /* SelectLogoAppTableViewCell.swift */,
				228A8E6C2963F0CB004F8208 /* SelectLogoAppTableViewCell.xib */,
				228A8E6F2963F69B004F8208 /* HomeCardAnnouncementsTableViewCell.swift */,
				228A8E702963F69B004F8208 /* HomeCardAnnouncementsTableViewCell.xib */,
				2202B32F2964013D000CB816 /* HomeCardSelfiecamTableViewCell.swift */,
				2202B3302964013D000CB816 /* HomeCardSelfiecamTableViewCell.xib */,
				2202B3332964122C000CB816 /* FavouriteProductTableViewCell.swift */,
				2202B3342964122C000CB816 /* FavouriteProductTableViewCell.xib */,
				22BA3AA3296423CD004AD1F3 /* SavedPresetsTableViewCell.swift */,
				22BA3AA4296423CD004AD1F3 /* SavedPresetsTableViewCell.xib */,
			);
			path = TableViewCells;
			sourceTree = "<group>";
		};
		22E6FA28298D416B00361954 /* NotificationView */ = {
			isa = PBXGroup;
			children = (
				22E6FA29298D419800361954 /* NotificationViewController.swift */,
			);
			path = NotificationView;
			sourceTree = "<group>";
		};
		22E8E9FA29700B7500E5BE59 /* Api */ = {
			isa = PBXGroup;
			children = (
				22E8E9FB29700B9D00E5BE59 /* IApiCalls.swift */,
				22E8E9FD29700C4300E5BE59 /* ApiUtils.swift */,
				53BD49872980117C00B1D53B /* APIHandler.swift */,
			);
			path = Api;
			sourceTree = "<group>";
		};
		22E8E9FF2970105200E5BE59 /* Dao */ = {
			isa = PBXGroup;
			children = (
				22E8EA012970109400E5BE59 /* FavouriteProductDao.swift */,
				22BB02662971231D00F514B0 /* PatronDao.swift */,
				2289852E2976CEAC002DD2E8 /* BannerDao.swift */,
			);
			path = Dao;
			sourceTree = "<group>";
		};
		22E8EA002970105D00E5BE59 /* Model */ = {
			isa = PBXGroup;
			children = (
				22E8EA032970114200E5BE59 /* FavouriteProducts.swift */,
				22BB026429711E8100F514B0 /* Patron.swift */,
				2289852C2976CDE7002DD2E8 /* Banner.swift */,
				53BD4985298007B200B1D53B /* MakeDetails.swift */,
				534CAF1F29A62E8D00E64AD1 /* EyelinerData.swift */,
				534CAF2029A62E8D00E64AD1 /* EyelinerStyle.swift */,
				531302F829B5BAFA00A35921 /* SkintoneUndertone.swift */,
			);
			path = Model;
			sourceTree = "<group>";
		};
		22E9835D29ACA2C4001AA264 /* Cells */ = {
			isa = PBXGroup;
			children = (
				22E9835E29ACA2C4001AA264 /* SignInGenderTableViewCell.swift */,
				22E9836729ACA2C4001AA264 /* SignInGenderTableViewCell.xib */,
				22E9836129ACA2C4001AA264 /* SignInPhoneTableViewCell.swift */,
				22E9836329ACA2C4001AA264 /* SignInPhoneTableViewCell.xib */,
				22E9836629ACA2C4001AA264 /* SignInFullNameTableViewCell.swift */,
				22E9836029ACA2C4001AA264 /* SignInFullNameTableViewCell.xib */,
				22E9836229ACA2C4001AA264 /* SignInCompleteTableViewCell.swift */,
				22E9836929ACA2C4001AA264 /* SignInCompleteTableViewCell.xib */,
				22E9836429ACA2C4001AA264 /* SignInPhotoTableViewCell.swift */,
				22E9835F29ACA2C4001AA264 /* SignInPhotoTableViewCell.xib */,
				22E9836529ACA2C4001AA264 /* SignInEmailTableViewCell.swift */,
				22E9836829ACA2C4001AA264 /* SignInEmailTableViewCell.xib */,
			);
			path = Cells;
			sourceTree = "<group>";
		};
		22EC1FA42966A5E2000F86EF /* utils */ = {
			isa = PBXGroup;
			children = (
				22EC1FA52966A615000F86EF /* CardView.swift */,
			);
			path = utils;
			sourceTree = "<group>";
		};
		22F858A5295AC6A400A7D86E = {
			isa = PBXGroup;
			children = (
				22F858B0295AC6A400A7D86E /* SelfStyloIOSApp */,
				22F858C7295AC6A600A7D86E /* SelfStyloIOSAppTests */,
				22F858D1295AC6A600A7D86E /* SelfStyloIOSAppUITests */,
				22F858AF295AC6A400A7D86E /* Products */,
				55454C57A99C1490B322FCF0 /* Pods */,
				15F1DAE9B6EBF150B8EE14D0 /* Frameworks */,
			);
			sourceTree = "<group>";
		};
		22F858AF295AC6A400A7D86E /* Products */ = {
			isa = PBXGroup;
			children = (
				22F858AE295AC6A400A7D86E /* SelfStyloIOSApp.app */,
				22F858C4295AC6A600A7D86E /* SelfStyloIOSAppTests.xctest */,
				22F858CE295AC6A600A7D86E /* SelfStyloIOSAppUITests.xctest */,
			);
			name = Products;
			sourceTree = "<group>";
		};
		22F858B0295AC6A400A7D86E /* SelfStyloIOSApp */ = {
			isa = PBXGroup;
			children = (
				220D646729B70CF80022D3FB /* GoogleService-Info.plist */,
				22E6FA28298D416B00361954 /* NotificationView */,
				530278D5297FF8F70037F46E /* WebContoller */,
				2287323029795C6000659E80 /* MakeupView */,
				2289852B2976BDDD002DD2E8 /* SelfStyloIOSApp.entitlements */,
				22E8EA002970105D00E5BE59 /* Model */,
				22E8E9FF2970105200E5BE59 /* Dao */,
				22E8E9FA29700B7500E5BE59 /* Api */,
				22EC1FA42966A5E2000F86EF /* utils */,
				22A477ED2965A47000523866 /* SignInView */,
				22A477DE2965878600523866 /* DM_Sans */,
				22A477DB296578FC00523866 /* SavePresetView */,
				22A477D829654EF900523866 /* SettingsView */,
				222E1A2729645D9B0094FA0A /* extensions */,
				22F858B1295AC6A400A7D86E /* AppDelegate.swift */,
				22C8CA52295ED63D00336E03 /* HomeView */,
				22F858B7295AC6A400A7D86E /* Main.storyboard */,
				22F858BA295AC6A600A7D86E /* Assets.xcassets */,
				22F858BC295AC6A600A7D86E /* LaunchScreen.storyboard */,
				22F858BF295AC6A600A7D86E /* Info.plist */,
				22C8CA55295ED99900336E03 /* TabView */,
				22C8CA51295ED60500336E03 /* FavouriteView */,
				22C8CA54295ED66F00336E03 /* DialogView */,
				22C8CA53295ED65100336E03 /* ProfileView */,
				22C8CA4B295EC1B900336E03 /* EditView */,
				22111AC129630FFB00539540 /* WalkThroughViewController.swift */,
				22A70F5A2994FD4900B4D075 /* Connection.swift */,
			);
			path = SelfStyloIOSApp;
			sourceTree = "<group>";
		};
		22F858C7295AC6A600A7D86E /* SelfStyloIOSAppTests */ = {
			isa = PBXGroup;
			children = (
				22F858C8295AC6A600A7D86E /* SelfStyloIOSAppTests.swift */,
			);
			path = SelfStyloIOSAppTests;
			sourceTree = "<group>";
		};
		22F858D1295AC6A600A7D86E /* SelfStyloIOSAppUITests */ = {
			isa = PBXGroup;
			children = (
				22F858D2295AC6A600A7D86E /* SelfStyloIOSAppUITests.swift */,
				22F858D4295AC6A600A7D86E /* SelfStyloIOSAppUITestsLaunchTests.swift */,
			);
			path = SelfStyloIOSAppUITests;
			sourceTree = "<group>";
		};
		530278D5297FF8F70037F46E /* WebContoller */ = {
			isa = PBXGroup;
			children = (
				531302FA29B6055200A35921 /* indexMain.html */,
				53829453298D2EB4002D7671 /* Js */,
			);
			path = WebContoller;
			sourceTree = "<group>";
		};
		534CAF2529A6316500E64AD1 /* TableViewCell */ = {
			isa = PBXGroup;
			children = (
				534CAF2729A6317D00E64AD1 /* MakeupLayerTableViewCell.swift */,
				534CAF2629A6317D00E64AD1 /* MakeupLayerTableViewCell.xib */,
			);
			path = TableViewCell;
			sourceTree = "<group>";
		};
		55454C57A99C1490B322FCF0 /* Pods */ = {
			isa = PBXGroup;
			children = (
				77151C2A2365BE1AF0F2F82F /* Pods-SelfStyloIOSApp.debug.xcconfig */,
				418746D84A8963A42DA91AAA /* Pods-SelfStyloIOSApp.release.xcconfig */,
				AFA7CD046AC803686AF9BE33 /* Pods-SelfStyloIOSApp-SelfStyloIOSAppUITests.debug.xcconfig */,
				900778153A424104DB063FC1 /* Pods-SelfStyloIOSApp-SelfStyloIOSAppUITests.release.xcconfig */,
				6E11A198EA9A4448BF33D815 /* Pods-SelfStyloIOSAppTests.debug.xcconfig */,
				AE13B891C646CE7E3680395B /* Pods-SelfStyloIOSAppTests.release.xcconfig */,
			);
			path = Pods;
			sourceTree = "<group>";
		};
/* End PBXGroup section */

/* Begin PBXNativeTarget section */
		22F858AD295AC6A400A7D86E /* SelfStyloIOSApp */ = {
			isa = PBXNativeTarget;
			buildConfigurationList = 22F858D8295AC6A600A7D86E /* Build configuration list for PBXNativeTarget "SelfStyloIOSApp" */;
			buildPhases = (
				3E25DC9F7E965DB6B3FAF59B /* [CP] Check Pods Manifest.lock */,
				22F858AA295AC6A400A7D86E /* Sources */,
				22F858AB295AC6A400A7D86E /* Frameworks */,
				22F858AC295AC6A400A7D86E /* Resources */,
				B7DFCF0BCCC20934C4935E59 /* [CP] Embed Pods Frameworks */,
			);
			buildRules = (
			);
			dependencies = (
			);
			name = SelfStyloIOSApp;
			productName = SelfStyloIOSApp;
			productReference = 22F858AE295AC6A400A7D86E /* SelfStyloIOSApp.app */;
			productType = "com.apple.product-type.application";
		};
		22F858C3295AC6A600A7D86E /* SelfStyloIOSAppTests */ = {
			isa = PBXNativeTarget;
			buildConfigurationList = 22F858DB295AC6A600A7D86E /* Build configuration list for PBXNativeTarget "SelfStyloIOSAppTests" */;
			buildPhases = (
				231AA75389A73D94EF4024CB /* [CP] Check Pods Manifest.lock */,
				22F858C0295AC6A600A7D86E /* Sources */,
				22F858C1295AC6A600A7D86E /* Frameworks */,
				22F858C2295AC6A600A7D86E /* Resources */,
			);
			buildRules = (
			);
			dependencies = (
				22F858C6295AC6A600A7D86E /* PBXTargetDependency */,
			);
			name = SelfStyloIOSAppTests;
			productName = SelfStyloIOSAppTests;
			productReference = 22F858C4295AC6A600A7D86E /* SelfStyloIOSAppTests.xctest */;
			productType = "com.apple.product-type.bundle.unit-test";
		};
		22F858CD295AC6A600A7D86E /* SelfStyloIOSAppUITests */ = {
			isa = PBXNativeTarget;
			buildConfigurationList = 22F858DE295AC6A600A7D86E /* Build configuration list for PBXNativeTarget "SelfStyloIOSAppUITests" */;
			buildPhases = (
				8477A2F8C279DC374426E154 /* [CP] Check Pods Manifest.lock */,
				22F858CA295AC6A600A7D86E /* Sources */,
				22F858CB295AC6A600A7D86E /* Frameworks */,
				22F858CC295AC6A600A7D86E /* Resources */,
				5CD136D50142E15DAAFEEA55 /* [CP] Embed Pods Frameworks */,
			);
			buildRules = (
			);
			dependencies = (
				22F858D0295AC6A600A7D86E /* PBXTargetDependency */,
			);
			name = SelfStyloIOSAppUITests;
			productName = SelfStyloIOSAppUITests;
			productReference = 22F858CE295AC6A600A7D86E /* SelfStyloIOSAppUITests.xctest */;
			productType = "com.apple.product-type.bundle.ui-testing";
		};
/* End PBXNativeTarget section */

/* Begin PBXProject section */
		22F858A6295AC6A400A7D86E /* Project object */ = {
			isa = PBXProject;
			attributes = {
				BuildIndependentTargetsInParallel = 1;
				LastSwiftUpdateCheck = 1420;
				LastUpgradeCheck = 1420;
				TargetAttributes = {
					22F858AD295AC6A400A7D86E = {
						CreatedOnToolsVersion = 14.2;
					};
					22F858C3295AC6A600A7D86E = {
						CreatedOnToolsVersion = 14.2;
						TestTargetID = 22F858AD295AC6A400A7D86E;
					};
					22F858CD295AC6A600A7D86E = {
						CreatedOnToolsVersion = 14.2;
						TestTargetID = 22F858AD295AC6A400A7D86E;
					};
				};
			};
			buildConfigurationList = 22F858A9295AC6A400A7D86E /* Build configuration list for PBXProject "SelfStyloIOSApp" */;
			compatibilityVersion = "Xcode 13.0";
			developmentRegion = en;
			hasScannedForEncodings = 0;
			knownRegions = (
				en,
				Base,
			);
			mainGroup = 22F858A5295AC6A400A7D86E;
			productRefGroup = 22F858AF295AC6A400A7D86E /* Products */;
			projectDirPath = "";
			projectRoot = "";
			targets = (
				22F858AD295AC6A400A7D86E /* SelfStyloIOSApp */,
				22F858C3295AC6A600A7D86E /* SelfStyloIOSAppTests */,
				22F858CD295AC6A600A7D86E /* SelfStyloIOSAppUITests */,
			);
		};
/* End PBXProject section */

/* Begin PBXResourcesBuildPhase section */
		22F858AC295AC6A400A7D86E /* Resources */ = {
			isa = PBXResourcesBuildPhase;
			buildActionMask = 2147483647;
			files = (
				22E9836B29ACA2C4001AA264 /* SignInPhotoTableViewCell.xib in Resources */,
				22A4DC62295F0B1F0064D006 /* CompleteTableViewCell.xib in Resources */,
				22C8CA5D295F006100336E03 /* SelectEmailTableViewCell.xib in Resources */,
				22A477E92965878600523866 /* DMSans-BoldItalic.ttf in Resources */,
				22F858BE295AC6A600A7D86E /* LaunchScreen.storyboard in Resources */,
				22E9837429ACA2C4001AA264 /* SignInEmailTableViewCell.xib in Resources */,
				22A477E62965878600523866 /* DMSans-Regular.ttf in Resources */,
				22F858BB295AC6A600A7D86E /* Assets.xcassets in Resources */,
				2273A77D2989367F007FE6F3 /* ColorNameCollectionViewCell.xib in Resources */,
				22BA3AA129642105004AD1F3 /* FavouriteCollectionViewCell.xib in Resources */,
				22BA3AAE29642A36004AD1F3 /* ImageSliderCollectionViewCell.xib in Resources */,
				220D646829B70CF80022D3FB /* GoogleService-Info.plist in Resources */,
				22C8CA59295EDA1200336E03 /* SelectFullNameTableViewCell.xib in Resources */,
				22C8CA50295EC1FA00336E03 /* SelectPhotoTableViewCell.xib in Resources */,
				228A8E722963F69B004F8208 /* HomeCardAnnouncementsTableViewCell.xib in Resources */,
				534CAF2829A6317D00E64AD1 /* MakeupLayerTableViewCell.xib in Resources */,
				2273A77B298932DF007FE6F3 /* ColorCodeCollectionViewCell.xib in Resources */,
				2273A77729891640007FE6F3 /* LipstickView.xib in Resources */,
				22E9837529ACA2C4001AA264 /* SignInCompleteTableViewCell.xib in Resources */,
				22F858B9295AC6A400A7D86E /* Main.storyboard in Resources */,
				22A477EA2965878600523866 /* OFL.txt in Resources */,
				22A477EB2965878600523866 /* DMSans-MediumItalic.ttf in Resources */,
				22A477E82965878600523866 /* DMSans-Bold.ttf in Resources */,
				53829454298D2EB4002D7671 /* Js in Resources */,
				22A4DC5E295F08EB0064D006 /* SelectGenderTableViewCell.xib in Resources */,
				22E9836C29ACA2C4001AA264 /* SignInFullNameTableViewCell.xib in Resources */,
				22BA3AAA29642452004AD1F3 /* SavePresetsCollectionViewCell.xib in Resources */,
				228A8E6E2963F0CB004F8208 /* SelectLogoAppTableViewCell.xib in Resources */,
				22BA3AA6296423CD004AD1F3 /* SavedPresetsTableViewCell.xib in Resources */,
				53289E552993B5490063EB4D /* CategoryCollectionViewCell.xib in Resources */,
				2202B3322964013D000CB816 /* HomeCardSelfiecamTableViewCell.xib in Resources */,
				22A4DC5A295F03D50064D006 /* SelectPhoneTableViewCell.xib in Resources */,
				22E9837329ACA2C4001AA264 /* SignInGenderTableViewCell.xib in Resources */,
				22A477E72965878600523866 /* DMSans-Medium.ttf in Resources */,
				22A477EC2965878600523866 /* DMSans-Italic.ttf in Resources */,
				2202B3362964122C000CB816 /* FavouriteProductTableViewCell.xib in Resources */,
				531302FB29B6055300A35921 /* indexMain.html in Resources */,
				22E9836F29ACA2C4001AA264 /* SignInPhoneTableViewCell.xib in Resources */,
			);
			runOnlyForDeploymentPostprocessing = 0;
		};
		22F858C2295AC6A600A7D86E /* Resources */ = {
			isa = PBXResourcesBuildPhase;
			buildActionMask = 2147483647;
			files = (
			);
			runOnlyForDeploymentPostprocessing = 0;
		};
		22F858CC295AC6A600A7D86E /* Resources */ = {
			isa = PBXResourcesBuildPhase;
			buildActionMask = 2147483647;
			files = (
			);
			runOnlyForDeploymentPostprocessing = 0;
		};
/* End PBXResourcesBuildPhase section */

/* Begin PBXShellScriptBuildPhase section */
		231AA75389A73D94EF4024CB /* [CP] Check Pods Manifest.lock */ = {
			isa = PBXShellScriptBuildPhase;
			buildActionMask = 2147483647;
			files = (
			);
			inputFileListPaths = (
			);
			inputPaths = (
				"${PODS_PODFILE_DIR_PATH}/Podfile.lock",
				"${PODS_ROOT}/Manifest.lock",
			);
			name = "[CP] Check Pods Manifest.lock";
			outputFileListPaths = (
			);
			outputPaths = (
				"$(DERIVED_FILE_DIR)/Pods-SelfStyloIOSAppTests-checkManifestLockResult.txt",
			);
			runOnlyForDeploymentPostprocessing = 0;
			shellPath = /bin/sh;
			shellScript = "diff \"${PODS_PODFILE_DIR_PATH}/Podfile.lock\" \"${PODS_ROOT}/Manifest.lock\" > /dev/null\nif [ $? != 0 ] ; then\n    # print error to STDERR\n    echo \"error: The sandbox is not in sync with the Podfile.lock. Run 'pod install' or update your CocoaPods installation.\" >&2\n    exit 1\nfi\n# This output is used by Xcode 'outputs' to avoid re-running this script phase.\necho \"SUCCESS\" > \"${SCRIPT_OUTPUT_FILE_0}\"\n";
			showEnvVarsInLog = 0;
		};
		3E25DC9F7E965DB6B3FAF59B /* [CP] Check Pods Manifest.lock */ = {
			isa = PBXShellScriptBuildPhase;
			buildActionMask = 2147483647;
			files = (
			);
			inputFileListPaths = (
			);
			inputPaths = (
				"${PODS_PODFILE_DIR_PATH}/Podfile.lock",
				"${PODS_ROOT}/Manifest.lock",
			);
			name = "[CP] Check Pods Manifest.lock";
			outputFileListPaths = (
			);
			outputPaths = (
				"$(DERIVED_FILE_DIR)/Pods-SelfStyloIOSApp-checkManifestLockResult.txt",
			);
			runOnlyForDeploymentPostprocessing = 0;
			shellPath = /bin/sh;
			shellScript = "diff \"${PODS_PODFILE_DIR_PATH}/Podfile.lock\" \"${PODS_ROOT}/Manifest.lock\" > /dev/null\nif [ $? != 0 ] ; then\n    # print error to STDERR\n    echo \"error: The sandbox is not in sync with the Podfile.lock. Run 'pod install' or update your CocoaPods installation.\" >&2\n    exit 1\nfi\n# This output is used by Xcode 'outputs' to avoid re-running this script phase.\necho \"SUCCESS\" > \"${SCRIPT_OUTPUT_FILE_0}\"\n";
			showEnvVarsInLog = 0;
		};
		5CD136D50142E15DAAFEEA55 /* [CP] Embed Pods Frameworks */ = {
			isa = PBXShellScriptBuildPhase;
			buildActionMask = 2147483647;
			files = (
			);
			inputFileListPaths = (
				"${PODS_ROOT}/Target Support Files/Pods-SelfStyloIOSApp-SelfStyloIOSAppUITests/Pods-SelfStyloIOSApp-SelfStyloIOSAppUITests-frameworks-${CONFIGURATION}-input-files.xcfilelist",
			);
			name = "[CP] Embed Pods Frameworks";
			outputFileListPaths = (
				"${PODS_ROOT}/Target Support Files/Pods-SelfStyloIOSApp-SelfStyloIOSAppUITests/Pods-SelfStyloIOSApp-SelfStyloIOSAppUITests-frameworks-${CONFIGURATION}-output-files.xcfilelist",
			);
			runOnlyForDeploymentPostprocessing = 0;
			shellPath = /bin/sh;
			shellScript = "\"${PODS_ROOT}/Target Support Files/Pods-SelfStyloIOSApp-SelfStyloIOSAppUITests/Pods-SelfStyloIOSApp-SelfStyloIOSAppUITests-frameworks.sh\"\n";
			showEnvVarsInLog = 0;
		};
		8477A2F8C279DC374426E154 /* [CP] Check Pods Manifest.lock */ = {
			isa = PBXShellScriptBuildPhase;
			buildActionMask = 2147483647;
			files = (
			);
			inputFileListPaths = (
			);
			inputPaths = (
				"${PODS_PODFILE_DIR_PATH}/Podfile.lock",
				"${PODS_ROOT}/Manifest.lock",
			);
			name = "[CP] Check Pods Manifest.lock";
			outputFileListPaths = (
			);
			outputPaths = (
				"$(DERIVED_FILE_DIR)/Pods-SelfStyloIOSApp-SelfStyloIOSAppUITests-checkManifestLockResult.txt",
			);
			runOnlyForDeploymentPostprocessing = 0;
			shellPath = /bin/sh;
			shellScript = "diff \"${PODS_PODFILE_DIR_PATH}/Podfile.lock\" \"${PODS_ROOT}/Manifest.lock\" > /dev/null\nif [ $? != 0 ] ; then\n    # print error to STDERR\n    echo \"error: The sandbox is not in sync with the Podfile.lock. Run 'pod install' or update your CocoaPods installation.\" >&2\n    exit 1\nfi\n# This output is used by Xcode 'outputs' to avoid re-running this script phase.\necho \"SUCCESS\" > \"${SCRIPT_OUTPUT_FILE_0}\"\n";
			showEnvVarsInLog = 0;
		};
		B7DFCF0BCCC20934C4935E59 /* [CP] Embed Pods Frameworks */ = {
			isa = PBXShellScriptBuildPhase;
			buildActionMask = 2147483647;
			files = (
			);
			inputFileListPaths = (
				"${PODS_ROOT}/Target Support Files/Pods-SelfStyloIOSApp/Pods-SelfStyloIOSApp-frameworks-${CONFIGURATION}-input-files.xcfilelist",
			);
			name = "[CP] Embed Pods Frameworks";
			outputFileListPaths = (
				"${PODS_ROOT}/Target Support Files/Pods-SelfStyloIOSApp/Pods-SelfStyloIOSApp-frameworks-${CONFIGURATION}-output-files.xcfilelist",
			);
			runOnlyForDeploymentPostprocessing = 0;
			shellPath = /bin/sh;
			shellScript = "\"${PODS_ROOT}/Target Support Files/Pods-SelfStyloIOSApp/Pods-SelfStyloIOSApp-frameworks.sh\"\n";
			showEnvVarsInLog = 0;
		};
/* End PBXShellScriptBuildPhase section */

/* Begin PBXSourcesBuildPhase section */
		22F858AA295AC6A400A7D86E /* Sources */ = {
			isa = PBXSourcesBuildPhase;
			buildActionMask = 2147483647;
			files = (
				22A4DC59295F03D50064D006 /* SelectPhoneTableViewCell.swift in Sources */,
				229DE358297EBC77001235A8 /* EyelinerStyleViewController.swift in Sources */,
				222E1A26296457510094FA0A /* Extensions.swift in Sources */,
				2202B3312964013D000CB816 /* HomeCardSelfiecamTableViewCell.swift in Sources */,
				534CAF2929A6317D00E64AD1 /* MakeupLayerTableViewCell.swift in Sources */,
				22BA3AA029642105004AD1F3 /* FavouriteCollectionViewCell.swift in Sources */,
				22A4DC61295F0B1F0064D006 /* CompleteTableViewCell.swift in Sources */,
				2212DCFA29A8900500018E5D /* FoundationColorViewController.swift in Sources */,
				22A477FF2965B35D00523866 /* SignInEmailViewController.swift in Sources */,
				22C115C629962A390060D9E9 /* FavouriteViewCell.swift in Sources */,
				22E9837229ACA2C4001AA264 /* SignInFullNameTableViewCell.swift in Sources */,
				22A70F5B2994FD4900B4D075 /* Connection.swift in Sources */,
				22C8CA58295EDA1200336E03 /* SelectFullNameTableViewCell.swift in Sources */,
				22A477F42965A6DF00523866 /* SignInViewController.swift in Sources */,
				228A8E712963F69B004F8208 /* HomeCardAnnouncementsTableViewCell.swift in Sources */,
				22111AC229630FFB00539540 /* WalkThroughViewController.swift in Sources */,
				22E222F2299B7D2A001D554D /* FAQViewController.swift in Sources */,
				228959A1297A58FA008B72CA /* LipstickViewController.swift in Sources */,
				227A6E05297FA2A300559A3F /* CombosCollectionViewCell.swift in Sources */,
				22C8CA5C295F006100336E03 /* SelectEmailTableViewCell.swift in Sources */,
				22BA3AA929642452004AD1F3 /* SavePresetsCollectionViewCell.swift in Sources */,
				22E9837129ACA2C4001AA264 /* SignInEmailTableViewCell.swift in Sources */,
				22A4DC5D295F08EB0064D006 /* SelectGenderTableViewCell.swift in Sources */,
				22E222F4299B7EE7001D554D /* TermsOfUseViewController.swift in Sources */,
				22F858B6295AC6A400A7D86E /* HomeViewController.swift in Sources */,
				22F858B2295AC6A400A7D86E /* AppDelegate.swift in Sources */,
				22E8E9FC29700B9D00E5BE59 /* IApiCalls.swift in Sources */,
				22E8E9FE29700C4300E5BE59 /* ApiUtils.swift in Sources */,
				534CAF2229A62E8D00E64AD1 /* EyelinerStyle.swift in Sources */,
				226A3E68296D63BC00990849 /* TryOnTabBarViewController.swift in Sources */,
				22E9836E29ACA2C4001AA264 /* SignInCompleteTableViewCell.swift in Sources */,
				22AB9F132965B4DA00CB1ECD /* SignInPhoneViewController.swift in Sources */,
				2287323429795D8100659E80 /* CategoryCollectionViewCell.swift in Sources */,
				22F858E6295B047800A7D86E /* FavouriteViewController.swift in Sources */,
				2273A77529891618007FE6F3 /* LipstickView.swift in Sources */,
				22B00B7A297E9EAB0075FB02 /* EyelinerStyleCollectionViewCell.swift in Sources */,
				53D0567C29A62CCA0064EDF4 /* MakeupLayerViewController.swift in Sources */,
				22E9836A29ACA2C4001AA264 /* SignInGenderTableViewCell.swift in Sources */,
				2289852F2976CEAC002DD2E8 /* BannerDao.swift in Sources */,
				228A8E6D2963F0CB004F8208 /* SelectLogoAppTableViewCell.swift in Sources */,
				22B00B75297E84790075FB02 /* EyeshadowViewController.swift in Sources */,
				22E65502299A43940096D050 /* AboutViewController.swift in Sources */,
				2289852D2976CDE7002DD2E8 /* Banner.swift in Sources */,
				22B00B7D297EA0460075FB02 /* EyelinerViewController.swift in Sources */,
				228959A8297A626C008B72CA /* ColorNameCollectionViewCell.swift in Sources */,
				536AE08429B1CBC6008C7C8F /* FoundationShadesViewController.swift in Sources */,
				224650E62967EB0B00BFC8DD /* SignInOtpViewController.swift in Sources */,
				22A477DD2965791C00523866 /* SavePresetsViewController.swift in Sources */,
				22E9837029ACA2C4001AA264 /* SignInPhotoTableViewCell.swift in Sources */,
				2287323729795FF800659E80 /* MakeupViewController.swift in Sources */,
				22BA3AAD29642A36004AD1F3 /* ImageSliderCollectionViewCell.swift in Sources */,
				227177852968128300ABEC31 /* SignInProfileViewController.swift in Sources */,
				22E7AEA1295D9F1A00F95FE0 /* ProfileViewController.swift in Sources */,
				22B00B77297E8A0D0075FB02 /* FoundationViewController.swift in Sources */,
				534CAF2129A62E8D00E64AD1 /* EyelinerData.swift in Sources */,
				2273A7732989116A007FE6F3 /* TryOnViewController.swift in Sources */,
				22F858E4295B012E00A7D86E /* CustomTabBarControllerViewController.swift in Sources */,
				22B00B73297E826C0075FB02 /* BlushViewController.swift in Sources */,
				53675B2629B2024900901979 /* FoundationAnalyzeViewController.swift in Sources */,
				53BD4986298007B200B1D53B /* MakeDetails.swift in Sources */,
				22BB026529711E8100F514B0 /* Patron.swift in Sources */,
				22C8CA4F295EC1FA00336E03 /* SelectPhotoTableViewCell.swift in Sources */,
				531302F929B5BAFA00A35921 /* SkintoneUndertone.swift in Sources */,
				22BA3AA5296423CD004AD1F3 /* SavedPresetsTableViewCell.swift in Sources */,
				53BD49882980117C00B1D53B /* APIHandler.swift in Sources */,
				22C8CA4A295EAB5F00336E03 /* EditProfileViewController.swift in Sources */,
				22E8EA022970109400E5BE59 /* FavouriteProductDao.swift in Sources */,
				22E9836D29ACA2C4001AA264 /* SignInPhoneTableViewCell.swift in Sources */,
				22E6FA2A298D419800361954 /* NotificationViewController.swift in Sources */,
				22BB02672971231D00F514B0 /* PatronDao.swift in Sources */,
				22E8EA042970114200E5BE59 /* FavouriteProducts.swift in Sources */,
				2202B3352964122C000CB816 /* FavouriteProductTableViewCell.swift in Sources */,
				228959A4297A5942008B72CA /* ColorCodeCollectionViewCell.swift in Sources */,
				5325AF1D298A5291004F385D /* MakeupLoaderViewController.swift in Sources */,
				229F7A9229A61F9D0005DDDB /* AppleSignInClient.swift in Sources */,
				227A6E01297FA05600559A3F /* CombosViewController.swift in Sources */,
				5398872629ADDF8500E65C20 /* CaptureViewController.swift in Sources */,
				22E222F0299B554F001D554D /* CustomVisualEffectView.swift in Sources */,
				22EC1FA62966A615000F86EF /* CardView.swift in Sources */,
				22E65504299A5CD40096D050 /* PrivacyPolicyViewController.swift in Sources */,
				22A477DA29654F3600523866 /* SettingsViewController.swift in Sources */,
			);
			runOnlyForDeploymentPostprocessing = 0;
		};
		22F858C0295AC6A600A7D86E /* Sources */ = {
			isa = PBXSourcesBuildPhase;
			buildActionMask = 2147483647;
			files = (
				22F858C9295AC6A600A7D86E /* SelfStyloIOSAppTests.swift in Sources */,
			);
			runOnlyForDeploymentPostprocessing = 0;
		};
		22F858CA295AC6A600A7D86E /* Sources */ = {
			isa = PBXSourcesBuildPhase;
			buildActionMask = 2147483647;
			files = (
				22F858D5295AC6A600A7D86E /* SelfStyloIOSAppUITestsLaunchTests.swift in Sources */,
				22F858D3295AC6A600A7D86E /* SelfStyloIOSAppUITests.swift in Sources */,
			);
			runOnlyForDeploymentPostprocessing = 0;
		};
/* End PBXSourcesBuildPhase section */

/* Begin PBXTargetDependency section */
		22F858C6295AC6A600A7D86E /* PBXTargetDependency */ = {
			isa = PBXTargetDependency;
			target = 22F858AD295AC6A400A7D86E /* SelfStyloIOSApp */;
			targetProxy = 22F858C5295AC6A600A7D86E /* PBXContainerItemProxy */;
		};
		22F858D0295AC6A600A7D86E /* PBXTargetDependency */ = {
			isa = PBXTargetDependency;
			target = 22F858AD295AC6A400A7D86E /* SelfStyloIOSApp */;
			targetProxy = 22F858CF295AC6A600A7D86E /* PBXContainerItemProxy */;
		};
/* End PBXTargetDependency section */

/* Begin PBXVariantGroup section */
		22F858B7295AC6A400A7D86E /* Main.storyboard */ = {
			isa = PBXVariantGroup;
			children = (
				22F858B8295AC6A400A7D86E /* Base */,
			);
			name = Main.storyboard;
			sourceTree = "<group>";
		};
		22F858BC295AC6A600A7D86E /* LaunchScreen.storyboard */ = {
			isa = PBXVariantGroup;
			children = (
				22F858BD295AC6A600A7D86E /* Base */,
			);
			name = LaunchScreen.storyboard;
			sourceTree = "<group>";
		};
/* End PBXVariantGroup section */

/* Begin XCBuildConfiguration section */
		22F858D6295AC6A600A7D86E /* Debug */ = {
			isa = XCBuildConfiguration;
			buildSettings = {
				ALWAYS_SEARCH_USER_PATHS = NO;
				CLANG_ANALYZER_NONNULL = YES;
				CLANG_ANALYZER_NUMBER_OBJECT_CONVERSION = YES_AGGRESSIVE;
				CLANG_CXX_LANGUAGE_STANDARD = "gnu++20";
				CLANG_ENABLE_MODULES = YES;
				CLANG_ENABLE_OBJC_ARC = YES;
				CLANG_ENABLE_OBJC_WEAK = YES;
				CLANG_WARN_BLOCK_CAPTURE_AUTORELEASING = YES;
				CLANG_WARN_BOOL_CONVERSION = YES;
				CLANG_WARN_COMMA = YES;
				CLANG_WARN_CONSTANT_CONVERSION = YES;
				CLANG_WARN_DEPRECATED_OBJC_IMPLEMENTATIONS = YES;
				CLANG_WARN_DIRECT_OBJC_ISA_USAGE = YES_ERROR;
				CLANG_WARN_DOCUMENTATION_COMMENTS = YES;
				CLANG_WARN_EMPTY_BODY = YES;
				CLANG_WARN_ENUM_CONVERSION = YES;
				CLANG_WARN_INFINITE_RECURSION = YES;
				CLANG_WARN_INT_CONVERSION = YES;
				CLANG_WARN_NON_LITERAL_NULL_CONVERSION = YES;
				CLANG_WARN_OBJC_IMPLICIT_RETAIN_SELF = YES;
				CLANG_WARN_OBJC_LITERAL_CONVERSION = YES;
				CLANG_WARN_OBJC_ROOT_CLASS = YES_ERROR;
				CLANG_WARN_QUOTED_INCLUDE_IN_FRAMEWORK_HEADER = YES;
				CLANG_WARN_RANGE_LOOP_ANALYSIS = YES;
				CLANG_WARN_STRICT_PROTOTYPES = YES;
				CLANG_WARN_SUSPICIOUS_MOVE = YES;
				CLANG_WARN_UNGUARDED_AVAILABILITY = YES_AGGRESSIVE;
				CLANG_WARN_UNREACHABLE_CODE = YES;
				CLANG_WARN__DUPLICATE_METHOD_MATCH = YES;
				COPY_PHASE_STRIP = NO;
				DEBUG_INFORMATION_FORMAT = dwarf;
				ENABLE_STRICT_OBJC_MSGSEND = YES;
				ENABLE_TESTABILITY = YES;
				GCC_C_LANGUAGE_STANDARD = gnu11;
				GCC_DYNAMIC_NO_PIC = NO;
				GCC_NO_COMMON_BLOCKS = YES;
				GCC_OPTIMIZATION_LEVEL = 0;
				GCC_PREPROCESSOR_DEFINITIONS = (
					"DEBUG=1",
					"$(inherited)",
				);
				GCC_WARN_64_TO_32_BIT_CONVERSION = YES;
				GCC_WARN_ABOUT_RETURN_TYPE = YES_ERROR;
				GCC_WARN_UNDECLARED_SELECTOR = YES;
				GCC_WARN_UNINITIALIZED_AUTOS = YES_AGGRESSIVE;
				GCC_WARN_UNUSED_FUNCTION = YES;
				GCC_WARN_UNUSED_VARIABLE = YES;
				IPHONEOS_DEPLOYMENT_TARGET = 16.2;
				MTL_ENABLE_DEBUG_INFO = INCLUDE_SOURCE;
				MTL_FAST_MATH = YES;
				ONLY_ACTIVE_ARCH = YES;
				SDKROOT = iphoneos;
				SWIFT_ACTIVE_COMPILATION_CONDITIONS = DEBUG;
				SWIFT_OPTIMIZATION_LEVEL = "-Onone";
			};
			name = Debug;
		};
		22F858D7295AC6A600A7D86E /* Release */ = {
			isa = XCBuildConfiguration;
			buildSettings = {
				ALWAYS_SEARCH_USER_PATHS = NO;
				CLANG_ANALYZER_NONNULL = YES;
				CLANG_ANALYZER_NUMBER_OBJECT_CONVERSION = YES_AGGRESSIVE;
				CLANG_CXX_LANGUAGE_STANDARD = "gnu++20";
				CLANG_ENABLE_MODULES = YES;
				CLANG_ENABLE_OBJC_ARC = YES;
				CLANG_ENABLE_OBJC_WEAK = YES;
				CLANG_WARN_BLOCK_CAPTURE_AUTORELEASING = YES;
				CLANG_WARN_BOOL_CONVERSION = YES;
				CLANG_WARN_COMMA = YES;
				CLANG_WARN_CONSTANT_CONVERSION = YES;
				CLANG_WARN_DEPRECATED_OBJC_IMPLEMENTATIONS = YES;
				CLANG_WARN_DIRECT_OBJC_ISA_USAGE = YES_ERROR;
				CLANG_WARN_DOCUMENTATION_COMMENTS = YES;
				CLANG_WARN_EMPTY_BODY = YES;
				CLANG_WARN_ENUM_CONVERSION = YES;
				CLANG_WARN_INFINITE_RECURSION = YES;
				CLANG_WARN_INT_CONVERSION = YES;
				CLANG_WARN_NON_LITERAL_NULL_CONVERSION = YES;
				CLANG_WARN_OBJC_IMPLICIT_RETAIN_SELF = YES;
				CLANG_WARN_OBJC_LITERAL_CONVERSION = YES;
				CLANG_WARN_OBJC_ROOT_CLASS = YES_ERROR;
				CLANG_WARN_QUOTED_INCLUDE_IN_FRAMEWORK_HEADER = YES;
				CLANG_WARN_RANGE_LOOP_ANALYSIS = YES;
				CLANG_WARN_STRICT_PROTOTYPES = YES;
				CLANG_WARN_SUSPICIOUS_MOVE = YES;
				CLANG_WARN_UNGUARDED_AVAILABILITY = YES_AGGRESSIVE;
				CLANG_WARN_UNREACHABLE_CODE = YES;
				CLANG_WARN__DUPLICATE_METHOD_MATCH = YES;
				COPY_PHASE_STRIP = NO;
				DEBUG_INFORMATION_FORMAT = "dwarf-with-dsym";
				ENABLE_NS_ASSERTIONS = NO;
				ENABLE_STRICT_OBJC_MSGSEND = YES;
				GCC_C_LANGUAGE_STANDARD = gnu11;
				GCC_NO_COMMON_BLOCKS = YES;
				GCC_WARN_64_TO_32_BIT_CONVERSION = YES;
				GCC_WARN_ABOUT_RETURN_TYPE = YES_ERROR;
				GCC_WARN_UNDECLARED_SELECTOR = YES;
				GCC_WARN_UNINITIALIZED_AUTOS = YES_AGGRESSIVE;
				GCC_WARN_UNUSED_FUNCTION = YES;
				GCC_WARN_UNUSED_VARIABLE = YES;
				IPHONEOS_DEPLOYMENT_TARGET = 16.2;
				MTL_ENABLE_DEBUG_INFO = NO;
				MTL_FAST_MATH = YES;
				SDKROOT = iphoneos;
				SWIFT_COMPILATION_MODE = wholemodule;
				SWIFT_OPTIMIZATION_LEVEL = "-O";
				VALIDATE_PRODUCT = YES;
			};
			name = Release;
		};
		22F858D9295AC6A600A7D86E /* Debug */ = {
			isa = XCBuildConfiguration;
			baseConfigurationReference = 77151C2A2365BE1AF0F2F82F /* Pods-SelfStyloIOSApp.debug.xcconfig */;
			buildSettings = {
				ASSETCATALOG_COMPILER_APPICON_NAME = AppIcon;
				ASSETCATALOG_COMPILER_GLOBAL_ACCENT_COLOR_NAME = AccentColor;
				CODE_SIGN_ENTITLEMENTS = SelfStyloIOSApp/SelfStyloIOSApp.entitlements;
				CODE_SIGN_IDENTITY = "Apple Development";
				CODE_SIGN_STYLE = Automatic;
				CURRENT_PROJECT_VERSION = 1;
				DEVELOPMENT_TEAM = 5SUP3JL947;
				GENERATE_INFOPLIST_FILE = YES;
				INFOPLIST_FILE = SelfStyloIOSApp/Info.plist;
				INFOPLIST_KEY_NSCameraUsageDescription = "This app needs camera permision for makeup try-on";
				INFOPLIST_KEY_NSPhotoLibraryUsageDescription = "To save photo";
				INFOPLIST_KEY_UIApplicationSupportsIndirectInputEvents = YES;
				INFOPLIST_KEY_UILaunchStoryboardName = LaunchScreen.storyboard;
				INFOPLIST_KEY_UIMainStoryboardFile = Main;
				INFOPLIST_KEY_UIRequiresFullScreen = YES;
				INFOPLIST_KEY_UIStatusBarStyle = "";
				INFOPLIST_KEY_UISupportedInterfaceOrientations = "UIInterfaceOrientationPortrait UIInterfaceOrientationPortraitUpsideDown";
				INFOPLIST_KEY_UISupportedInterfaceOrientations_iPad = "UIInterfaceOrientationLandscapeLeft UIInterfaceOrientationLandscapeRight UIInterfaceOrientationPortrait UIInterfaceOrientationPortraitUpsideDown";
				IPHONEOS_DEPLOYMENT_TARGET = 15.1;
				LD_RUNPATH_SEARCH_PATHS = (
					"$(inherited)",
					"@executable_path/Frameworks",
				);
				MARKETING_VERSION = 1.0;
				NEW_SETTING = "";
				PRODUCT_BUNDLE_IDENTIFIER = com.inferenz.SelfStyloApp;
				PRODUCT_NAME = "$(TARGET_NAME)";
				PROVISIONING_PROFILE_SPECIFIER = "";
				SWIFT_EMIT_LOC_STRINGS = YES;
				SWIFT_VERSION = 5.0;
				TARGETED_DEVICE_FAMILY = "1,2";
			};
			name = Debug;
		};
		22F858DA295AC6A600A7D86E /* Release */ = {
			isa = XCBuildConfiguration;
			baseConfigurationReference = 418746D84A8963A42DA91AAA /* Pods-SelfStyloIOSApp.release.xcconfig */;
			buildSettings = {
				ASSETCATALOG_COMPILER_APPICON_NAME = AppIcon;
				ASSETCATALOG_COMPILER_GLOBAL_ACCENT_COLOR_NAME = AccentColor;
				CODE_SIGN_ENTITLEMENTS = SelfStyloIOSApp/SelfStyloIOSApp.entitlements;
				CODE_SIGN_IDENTITY = "Apple Development";
				CODE_SIGN_STYLE = Automatic;
				CURRENT_PROJECT_VERSION = 1;
				DEVELOPMENT_TEAM = 5SUP3JL947;
				GENERATE_INFOPLIST_FILE = YES;
				INFOPLIST_FILE = SelfStyloIOSApp/Info.plist;
				INFOPLIST_KEY_NSCameraUsageDescription = "This app needs camera permision for makeup try-on";
				INFOPLIST_KEY_NSPhotoLibraryUsageDescription = "To save photo";
				INFOPLIST_KEY_UIApplicationSupportsIndirectInputEvents = YES;
				INFOPLIST_KEY_UILaunchStoryboardName = LaunchScreen.storyboard;
				INFOPLIST_KEY_UIMainStoryboardFile = Main;
				INFOPLIST_KEY_UIRequiresFullScreen = YES;
				INFOPLIST_KEY_UIStatusBarStyle = "";
				INFOPLIST_KEY_UISupportedInterfaceOrientations = "UIInterfaceOrientationPortrait UIInterfaceOrientationPortraitUpsideDown";
				INFOPLIST_KEY_UISupportedInterfaceOrientations_iPad = "UIInterfaceOrientationLandscapeLeft UIInterfaceOrientationLandscapeRight UIInterfaceOrientationPortrait UIInterfaceOrientationPortraitUpsideDown";
				IPHONEOS_DEPLOYMENT_TARGET = 15.1;
				LD_RUNPATH_SEARCH_PATHS = (
					"$(inherited)",
					"@executable_path/Frameworks",
				);
				MARKETING_VERSION = 1.0;
				NEW_SETTING = "";
				PRODUCT_BUNDLE_IDENTIFIER = com.inferenz.SelfStyloApp;
				PRODUCT_NAME = "$(TARGET_NAME)";
				PROVISIONING_PROFILE_SPECIFIER = "";
				SWIFT_EMIT_LOC_STRINGS = YES;
				SWIFT_VERSION = 5.0;
				TARGETED_DEVICE_FAMILY = "1,2";
			};
			name = Release;
		};
		22F858DC295AC6A600A7D86E /* Debug */ = {
			isa = XCBuildConfiguration;
			baseConfigurationReference = 6E11A198EA9A4448BF33D815 /* Pods-SelfStyloIOSAppTests.debug.xcconfig */;
			buildSettings = {
				ALWAYS_EMBED_SWIFT_STANDARD_LIBRARIES = YES;
				BUNDLE_LOADER = "$(TEST_HOST)";
				CODE_SIGN_STYLE = Automatic;
				CURRENT_PROJECT_VERSION = 1;
				GENERATE_INFOPLIST_FILE = YES;
				IPHONEOS_DEPLOYMENT_TARGET = 16.2;
				MARKETING_VERSION = 1.0;
				PRODUCT_BUNDLE_IDENTIFIER = com.inferenz.SelfStyloIOSAppTests;
				PRODUCT_NAME = "$(TARGET_NAME)";
				SWIFT_EMIT_LOC_STRINGS = NO;
				SWIFT_VERSION = 5.0;
				TARGETED_DEVICE_FAMILY = "1,2";
				TEST_HOST = "$(BUILT_PRODUCTS_DIR)/SelfStyloIOSApp.app/$(BUNDLE_EXECUTABLE_FOLDER_PATH)/SelfStyloIOSApp";
			};
			name = Debug;
		};
		22F858DD295AC6A600A7D86E /* Release */ = {
			isa = XCBuildConfiguration;
			baseConfigurationReference = AE13B891C646CE7E3680395B /* Pods-SelfStyloIOSAppTests.release.xcconfig */;
			buildSettings = {
				ALWAYS_EMBED_SWIFT_STANDARD_LIBRARIES = YES;
				BUNDLE_LOADER = "$(TEST_HOST)";
				CODE_SIGN_STYLE = Automatic;
				CURRENT_PROJECT_VERSION = 1;
				GENERATE_INFOPLIST_FILE = YES;
				IPHONEOS_DEPLOYMENT_TARGET = 16.2;
				MARKETING_VERSION = 1.0;
				PRODUCT_BUNDLE_IDENTIFIER = com.inferenz.SelfStyloIOSAppTests;
				PRODUCT_NAME = "$(TARGET_NAME)";
				SWIFT_EMIT_LOC_STRINGS = NO;
				SWIFT_VERSION = 5.0;
				TARGETED_DEVICE_FAMILY = "1,2";
				TEST_HOST = "$(BUILT_PRODUCTS_DIR)/SelfStyloIOSApp.app/$(BUNDLE_EXECUTABLE_FOLDER_PATH)/SelfStyloIOSApp";
			};
			name = Release;
		};
		22F858DF295AC6A600A7D86E /* Debug */ = {
			isa = XCBuildConfiguration;
			baseConfigurationReference = AFA7CD046AC803686AF9BE33 /* Pods-SelfStyloIOSApp-SelfStyloIOSAppUITests.debug.xcconfig */;
			buildSettings = {
				ALWAYS_EMBED_SWIFT_STANDARD_LIBRARIES = YES;
				CODE_SIGN_STYLE = Automatic;
				CURRENT_PROJECT_VERSION = 1;
				GENERATE_INFOPLIST_FILE = YES;
				MARKETING_VERSION = 1.0;
				PRODUCT_BUNDLE_IDENTIFIER = com.inferenz.SelfStyloIOSAppUITests;
				PRODUCT_NAME = "$(TARGET_NAME)";
				SWIFT_EMIT_LOC_STRINGS = NO;
				SWIFT_VERSION = 5.0;
				TARGETED_DEVICE_FAMILY = "1,2";
				TEST_TARGET_NAME = SelfStyloIOSApp;
			};
			name = Debug;
		};
		22F858E0295AC6A600A7D86E /* Release */ = {
			isa = XCBuildConfiguration;
			baseConfigurationReference = 900778153A424104DB063FC1 /* Pods-SelfStyloIOSApp-SelfStyloIOSAppUITests.release.xcconfig */;
			buildSettings = {
				ALWAYS_EMBED_SWIFT_STANDARD_LIBRARIES = YES;
				CODE_SIGN_STYLE = Automatic;
				CURRENT_PROJECT_VERSION = 1;
				GENERATE_INFOPLIST_FILE = YES;
				MARKETING_VERSION = 1.0;
				PRODUCT_BUNDLE_IDENTIFIER = com.inferenz.SelfStyloIOSAppUITests;
				PRODUCT_NAME = "$(TARGET_NAME)";
				SWIFT_EMIT_LOC_STRINGS = NO;
				SWIFT_VERSION = 5.0;
				TARGETED_DEVICE_FAMILY = "1,2";
				TEST_TARGET_NAME = SelfStyloIOSApp;
			};
			name = Release;
		};
/* End XCBuildConfiguration section */

/* Begin XCConfigurationList section */
		22F858A9295AC6A400A7D86E /* Build configuration list for PBXProject "SelfStyloIOSApp" */ = {
			isa = XCConfigurationList;
			buildConfigurations = (
				22F858D6295AC6A600A7D86E /* Debug */,
				22F858D7295AC6A600A7D86E /* Release */,
			);
			defaultConfigurationIsVisible = 0;
			defaultConfigurationName = Release;
		};
		22F858D8295AC6A600A7D86E /* Build configuration list for PBXNativeTarget "SelfStyloIOSApp" */ = {
			isa = XCConfigurationList;
			buildConfigurations = (
				22F858D9295AC6A600A7D86E /* Debug */,
				22F858DA295AC6A600A7D86E /* Release */,
			);
			defaultConfigurationIsVisible = 0;
			defaultConfigurationName = Release;
		};
		22F858DB295AC6A600A7D86E /* Build configuration list for PBXNativeTarget "SelfStyloIOSAppTests" */ = {
			isa = XCConfigurationList;
			buildConfigurations = (
				22F858DC295AC6A600A7D86E /* Debug */,
				22F858DD295AC6A600A7D86E /* Release */,
			);
			defaultConfigurationIsVisible = 0;
			defaultConfigurationName = Release;
		};
		22F858DE295AC6A600A7D86E /* Build configuration list for PBXNativeTarget "SelfStyloIOSAppUITests" */ = {
			isa = XCConfigurationList;
			buildConfigurations = (
				22F858DF295AC6A600A7D86E /* Debug */,
				22F858E0295AC6A600A7D86E /* Release */,
			);
			defaultConfigurationIsVisible = 0;
			defaultConfigurationName = Release;
		};
/* End XCConfigurationList section */
	};
	rootObject = 22F858A6295AC6A400A7D86E /* Project object */;
}
