// !$*UTF8*$!
{
	archiveVersion = 1;
	classes = {
	};
	objectVersion = 56;
	objects = {

/* Begin PBXBuildFile section */
		2202B3312964013D000CB816 /* HomeCardSelfiecamTableViewCell.swift in Sources */ = {isa = PBXBuildFile; fileRef = 2202B32F2964013D000CB816 /* HomeCardSelfiecamTableViewCell.swift */; };
		2202B3322964013D000CB816 /* HomeCardSelfiecamTableViewCell.xib in Resources */ = {isa = PBXBuildFile; fileRef = 2202B3302964013D000CB816 /* HomeCardSelfiecamTableViewCell.xib */; };
		2202B3352964122C000CB816 /* FavouriteProductTableViewCell.swift in Sources */ = {isa = PBXBuildFile; fileRef = 2202B3332964122C000CB816 /* FavouriteProductTableViewCell.swift */; };
		2202B3362964122C000CB816 /* FavouriteProductTableViewCell.xib in Resources */ = {isa = PBXBuildFile; fileRef = 2202B3342964122C000CB816 /* FavouriteProductTableViewCell.xib */; };
		22111AC229630FFB00539540 /* WalkThroughViewController.swift in Sources */ = {isa = PBXBuildFile; fileRef = 22111AC129630FFB00539540 /* WalkThroughViewController.swift */; };
		222E1A26296457510094FA0A /* Extensions.swift in Sources */ = {isa = PBXBuildFile; fileRef = 222E1A25296457510094FA0A /* Extensions.swift */; };
		2235F36C295C6D5E0008D3FB /* DialogTryOnSelectionViewController.swift in Sources */ = {isa = PBXBuildFile; fileRef = 2235F36B295C6D5E0008D3FB /* DialogTryOnSelectionViewController.swift */; };
		224650E62967EB0B00BFC8DD /* SignInOtpViewController.swift in Sources */ = {isa = PBXBuildFile; fileRef = 224650E52967EB0B00BFC8DD /* SignInOtpViewController.swift */; };
		226A3E68296D63BC00990849 /* TryOnTabBarViewController.swift in Sources */ = {isa = PBXBuildFile; fileRef = 226A3E67296D63BC00990849 /* TryOnTabBarViewController.swift */; };
		227177852968128300ABEC31 /* SignInProfileViewController.swift in Sources */ = {isa = PBXBuildFile; fileRef = 227177842968128300ABEC31 /* SignInProfileViewController.swift */; };
		227177892968138E00ABEC31 /* SignInPhotoTableViewCell.swift in Sources */ = {isa = PBXBuildFile; fileRef = 227177872968138E00ABEC31 /* SignInPhotoTableViewCell.swift */; };
		2271778A2968138E00ABEC31 /* SignInPhotoTableViewCell.xib in Resources */ = {isa = PBXBuildFile; fileRef = 227177882968138E00ABEC31 /* SignInPhotoTableViewCell.xib */; };
		2271778D2968141C00ABEC31 /* SignInFullNameTableViewCell.swift in Sources */ = {isa = PBXBuildFile; fileRef = 2271778B2968141C00ABEC31 /* SignInFullNameTableViewCell.swift */; };
		2271778E2968141C00ABEC31 /* SignInFullNameTableViewCell.xib in Resources */ = {isa = PBXBuildFile; fileRef = 2271778C2968141C00ABEC31 /* SignInFullNameTableViewCell.xib */; };
		22717791296814A500ABEC31 /* SignInEmailTableViewCell.swift in Sources */ = {isa = PBXBuildFile; fileRef = 2271778F296814A500ABEC31 /* SignInEmailTableViewCell.swift */; };
		22717792296814A500ABEC31 /* SignInEmailTableViewCell.xib in Resources */ = {isa = PBXBuildFile; fileRef = 22717790296814A500ABEC31 /* SignInEmailTableViewCell.xib */; };
		227177952968157F00ABEC31 /* SignInPhoneTableViewCell.swift in Sources */ = {isa = PBXBuildFile; fileRef = 227177932968157F00ABEC31 /* SignInPhoneTableViewCell.swift */; };
		227177962968157F00ABEC31 /* SignInPhoneTableViewCell.xib in Resources */ = {isa = PBXBuildFile; fileRef = 227177942968157F00ABEC31 /* SignInPhoneTableViewCell.xib */; };
		227177992968162E00ABEC31 /* SignInGenderTableViewCell.swift in Sources */ = {isa = PBXBuildFile; fileRef = 227177972968162E00ABEC31 /* SignInGenderTableViewCell.swift */; };
		2271779A2968162E00ABEC31 /* SignInGenderTableViewCell.xib in Resources */ = {isa = PBXBuildFile; fileRef = 227177982968162E00ABEC31 /* SignInGenderTableViewCell.xib */; };
		2271779D296816BB00ABEC31 /* SignInCompleteTableViewCell.swift in Sources */ = {isa = PBXBuildFile; fileRef = 2271779B296816BB00ABEC31 /* SignInCompleteTableViewCell.swift */; };
		2271779E296816BB00ABEC31 /* SignInCompleteTableViewCell.xib in Resources */ = {isa = PBXBuildFile; fileRef = 2271779C296816BB00ABEC31 /* SignInCompleteTableViewCell.xib */; };
		2278EEA9295D5AED00D1C703 /* DialogSelfieCamSelectionViewController.swift in Sources */ = {isa = PBXBuildFile; fileRef = 2278EEA8295D5AED00D1C703 /* DialogSelfieCamSelectionViewController.swift */; };
		2289852A297682AC002DD2E8 /* GoogleService-Info.plist in Resources */ = {isa = PBXBuildFile; fileRef = 22898529297682AC002DD2E8 /* GoogleService-Info.plist */; };
		2289852D2976CDE7002DD2E8 /* Banner.swift in Sources */ = {isa = PBXBuildFile; fileRef = 2289852C2976CDE7002DD2E8 /* Banner.swift */; };
		2289852F2976CEAC002DD2E8 /* BannerDao.swift in Sources */ = {isa = PBXBuildFile; fileRef = 2289852E2976CEAC002DD2E8 /* BannerDao.swift */; };
		228A8E6D2963F0CB004F8208 /* SelectLogoAppTableViewCell.swift in Sources */ = {isa = PBXBuildFile; fileRef = 228A8E6B2963F0CB004F8208 /* SelectLogoAppTableViewCell.swift */; };
		228A8E6E2963F0CB004F8208 /* SelectLogoAppTableViewCell.xib in Resources */ = {isa = PBXBuildFile; fileRef = 228A8E6C2963F0CB004F8208 /* SelectLogoAppTableViewCell.xib */; };
		228A8E712963F69B004F8208 /* HomeCardAnnouncementsTableViewCell.swift in Sources */ = {isa = PBXBuildFile; fileRef = 228A8E6F2963F69B004F8208 /* HomeCardAnnouncementsTableViewCell.swift */; };
		228A8E722963F69B004F8208 /* HomeCardAnnouncementsTableViewCell.xib in Resources */ = {isa = PBXBuildFile; fileRef = 228A8E702963F69B004F8208 /* HomeCardAnnouncementsTableViewCell.xib */; };
		22A477DA29654F3600523866 /* SettingsViewController.swift in Sources */ = {isa = PBXBuildFile; fileRef = 22A477D929654F3600523866 /* SettingsViewController.swift */; };
		22A477DD2965791C00523866 /* SavePresetsViewController.swift in Sources */ = {isa = PBXBuildFile; fileRef = 22A477DC2965791C00523866 /* SavePresetsViewController.swift */; };
		22A477E62965878600523866 /* DMSans-Regular.ttf in Resources */ = {isa = PBXBuildFile; fileRef = 22A477DF2965878600523866 /* DMSans-Regular.ttf */; };
		22A477E72965878600523866 /* DMSans-Medium.ttf in Resources */ = {isa = PBXBuildFile; fileRef = 22A477E02965878600523866 /* DMSans-Medium.ttf */; };
		22A477E82965878600523866 /* DMSans-Bold.ttf in Resources */ = {isa = PBXBuildFile; fileRef = 22A477E12965878600523866 /* DMSans-Bold.ttf */; };
		22A477E92965878600523866 /* DMSans-BoldItalic.ttf in Resources */ = {isa = PBXBuildFile; fileRef = 22A477E22965878600523866 /* DMSans-BoldItalic.ttf */; };
		22A477EA2965878600523866 /* OFL.txt in Resources */ = {isa = PBXBuildFile; fileRef = 22A477E32965878600523866 /* OFL.txt */; };
		22A477EB2965878600523866 /* DMSans-MediumItalic.ttf in Resources */ = {isa = PBXBuildFile; fileRef = 22A477E42965878600523866 /* DMSans-MediumItalic.ttf */; };
		22A477EC2965878600523866 /* DMSans-Italic.ttf in Resources */ = {isa = PBXBuildFile; fileRef = 22A477E52965878600523866 /* DMSans-Italic.ttf */; };
		22A477F42965A6DF00523866 /* SignInViewController.swift in Sources */ = {isa = PBXBuildFile; fileRef = 22A477F32965A6DF00523866 /* SignInViewController.swift */; };
		22A477FF2965B35D00523866 /* SignInEmailViewController.swift in Sources */ = {isa = PBXBuildFile; fileRef = 22A477FD2965B35D00523866 /* SignInEmailViewController.swift */; };
		22A4DC59295F03D50064D006 /* SelectPhoneTableViewCell.swift in Sources */ = {isa = PBXBuildFile; fileRef = 22A4DC57295F03D50064D006 /* SelectPhoneTableViewCell.swift */; };
		22A4DC5A295F03D50064D006 /* SelectPhoneTableViewCell.xib in Resources */ = {isa = PBXBuildFile; fileRef = 22A4DC58295F03D50064D006 /* SelectPhoneTableViewCell.xib */; };
		22A4DC5D295F08EB0064D006 /* SelectGenderTableViewCell.swift in Sources */ = {isa = PBXBuildFile; fileRef = 22A4DC5B295F08EB0064D006 /* SelectGenderTableViewCell.swift */; };
		22A4DC5E295F08EB0064D006 /* SelectGenderTableViewCell.xib in Resources */ = {isa = PBXBuildFile; fileRef = 22A4DC5C295F08EB0064D006 /* SelectGenderTableViewCell.xib */; };
		22A4DC61295F0B1F0064D006 /* CompleteTableViewCell.swift in Sources */ = {isa = PBXBuildFile; fileRef = 22A4DC5F295F0B1F0064D006 /* CompleteTableViewCell.swift */; };
		22A4DC62295F0B1F0064D006 /* CompleteTableViewCell.xib in Resources */ = {isa = PBXBuildFile; fileRef = 22A4DC60295F0B1F0064D006 /* CompleteTableViewCell.xib */; };
		22AB9F132965B4DA00CB1ECD /* SignInPhoneViewController.swift in Sources */ = {isa = PBXBuildFile; fileRef = 22AB9F112965B4DA00CB1ECD /* SignInPhoneViewController.swift */; };
		22BA3AA029642105004AD1F3 /* FavouriteCollectionViewCell.swift in Sources */ = {isa = PBXBuildFile; fileRef = 22BA3A9E29642105004AD1F3 /* FavouriteCollectionViewCell.swift */; };
		22BA3AA129642105004AD1F3 /* FavouriteCollectionViewCell.xib in Resources */ = {isa = PBXBuildFile; fileRef = 22BA3A9F29642105004AD1F3 /* FavouriteCollectionViewCell.xib */; };
		22BA3AA5296423CD004AD1F3 /* SavedPresetsTableViewCell.swift in Sources */ = {isa = PBXBuildFile; fileRef = 22BA3AA3296423CD004AD1F3 /* SavedPresetsTableViewCell.swift */; };
		22BA3AA6296423CD004AD1F3 /* SavedPresetsTableViewCell.xib in Resources */ = {isa = PBXBuildFile; fileRef = 22BA3AA4296423CD004AD1F3 /* SavedPresetsTableViewCell.xib */; };
		22BA3AA929642452004AD1F3 /* SavePresetsCollectionViewCell.swift in Sources */ = {isa = PBXBuildFile; fileRef = 22BA3AA729642452004AD1F3 /* SavePresetsCollectionViewCell.swift */; };
		22BA3AAA29642452004AD1F3 /* SavePresetsCollectionViewCell.xib in Resources */ = {isa = PBXBuildFile; fileRef = 22BA3AA829642452004AD1F3 /* SavePresetsCollectionViewCell.xib */; };
		22BA3AAD29642A36004AD1F3 /* ImageSliderCollectionViewCell.swift in Sources */ = {isa = PBXBuildFile; fileRef = 22BA3AAB29642A36004AD1F3 /* ImageSliderCollectionViewCell.swift */; };
		22BA3AAE29642A36004AD1F3 /* ImageSliderCollectionViewCell.xib in Resources */ = {isa = PBXBuildFile; fileRef = 22BA3AAC29642A36004AD1F3 /* ImageSliderCollectionViewCell.xib */; };
		22BB026529711E8100F514B0 /* Patron.swift in Sources */ = {isa = PBXBuildFile; fileRef = 22BB026429711E8100F514B0 /* Patron.swift */; };
		22BB02672971231D00F514B0 /* PatronDao.swift in Sources */ = {isa = PBXBuildFile; fileRef = 22BB02662971231D00F514B0 /* PatronDao.swift */; };
		22C8CA4A295EAB5F00336E03 /* EditProfileViewController.swift in Sources */ = {isa = PBXBuildFile; fileRef = 22C8CA49295EAB5F00336E03 /* EditProfileViewController.swift */; };
		22C8CA4F295EC1FA00336E03 /* SelectPhotoTableViewCell.swift in Sources */ = {isa = PBXBuildFile; fileRef = 22C8CA4D295EC1FA00336E03 /* SelectPhotoTableViewCell.swift */; };
		22C8CA50295EC1FA00336E03 /* SelectPhotoTableViewCell.xib in Resources */ = {isa = PBXBuildFile; fileRef = 22C8CA4E295EC1FA00336E03 /* SelectPhotoTableViewCell.xib */; };
		22C8CA58295EDA1200336E03 /* SelectFullNameTableViewCell.swift in Sources */ = {isa = PBXBuildFile; fileRef = 22C8CA56295EDA1200336E03 /* SelectFullNameTableViewCell.swift */; };
		22C8CA59295EDA1200336E03 /* SelectFullNameTableViewCell.xib in Resources */ = {isa = PBXBuildFile; fileRef = 22C8CA57295EDA1200336E03 /* SelectFullNameTableViewCell.xib */; };
		22C8CA5C295F006100336E03 /* SelectEmailTableViewCell.swift in Sources */ = {isa = PBXBuildFile; fileRef = 22C8CA5A295F006100336E03 /* SelectEmailTableViewCell.swift */; };
		22C8CA5D295F006100336E03 /* SelectEmailTableViewCell.xib in Resources */ = {isa = PBXBuildFile; fileRef = 22C8CA5B295F006100336E03 /* SelectEmailTableViewCell.xib */; };
		22E7AE9F295D8DE900F95FE0 /* DialogSelectionViewController.swift in Sources */ = {isa = PBXBuildFile; fileRef = 22E7AE9E295D8DE900F95FE0 /* DialogSelectionViewController.swift */; };
		22E7AEA1295D9F1A00F95FE0 /* ProfileViewController.swift in Sources */ = {isa = PBXBuildFile; fileRef = 22E7AEA0295D9F1A00F95FE0 /* ProfileViewController.swift */; };
		22E8E9FC29700B9D00E5BE59 /* IApiCalls.swift in Sources */ = {isa = PBXBuildFile; fileRef = 22E8E9FB29700B9D00E5BE59 /* IApiCalls.swift */; };
		22E8E9FE29700C4300E5BE59 /* ApiUtils.swift in Sources */ = {isa = PBXBuildFile; fileRef = 22E8E9FD29700C4300E5BE59 /* ApiUtils.swift */; };
		22E8EA022970109400E5BE59 /* FavouriteProductDao.swift in Sources */ = {isa = PBXBuildFile; fileRef = 22E8EA012970109400E5BE59 /* FavouriteProductDao.swift */; };
		22E8EA042970114200E5BE59 /* FavouriteProducts.swift in Sources */ = {isa = PBXBuildFile; fileRef = 22E8EA032970114200E5BE59 /* FavouriteProducts.swift */; };
		22EC1FA62966A615000F86EF /* CardView.swift in Sources */ = {isa = PBXBuildFile; fileRef = 22EC1FA52966A615000F86EF /* CardView.swift */; };
		22F858B2295AC6A400A7D86E /* AppDelegate.swift in Sources */ = {isa = PBXBuildFile; fileRef = 22F858B1295AC6A400A7D86E /* AppDelegate.swift */; };
		22F858B4295AC6A400A7D86E /* SceneDelegate.swift in Sources */ = {isa = PBXBuildFile; fileRef = 22F858B3295AC6A400A7D86E /* SceneDelegate.swift */; };
		22F858B6295AC6A400A7D86E /* HomeViewController.swift in Sources */ = {isa = PBXBuildFile; fileRef = 22F858B5295AC6A400A7D86E /* HomeViewController.swift */; };
		22F858B9295AC6A400A7D86E /* Main.storyboard in Resources */ = {isa = PBXBuildFile; fileRef = 22F858B7295AC6A400A7D86E /* Main.storyboard */; };
		22F858BB295AC6A600A7D86E /* Assets.xcassets in Resources */ = {isa = PBXBuildFile; fileRef = 22F858BA295AC6A600A7D86E /* Assets.xcassets */; };
		22F858BE295AC6A600A7D86E /* LaunchScreen.storyboard in Resources */ = {isa = PBXBuildFile; fileRef = 22F858BC295AC6A600A7D86E /* LaunchScreen.storyboard */; };
		22F858C9295AC6A600A7D86E /* SelfStyloIOSAppTests.swift in Sources */ = {isa = PBXBuildFile; fileRef = 22F858C8295AC6A600A7D86E /* SelfStyloIOSAppTests.swift */; };
		22F858D3295AC6A600A7D86E /* SelfStyloIOSAppUITests.swift in Sources */ = {isa = PBXBuildFile; fileRef = 22F858D2295AC6A600A7D86E /* SelfStyloIOSAppUITests.swift */; };
		22F858D5295AC6A600A7D86E /* SelfStyloIOSAppUITestsLaunchTests.swift in Sources */ = {isa = PBXBuildFile; fileRef = 22F858D4295AC6A600A7D86E /* SelfStyloIOSAppUITestsLaunchTests.swift */; };
		22F858E4295B012E00A7D86E /* CustomTabBarControllerViewController.swift in Sources */ = {isa = PBXBuildFile; fileRef = 22F858E3295B012E00A7D86E /* CustomTabBarControllerViewController.swift */; };
		22F858E6295B047800A7D86E /* FavouriteViewController.swift in Sources */ = {isa = PBXBuildFile; fileRef = 22F858E5295B047800A7D86E /* FavouriteViewController.swift */; };
		52E8E3BEA92B023BE2D8FDAF /* Pods_SelfStyloIOSApp.framework in Frameworks */ = {isa = PBXBuildFile; fileRef = B332B815068FE8B9EBCCB1C5 /* Pods_SelfStyloIOSApp.framework */; };
		6F8A6A7FB46FB7581DDD9581 /* Pods_SelfStyloIOSApp_SelfStyloIOSAppUITests.framework in Frameworks */ = {isa = PBXBuildFile; fileRef = 92302873C826183761795D41 /* Pods_SelfStyloIOSApp_SelfStyloIOSAppUITests.framework */; };
		8ADDAE51008FD4208ED1B0DD /* Pods_SelfStyloIOSAppTests.framework in Frameworks */ = {isa = PBXBuildFile; fileRef = C80721B2EDCFF1AC6EBDE6E8 /* Pods_SelfStyloIOSAppTests.framework */; };
/* End PBXBuildFile section */

/* Begin PBXContainerItemProxy section */
		22F858C5295AC6A600A7D86E /* PBXContainerItemProxy */ = {
			isa = PBXContainerItemProxy;
			containerPortal = 22F858A6295AC6A400A7D86E /* Project object */;
			proxyType = 1;
			remoteGlobalIDString = 22F858AD295AC6A400A7D86E;
			remoteInfo = SelfStyloIOSApp;
		};
		22F858CF295AC6A600A7D86E /* PBXContainerItemProxy */ = {
			isa = PBXContainerItemProxy;
			containerPortal = 22F858A6295AC6A400A7D86E /* Project object */;
			proxyType = 1;
			remoteGlobalIDString = 22F858AD295AC6A400A7D86E;
			remoteInfo = SelfStyloIOSApp;
		};
/* End PBXContainerItemProxy section */

/* Begin PBXFileReference section */
		2202B32F2964013D000CB816 /* HomeCardSelfiecamTableViewCell.swift */ = {isa = PBXFileReference; lastKnownFileType = sourcecode.swift; path = HomeCardSelfiecamTableViewCell.swift; sourceTree = "<group>"; };
		2202B3302964013D000CB816 /* HomeCardSelfiecamTableViewCell.xib */ = {isa = PBXFileReference; lastKnownFileType = file.xib; path = HomeCardSelfiecamTableViewCell.xib; sourceTree = "<group>"; };
		2202B3332964122C000CB816 /* FavouriteProductTableViewCell.swift */ = {isa = PBXFileReference; lastKnownFileType = sourcecode.swift; path = FavouriteProductTableViewCell.swift; sourceTree = "<group>"; };
		2202B3342964122C000CB816 /* FavouriteProductTableViewCell.xib */ = {isa = PBXFileReference; lastKnownFileType = file.xib; path = FavouriteProductTableViewCell.xib; sourceTree = "<group>"; };
		22111AC129630FFB00539540 /* WalkThroughViewController.swift */ = {isa = PBXFileReference; lastKnownFileType = sourcecode.swift; path = WalkThroughViewController.swift; sourceTree = "<group>"; };
		222E1A25296457510094FA0A /* Extensions.swift */ = {isa = PBXFileReference; lastKnownFileType = sourcecode.swift; path = Extensions.swift; sourceTree = "<group>"; };
		2235F36B295C6D5E0008D3FB /* DialogTryOnSelectionViewController.swift */ = {isa = PBXFileReference; lastKnownFileType = sourcecode.swift; path = DialogTryOnSelectionViewController.swift; sourceTree = "<group>"; };
		224650E52967EB0B00BFC8DD /* SignInOtpViewController.swift */ = {isa = PBXFileReference; lastKnownFileType = sourcecode.swift; path = SignInOtpViewController.swift; sourceTree = "<group>"; };
		226A3E67296D63BC00990849 /* TryOnTabBarViewController.swift */ = {isa = PBXFileReference; lastKnownFileType = sourcecode.swift; path = TryOnTabBarViewController.swift; sourceTree = "<group>"; };
		227177842968128300ABEC31 /* SignInProfileViewController.swift */ = {isa = PBXFileReference; lastKnownFileType = sourcecode.swift; path = SignInProfileViewController.swift; sourceTree = "<group>"; };
		227177872968138E00ABEC31 /* SignInPhotoTableViewCell.swift */ = {isa = PBXFileReference; lastKnownFileType = sourcecode.swift; path = SignInPhotoTableViewCell.swift; sourceTree = "<group>"; };
		227177882968138E00ABEC31 /* SignInPhotoTableViewCell.xib */ = {isa = PBXFileReference; lastKnownFileType = file.xib; path = SignInPhotoTableViewCell.xib; sourceTree = "<group>"; };
		2271778B2968141C00ABEC31 /* SignInFullNameTableViewCell.swift */ = {isa = PBXFileReference; lastKnownFileType = sourcecode.swift; path = SignInFullNameTableViewCell.swift; sourceTree = "<group>"; };
		2271778C2968141C00ABEC31 /* SignInFullNameTableViewCell.xib */ = {isa = PBXFileReference; lastKnownFileType = file.xib; path = SignInFullNameTableViewCell.xib; sourceTree = "<group>"; };
		2271778F296814A500ABEC31 /* SignInEmailTableViewCell.swift */ = {isa = PBXFileReference; lastKnownFileType = sourcecode.swift; path = SignInEmailTableViewCell.swift; sourceTree = "<group>"; };
		22717790296814A500ABEC31 /* SignInEmailTableViewCell.xib */ = {isa = PBXFileReference; lastKnownFileType = file.xib; path = SignInEmailTableViewCell.xib; sourceTree = "<group>"; };
		227177932968157F00ABEC31 /* SignInPhoneTableViewCell.swift */ = {isa = PBXFileReference; lastKnownFileType = sourcecode.swift; path = SignInPhoneTableViewCell.swift; sourceTree = "<group>"; };
		227177942968157F00ABEC31 /* SignInPhoneTableViewCell.xib */ = {isa = PBXFileReference; lastKnownFileType = file.xib; path = SignInPhoneTableViewCell.xib; sourceTree = "<group>"; };
		227177972968162E00ABEC31 /* SignInGenderTableViewCell.swift */ = {isa = PBXFileReference; lastKnownFileType = sourcecode.swift; path = SignInGenderTableViewCell.swift; sourceTree = "<group>"; };
		227177982968162E00ABEC31 /* SignInGenderTableViewCell.xib */ = {isa = PBXFileReference; lastKnownFileType = file.xib; path = SignInGenderTableViewCell.xib; sourceTree = "<group>"; };
		2271779B296816BB00ABEC31 /* SignInCompleteTableViewCell.swift */ = {isa = PBXFileReference; lastKnownFileType = sourcecode.swift; path = SignInCompleteTableViewCell.swift; sourceTree = "<group>"; };
		2271779C296816BB00ABEC31 /* SignInCompleteTableViewCell.xib */ = {isa = PBXFileReference; lastKnownFileType = file.xib; path = SignInCompleteTableViewCell.xib; sourceTree = "<group>"; };
		2278EEA8295D5AED00D1C703 /* DialogSelfieCamSelectionViewController.swift */ = {isa = PBXFileReference; lastKnownFileType = sourcecode.swift; path = DialogSelfieCamSelectionViewController.swift; sourceTree = "<group>"; };
		22898529297682AC002DD2E8 /* GoogleService-Info.plist */ = {isa = PBXFileReference; fileEncoding = 4; lastKnownFileType = text.plist.xml; name = "GoogleService-Info.plist"; path = "../../../../../Downloads/GoogleService-Info.plist"; sourceTree = "<group>"; };
		2289852B2976BDDD002DD2E8 /* SelfStyloIOSApp.entitlements */ = {isa = PBXFileReference; lastKnownFileType = text.plist.entitlements; path = SelfStyloIOSApp.entitlements; sourceTree = "<group>"; };
		2289852C2976CDE7002DD2E8 /* Banner.swift */ = {isa = PBXFileReference; lastKnownFileType = sourcecode.swift; path = Banner.swift; sourceTree = "<group>"; };
		2289852E2976CEAC002DD2E8 /* BannerDao.swift */ = {isa = PBXFileReference; lastKnownFileType = sourcecode.swift; path = BannerDao.swift; sourceTree = "<group>"; };
		228A8E6B2963F0CB004F8208 /* SelectLogoAppTableViewCell.swift */ = {isa = PBXFileReference; lastKnownFileType = sourcecode.swift; path = SelectLogoAppTableViewCell.swift; sourceTree = "<group>"; };
		228A8E6C2963F0CB004F8208 /* SelectLogoAppTableViewCell.xib */ = {isa = PBXFileReference; lastKnownFileType = file.xib; path = SelectLogoAppTableViewCell.xib; sourceTree = "<group>"; };
		228A8E6F2963F69B004F8208 /* HomeCardAnnouncementsTableViewCell.swift */ = {isa = PBXFileReference; lastKnownFileType = sourcecode.swift; path = HomeCardAnnouncementsTableViewCell.swift; sourceTree = "<group>"; };
		228A8E702963F69B004F8208 /* HomeCardAnnouncementsTableViewCell.xib */ = {isa = PBXFileReference; lastKnownFileType = file.xib; path = HomeCardAnnouncementsTableViewCell.xib; sourceTree = "<group>"; };
		22A477D929654F3600523866 /* SettingsViewController.swift */ = {isa = PBXFileReference; lastKnownFileType = sourcecode.swift; path = SettingsViewController.swift; sourceTree = "<group>"; };
		22A477DC2965791C00523866 /* SavePresetsViewController.swift */ = {isa = PBXFileReference; lastKnownFileType = sourcecode.swift; path = SavePresetsViewController.swift; sourceTree = "<group>"; };
		22A477DF2965878600523866 /* DMSans-Regular.ttf */ = {isa = PBXFileReference; lastKnownFileType = file; path = "DMSans-Regular.ttf"; sourceTree = "<group>"; };
		22A477E02965878600523866 /* DMSans-Medium.ttf */ = {isa = PBXFileReference; lastKnownFileType = file; path = "DMSans-Medium.ttf"; sourceTree = "<group>"; };
		22A477E12965878600523866 /* DMSans-Bold.ttf */ = {isa = PBXFileReference; lastKnownFileType = file; path = "DMSans-Bold.ttf"; sourceTree = "<group>"; };
		22A477E22965878600523866 /* DMSans-BoldItalic.ttf */ = {isa = PBXFileReference; lastKnownFileType = file; path = "DMSans-BoldItalic.ttf"; sourceTree = "<group>"; };
		22A477E32965878600523866 /* OFL.txt */ = {isa = PBXFileReference; fileEncoding = 4; lastKnownFileType = text; path = OFL.txt; sourceTree = "<group>"; };
		22A477E42965878600523866 /* DMSans-MediumItalic.ttf */ = {isa = PBXFileReference; lastKnownFileType = file; path = "DMSans-MediumItalic.ttf"; sourceTree = "<group>"; };
		22A477E52965878600523866 /* DMSans-Italic.ttf */ = {isa = PBXFileReference; lastKnownFileType = file; path = "DMSans-Italic.ttf"; sourceTree = "<group>"; };
		22A477F32965A6DF00523866 /* SignInViewController.swift */ = {isa = PBXFileReference; lastKnownFileType = sourcecode.swift; path = SignInViewController.swift; sourceTree = "<group>"; };
		22A477FD2965B35D00523866 /* SignInEmailViewController.swift */ = {isa = PBXFileReference; lastKnownFileType = sourcecode.swift; path = SignInEmailViewController.swift; sourceTree = "<group>"; };
		22A4DC57295F03D50064D006 /* SelectPhoneTableViewCell.swift */ = {isa = PBXFileReference; lastKnownFileType = sourcecode.swift; path = SelectPhoneTableViewCell.swift; sourceTree = "<group>"; };
		22A4DC58295F03D50064D006 /* SelectPhoneTableViewCell.xib */ = {isa = PBXFileReference; lastKnownFileType = file.xib; path = SelectPhoneTableViewCell.xib; sourceTree = "<group>"; };
		22A4DC5B295F08EB0064D006 /* SelectGenderTableViewCell.swift */ = {isa = PBXFileReference; lastKnownFileType = sourcecode.swift; path = SelectGenderTableViewCell.swift; sourceTree = "<group>"; };
		22A4DC5C295F08EB0064D006 /* SelectGenderTableViewCell.xib */ = {isa = PBXFileReference; lastKnownFileType = file.xib; path = SelectGenderTableViewCell.xib; sourceTree = "<group>"; };
		22A4DC5F295F0B1F0064D006 /* CompleteTableViewCell.swift */ = {isa = PBXFileReference; lastKnownFileType = sourcecode.swift; path = CompleteTableViewCell.swift; sourceTree = "<group>"; };
		22A4DC60295F0B1F0064D006 /* CompleteTableViewCell.xib */ = {isa = PBXFileReference; lastKnownFileType = file.xib; path = CompleteTableViewCell.xib; sourceTree = "<group>"; };
		22AB9F112965B4DA00CB1ECD /* SignInPhoneViewController.swift */ = {isa = PBXFileReference; lastKnownFileType = sourcecode.swift; path = SignInPhoneViewController.swift; sourceTree = "<group>"; };
		22BA3A9E29642105004AD1F3 /* FavouriteCollectionViewCell.swift */ = {isa = PBXFileReference; lastKnownFileType = sourcecode.swift; path = FavouriteCollectionViewCell.swift; sourceTree = "<group>"; };
		22BA3A9F29642105004AD1F3 /* FavouriteCollectionViewCell.xib */ = {isa = PBXFileReference; lastKnownFileType = file.xib; path = FavouriteCollectionViewCell.xib; sourceTree = "<group>"; };
		22BA3AA3296423CD004AD1F3 /* SavedPresetsTableViewCell.swift */ = {isa = PBXFileReference; lastKnownFileType = sourcecode.swift; path = SavedPresetsTableViewCell.swift; sourceTree = "<group>"; };
		22BA3AA4296423CD004AD1F3 /* SavedPresetsTableViewCell.xib */ = {isa = PBXFileReference; lastKnownFileType = file.xib; path = SavedPresetsTableViewCell.xib; sourceTree = "<group>"; };
		22BA3AA729642452004AD1F3 /* SavePresetsCollectionViewCell.swift */ = {isa = PBXFileReference; lastKnownFileType = sourcecode.swift; path = SavePresetsCollectionViewCell.swift; sourceTree = "<group>"; };
		22BA3AA829642452004AD1F3 /* SavePresetsCollectionViewCell.xib */ = {isa = PBXFileReference; lastKnownFileType = file.xib; path = SavePresetsCollectionViewCell.xib; sourceTree = "<group>"; };
		22BA3AAB29642A36004AD1F3 /* ImageSliderCollectionViewCell.swift */ = {isa = PBXFileReference; lastKnownFileType = sourcecode.swift; path = ImageSliderCollectionViewCell.swift; sourceTree = "<group>"; };
		22BA3AAC29642A36004AD1F3 /* ImageSliderCollectionViewCell.xib */ = {isa = PBXFileReference; lastKnownFileType = file.xib; path = ImageSliderCollectionViewCell.xib; sourceTree = "<group>"; };
		22BB026429711E8100F514B0 /* Patron.swift */ = {isa = PBXFileReference; lastKnownFileType = sourcecode.swift; path = Patron.swift; sourceTree = "<group>"; };
		22BB02662971231D00F514B0 /* PatronDao.swift */ = {isa = PBXFileReference; lastKnownFileType = sourcecode.swift; path = PatronDao.swift; sourceTree = "<group>"; };
		22C8CA49295EAB5F00336E03 /* EditProfileViewController.swift */ = {isa = PBXFileReference; lastKnownFileType = sourcecode.swift; path = EditProfileViewController.swift; sourceTree = "<group>"; };
		22C8CA4D295EC1FA00336E03 /* SelectPhotoTableViewCell.swift */ = {isa = PBXFileReference; lastKnownFileType = sourcecode.swift; path = SelectPhotoTableViewCell.swift; sourceTree = "<group>"; };
		22C8CA4E295EC1FA00336E03 /* SelectPhotoTableViewCell.xib */ = {isa = PBXFileReference; lastKnownFileType = file.xib; path = SelectPhotoTableViewCell.xib; sourceTree = "<group>"; };
		22C8CA56295EDA1200336E03 /* SelectFullNameTableViewCell.swift */ = {isa = PBXFileReference; lastKnownFileType = sourcecode.swift; path = SelectFullNameTableViewCell.swift; sourceTree = "<group>"; };
		22C8CA57295EDA1200336E03 /* SelectFullNameTableViewCell.xib */ = {isa = PBXFileReference; lastKnownFileType = file.xib; path = SelectFullNameTableViewCell.xib; sourceTree = "<group>"; };
		22C8CA5A295F006100336E03 /* SelectEmailTableViewCell.swift */ = {isa = PBXFileReference; lastKnownFileType = sourcecode.swift; path = SelectEmailTableViewCell.swift; sourceTree = "<group>"; };
		22C8CA5B295F006100336E03 /* SelectEmailTableViewCell.xib */ = {isa = PBXFileReference; lastKnownFileType = file.xib; path = SelectEmailTableViewCell.xib; sourceTree = "<group>"; };
		22E7AE9E295D8DE900F95FE0 /* DialogSelectionViewController.swift */ = {isa = PBXFileReference; lastKnownFileType = sourcecode.swift; path = DialogSelectionViewController.swift; sourceTree = "<group>"; };
		22E7AEA0295D9F1A00F95FE0 /* ProfileViewController.swift */ = {isa = PBXFileReference; lastKnownFileType = sourcecode.swift; path = ProfileViewController.swift; sourceTree = "<group>"; };
		22E8E9FB29700B9D00E5BE59 /* IApiCalls.swift */ = {isa = PBXFileReference; lastKnownFileType = sourcecode.swift; path = IApiCalls.swift; sourceTree = "<group>"; };
		22E8E9FD29700C4300E5BE59 /* ApiUtils.swift */ = {isa = PBXFileReference; lastKnownFileType = sourcecode.swift; path = ApiUtils.swift; sourceTree = "<group>"; };
		22E8EA012970109400E5BE59 /* FavouriteProductDao.swift */ = {isa = PBXFileReference; lastKnownFileType = sourcecode.swift; path = FavouriteProductDao.swift; sourceTree = "<group>"; };
		22E8EA032970114200E5BE59 /* FavouriteProducts.swift */ = {isa = PBXFileReference; lastKnownFileType = sourcecode.swift; path = FavouriteProducts.swift; sourceTree = "<group>"; };
		22EC1FA52966A615000F86EF /* CardView.swift */ = {isa = PBXFileReference; lastKnownFileType = sourcecode.swift; path = CardView.swift; sourceTree = "<group>"; };
		22F858AE295AC6A400A7D86E /* SelfStyloIOSApp.app */ = {isa = PBXFileReference; explicitFileType = wrapper.application; includeInIndex = 0; path = SelfStyloIOSApp.app; sourceTree = BUILT_PRODUCTS_DIR; };
		22F858B1295AC6A400A7D86E /* AppDelegate.swift */ = {isa = PBXFileReference; lastKnownFileType = sourcecode.swift; path = AppDelegate.swift; sourceTree = "<group>"; };
		22F858B3295AC6A400A7D86E /* SceneDelegate.swift */ = {isa = PBXFileReference; lastKnownFileType = sourcecode.swift; path = SceneDelegate.swift; sourceTree = "<group>"; };
		22F858B5295AC6A400A7D86E /* HomeViewController.swift */ = {isa = PBXFileReference; lastKnownFileType = sourcecode.swift; path = HomeViewController.swift; sourceTree = "<group>"; };
		22F858B8295AC6A400A7D86E /* Base */ = {isa = PBXFileReference; lastKnownFileType = file.storyboard; name = Base; path = Base.lproj/Main.storyboard; sourceTree = "<group>"; };
		22F858BA295AC6A600A7D86E /* Assets.xcassets */ = {isa = PBXFileReference; lastKnownFileType = folder.assetcatalog; path = Assets.xcassets; sourceTree = "<group>"; };
		22F858BD295AC6A600A7D86E /* Base */ = {isa = PBXFileReference; lastKnownFileType = file.storyboard; name = Base; path = Base.lproj/LaunchScreen.storyboard; sourceTree = "<group>"; };
		22F858BF295AC6A600A7D86E /* Info.plist */ = {isa = PBXFileReference; lastKnownFileType = text.plist.xml; path = Info.plist; sourceTree = "<group>"; };
		22F858C4295AC6A600A7D86E /* SelfStyloIOSAppTests.xctest */ = {isa = PBXFileReference; explicitFileType = wrapper.cfbundle; includeInIndex = 0; path = SelfStyloIOSAppTests.xctest; sourceTree = BUILT_PRODUCTS_DIR; };
		22F858C8295AC6A600A7D86E /* SelfStyloIOSAppTests.swift */ = {isa = PBXFileReference; lastKnownFileType = sourcecode.swift; path = SelfStyloIOSAppTests.swift; sourceTree = "<group>"; };
		22F858CE295AC6A600A7D86E /* SelfStyloIOSAppUITests.xctest */ = {isa = PBXFileReference; explicitFileType = wrapper.cfbundle; includeInIndex = 0; path = SelfStyloIOSAppUITests.xctest; sourceTree = BUILT_PRODUCTS_DIR; };
		22F858D2295AC6A600A7D86E /* SelfStyloIOSAppUITests.swift */ = {isa = PBXFileReference; lastKnownFileType = sourcecode.swift; path = SelfStyloIOSAppUITests.swift; sourceTree = "<group>"; };
		22F858D4295AC6A600A7D86E /* SelfStyloIOSAppUITestsLaunchTests.swift */ = {isa = PBXFileReference; lastKnownFileType = sourcecode.swift; path = SelfStyloIOSAppUITestsLaunchTests.swift; sourceTree = "<group>"; };
		22F858E3295B012E00A7D86E /* CustomTabBarControllerViewController.swift */ = {isa = PBXFileReference; lastKnownFileType = sourcecode.swift; path = CustomTabBarControllerViewController.swift; sourceTree = "<group>"; };
		22F858E5295B047800A7D86E /* FavouriteViewController.swift */ = {isa = PBXFileReference; lastKnownFileType = sourcecode.swift; path = FavouriteViewController.swift; sourceTree = "<group>"; };
		26880CABF6AFBA3C41D5E32F /* Pods-SelfStyloIOSAppTests.release.xcconfig */ = {isa = PBXFileReference; includeInIndex = 1; lastKnownFileType = text.xcconfig; name = "Pods-SelfStyloIOSAppTests.release.xcconfig"; path = "Target Support Files/Pods-SelfStyloIOSAppTests/Pods-SelfStyloIOSAppTests.release.xcconfig"; sourceTree = "<group>"; };
		400969E1C350C193153BDECA /* Pods-SelfStyloIOSApp-SelfStyloIOSAppUITests.release.xcconfig */ = {isa = PBXFileReference; includeInIndex = 1; lastKnownFileType = text.xcconfig; name = "Pods-SelfStyloIOSApp-SelfStyloIOSAppUITests.release.xcconfig"; path = "Target Support Files/Pods-SelfStyloIOSApp-SelfStyloIOSAppUITests/Pods-SelfStyloIOSApp-SelfStyloIOSAppUITests.release.xcconfig"; sourceTree = "<group>"; };
		836D4F58F6822572143071FA /* Pods-SelfStyloIOSApp.release.xcconfig */ = {isa = PBXFileReference; includeInIndex = 1; lastKnownFileType = text.xcconfig; name = "Pods-SelfStyloIOSApp.release.xcconfig"; path = "Target Support Files/Pods-SelfStyloIOSApp/Pods-SelfStyloIOSApp.release.xcconfig"; sourceTree = "<group>"; };
		92302873C826183761795D41 /* Pods_SelfStyloIOSApp_SelfStyloIOSAppUITests.framework */ = {isa = PBXFileReference; explicitFileType = wrapper.framework; includeInIndex = 0; path = Pods_SelfStyloIOSApp_SelfStyloIOSAppUITests.framework; sourceTree = BUILT_PRODUCTS_DIR; };
		B332B815068FE8B9EBCCB1C5 /* Pods_SelfStyloIOSApp.framework */ = {isa = PBXFileReference; explicitFileType = wrapper.framework; includeInIndex = 0; path = Pods_SelfStyloIOSApp.framework; sourceTree = BUILT_PRODUCTS_DIR; };
		C80721B2EDCFF1AC6EBDE6E8 /* Pods_SelfStyloIOSAppTests.framework */ = {isa = PBXFileReference; explicitFileType = wrapper.framework; includeInIndex = 0; path = Pods_SelfStyloIOSAppTests.framework; sourceTree = BUILT_PRODUCTS_DIR; };
		DAC94E22F036E8A57FC8157D /* Pods-SelfStyloIOSApp-SelfStyloIOSAppUITests.debug.xcconfig */ = {isa = PBXFileReference; includeInIndex = 1; lastKnownFileType = text.xcconfig; name = "Pods-SelfStyloIOSApp-SelfStyloIOSAppUITests.debug.xcconfig"; path = "Target Support Files/Pods-SelfStyloIOSApp-SelfStyloIOSAppUITests/Pods-SelfStyloIOSApp-SelfStyloIOSAppUITests.debug.xcconfig"; sourceTree = "<group>"; };
		DF68E45C4790BAAAF2515599 /* Pods-SelfStyloIOSAppTests.debug.xcconfig */ = {isa = PBXFileReference; includeInIndex = 1; lastKnownFileType = text.xcconfig; name = "Pods-SelfStyloIOSAppTests.debug.xcconfig"; path = "Target Support Files/Pods-SelfStyloIOSAppTests/Pods-SelfStyloIOSAppTests.debug.xcconfig"; sourceTree = "<group>"; };
		FC2B6123CB58868EC9926837 /* Pods-SelfStyloIOSApp.debug.xcconfig */ = {isa = PBXFileReference; includeInIndex = 1; lastKnownFileType = text.xcconfig; name = "Pods-SelfStyloIOSApp.debug.xcconfig"; path = "Target Support Files/Pods-SelfStyloIOSApp/Pods-SelfStyloIOSApp.debug.xcconfig"; sourceTree = "<group>"; };
/* End PBXFileReference section */

/* Begin PBXFrameworksBuildPhase section */
		22F858AB295AC6A400A7D86E /* Frameworks */ = {
			isa = PBXFrameworksBuildPhase;
			buildActionMask = 2147483647;
			files = (
				52E8E3BEA92B023BE2D8FDAF /* Pods_SelfStyloIOSApp.framework in Frameworks */,
			);
			runOnlyForDeploymentPostprocessing = 0;
		};
		22F858C1295AC6A600A7D86E /* Frameworks */ = {
			isa = PBXFrameworksBuildPhase;
			buildActionMask = 2147483647;
			files = (
				8ADDAE51008FD4208ED1B0DD /* Pods_SelfStyloIOSAppTests.framework in Frameworks */,
			);
			runOnlyForDeploymentPostprocessing = 0;
		};
		22F858CB295AC6A600A7D86E /* Frameworks */ = {
			isa = PBXFrameworksBuildPhase;
			buildActionMask = 2147483647;
			files = (
				6F8A6A7FB46FB7581DDD9581 /* Pods_SelfStyloIOSApp_SelfStyloIOSAppUITests.framework in Frameworks */,
			);
			runOnlyForDeploymentPostprocessing = 0;
		};
/* End PBXFrameworksBuildPhase section */

/* Begin PBXGroup section */
		0399CB32F58D7758400D506B /* Frameworks */ = {
			isa = PBXGroup;
			children = (
				B332B815068FE8B9EBCCB1C5 /* Pods_SelfStyloIOSApp.framework */,
				92302873C826183761795D41 /* Pods_SelfStyloIOSApp_SelfStyloIOSAppUITests.framework */,
				C80721B2EDCFF1AC6EBDE6E8 /* Pods_SelfStyloIOSAppTests.framework */,
			);
			name = Frameworks;
			sourceTree = "<group>";
		};
		222E1A2729645D9B0094FA0A /* extensions */ = {
			isa = PBXGroup;
			children = (
				222E1A25296457510094FA0A /* Extensions.swift */,
			);
			path = extensions;
			sourceTree = "<group>";
		};
		227177862968132200ABEC31 /* Cells */ = {
			isa = PBXGroup;
			children = (
				227177872968138E00ABEC31 /* SignInPhotoTableViewCell.swift */,
				227177882968138E00ABEC31 /* SignInPhotoTableViewCell.xib */,
				2271778B2968141C00ABEC31 /* SignInFullNameTableViewCell.swift */,
				2271778C2968141C00ABEC31 /* SignInFullNameTableViewCell.xib */,
				2271778F296814A500ABEC31 /* SignInEmailTableViewCell.swift */,
				22717790296814A500ABEC31 /* SignInEmailTableViewCell.xib */,
				227177932968157F00ABEC31 /* SignInPhoneTableViewCell.swift */,
				227177942968157F00ABEC31 /* SignInPhoneTableViewCell.xib */,
				227177972968162E00ABEC31 /* SignInGenderTableViewCell.swift */,
				227177982968162E00ABEC31 /* SignInGenderTableViewCell.xib */,
				2271779B296816BB00ABEC31 /* SignInCompleteTableViewCell.swift */,
				2271779C296816BB00ABEC31 /* SignInCompleteTableViewCell.xib */,
			);
			path = Cells;
			sourceTree = "<group>";
		};
		22A477D829654EF900523866 /* SettingsView */ = {
			isa = PBXGroup;
			children = (
				22A477D929654F3600523866 /* SettingsViewController.swift */,
			);
			path = SettingsView;
			sourceTree = "<group>";
		};
		22A477DB296578FC00523866 /* SavePresetView */ = {
			isa = PBXGroup;
			children = (
				22A477DC2965791C00523866 /* SavePresetsViewController.swift */,
			);
			path = SavePresetView;
			sourceTree = "<group>";
		};
		22A477DE2965878600523866 /* DM_Sans */ = {
			isa = PBXGroup;
			children = (
				22A477E02965878600523866 /* DMSans-Medium.ttf */,
				22A477DF2965878600523866 /* DMSans-Regular.ttf */,
				22A477E12965878600523866 /* DMSans-Bold.ttf */,
				22A477E22965878600523866 /* DMSans-BoldItalic.ttf */,
				22A477E32965878600523866 /* OFL.txt */,
				22A477E42965878600523866 /* DMSans-MediumItalic.ttf */,
				22A477E52965878600523866 /* DMSans-Italic.ttf */,
			);
			path = DM_Sans;
			sourceTree = "<group>";
		};
		22A477ED2965A47000523866 /* SignInView */ = {
			isa = PBXGroup;
			children = (
				227177862968132200ABEC31 /* Cells */,
				22A477F32965A6DF00523866 /* SignInViewController.swift */,
				22A477FD2965B35D00523866 /* SignInEmailViewController.swift */,
				22AB9F112965B4DA00CB1ECD /* SignInPhoneViewController.swift */,
				224650E52967EB0B00BFC8DD /* SignInOtpViewController.swift */,
				227177842968128300ABEC31 /* SignInProfileViewController.swift */,
			);
			path = SignInView;
			sourceTree = "<group>";
		};
		22BA3AA22964234E004AD1F3 /* CollectionViewCells */ = {
			isa = PBXGroup;
			children = (
				22BA3A9E29642105004AD1F3 /* FavouriteCollectionViewCell.swift */,
				22BA3A9F29642105004AD1F3 /* FavouriteCollectionViewCell.xib */,
				22BA3AA729642452004AD1F3 /* SavePresetsCollectionViewCell.swift */,
				22BA3AA829642452004AD1F3 /* SavePresetsCollectionViewCell.xib */,
				22BA3AAB29642A36004AD1F3 /* ImageSliderCollectionViewCell.swift */,
				22BA3AAC29642A36004AD1F3 /* ImageSliderCollectionViewCell.xib */,
			);
			path = CollectionViewCells;
			sourceTree = "<group>";
		};
		22C8CA4B295EC1B900336E03 /* EditView */ = {
			isa = PBXGroup;
			children = (
				22C8CA4C295EC1CD00336E03 /* Cells */,
				22C8CA49295EAB5F00336E03 /* EditProfileViewController.swift */,
			);
			path = EditView;
			sourceTree = "<group>";
		};
		22C8CA4C295EC1CD00336E03 /* Cells */ = {
			isa = PBXGroup;
			children = (
				22C8CA4D295EC1FA00336E03 /* SelectPhotoTableViewCell.swift */,
				22C8CA4E295EC1FA00336E03 /* SelectPhotoTableViewCell.xib */,
				22C8CA56295EDA1200336E03 /* SelectFullNameTableViewCell.swift */,
				22C8CA57295EDA1200336E03 /* SelectFullNameTableViewCell.xib */,
				22C8CA5A295F006100336E03 /* SelectEmailTableViewCell.swift */,
				22C8CA5B295F006100336E03 /* SelectEmailTableViewCell.xib */,
				22A4DC57295F03D50064D006 /* SelectPhoneTableViewCell.swift */,
				22A4DC58295F03D50064D006 /* SelectPhoneTableViewCell.xib */,
				22A4DC5B295F08EB0064D006 /* SelectGenderTableViewCell.swift */,
				22A4DC5C295F08EB0064D006 /* SelectGenderTableViewCell.xib */,
				22A4DC5F295F0B1F0064D006 /* CompleteTableViewCell.swift */,
				22A4DC60295F0B1F0064D006 /* CompleteTableViewCell.xib */,
			);
			path = Cells;
			sourceTree = "<group>";
		};
		22C8CA51295ED60500336E03 /* FavouriteView */ = {
			isa = PBXGroup;
			children = (
				22F858E5295B047800A7D86E /* FavouriteViewController.swift */,
			);
			path = FavouriteView;
			sourceTree = "<group>";
		};
		22C8CA52295ED63D00336E03 /* HomeView */ = {
			isa = PBXGroup;
			children = (
				22BA3AA22964234E004AD1F3 /* CollectionViewCells */,
				22CD4A082962AAB000000B9F /* TableViewCells */,
				22F858B5295AC6A400A7D86E /* HomeViewController.swift */,
			);
			path = HomeView;
			sourceTree = "<group>";
		};
		22C8CA53295ED65100336E03 /* ProfileView */ = {
			isa = PBXGroup;
			children = (
				22E7AEA0295D9F1A00F95FE0 /* ProfileViewController.swift */,
			);
			path = ProfileView;
			sourceTree = "<group>";
		};
		22C8CA54295ED66F00336E03 /* DialogView */ = {
			isa = PBXGroup;
			children = (
				2235F36B295C6D5E0008D3FB /* DialogTryOnSelectionViewController.swift */,
				2278EEA8295D5AED00D1C703 /* DialogSelfieCamSelectionViewController.swift */,
				22E7AE9E295D8DE900F95FE0 /* DialogSelectionViewController.swift */,
			);
			path = DialogView;
			sourceTree = "<group>";
		};
		22C8CA55295ED99900336E03 /* TabView */ = {
			isa = PBXGroup;
			children = (
				22F858E3295B012E00A7D86E /* CustomTabBarControllerViewController.swift */,
				226A3E67296D63BC00990849 /* TryOnTabBarViewController.swift */,
			);
			path = TabView;
			sourceTree = "<group>";
		};
		22CD4A082962AAB000000B9F /* TableViewCells */ = {
			isa = PBXGroup;
			children = (
				228A8E6B2963F0CB004F8208 /* SelectLogoAppTableViewCell.swift */,
				228A8E6C2963F0CB004F8208 /* SelectLogoAppTableViewCell.xib */,
				228A8E6F2963F69B004F8208 /* HomeCardAnnouncementsTableViewCell.swift */,
				228A8E702963F69B004F8208 /* HomeCardAnnouncementsTableViewCell.xib */,
				2202B32F2964013D000CB816 /* HomeCardSelfiecamTableViewCell.swift */,
				2202B3302964013D000CB816 /* HomeCardSelfiecamTableViewCell.xib */,
				2202B3332964122C000CB816 /* FavouriteProductTableViewCell.swift */,
				2202B3342964122C000CB816 /* FavouriteProductTableViewCell.xib */,
				22BA3AA3296423CD004AD1F3 /* SavedPresetsTableViewCell.swift */,
				22BA3AA4296423CD004AD1F3 /* SavedPresetsTableViewCell.xib */,
			);
			path = TableViewCells;
			sourceTree = "<group>";
		};
		22E8E9FA29700B7500E5BE59 /* Api */ = {
			isa = PBXGroup;
			children = (
				22E8E9FB29700B9D00E5BE59 /* IApiCalls.swift */,
				22E8E9FD29700C4300E5BE59 /* ApiUtils.swift */,
			);
			path = Api;
			sourceTree = "<group>";
		};
		22E8E9FF2970105200E5BE59 /* Dao */ = {
			isa = PBXGroup;
			children = (
				22E8EA012970109400E5BE59 /* FavouriteProductDao.swift */,
				22BB02662971231D00F514B0 /* PatronDao.swift */,
				2289852E2976CEAC002DD2E8 /* BannerDao.swift */,
			);
			path = Dao;
			sourceTree = "<group>";
		};
		22E8EA002970105D00E5BE59 /* Model */ = {
			isa = PBXGroup;
			children = (
				22E8EA032970114200E5BE59 /* FavouriteProducts.swift */,
				22BB026429711E8100F514B0 /* Patron.swift */,
				2289852C2976CDE7002DD2E8 /* Banner.swift */,
			);
			path = Model;
			sourceTree = "<group>";
		};
		22EC1FA42966A5E2000F86EF /* utils */ = {
			isa = PBXGroup;
			children = (
				22EC1FA52966A615000F86EF /* CardView.swift */,
			);
			path = utils;
			sourceTree = "<group>";
		};
		22F858A5295AC6A400A7D86E = {
			isa = PBXGroup;
			children = (
				22F858B0295AC6A400A7D86E /* SelfStyloIOSApp */,
				22F858C7295AC6A600A7D86E /* SelfStyloIOSAppTests */,
				22F858D1295AC6A600A7D86E /* SelfStyloIOSAppUITests */,
				22F858AF295AC6A400A7D86E /* Products */,
				55454C57A99C1490B322FCF0 /* Pods */,
				0399CB32F58D7758400D506B /* Frameworks */,
			);
			sourceTree = "<group>";
		};
		22F858AF295AC6A400A7D86E /* Products */ = {
			isa = PBXGroup;
			children = (
				22F858AE295AC6A400A7D86E /* SelfStyloIOSApp.app */,
				22F858C4295AC6A600A7D86E /* SelfStyloIOSAppTests.xctest */,
				22F858CE295AC6A600A7D86E /* SelfStyloIOSAppUITests.xctest */,
			);
			name = Products;
			sourceTree = "<group>";
		};
		22F858B0295AC6A400A7D86E /* SelfStyloIOSApp */ = {
			isa = PBXGroup;
			children = (
				2289852B2976BDDD002DD2E8 /* SelfStyloIOSApp.entitlements */,
				22898529297682AC002DD2E8 /* GoogleService-Info.plist */,
				22E8EA002970105D00E5BE59 /* Model */,
				22E8E9FF2970105200E5BE59 /* Dao */,
				22E8E9FA29700B7500E5BE59 /* Api */,
				22EC1FA42966A5E2000F86EF /* utils */,
				22A477ED2965A47000523866 /* SignInView */,
				22A477DE2965878600523866 /* DM_Sans */,
				22A477DB296578FC00523866 /* SavePresetView */,
				22A477D829654EF900523866 /* SettingsView */,
				222E1A2729645D9B0094FA0A /* extensions */,
				22F858B1295AC6A400A7D86E /* AppDelegate.swift */,
				22F858B3295AC6A400A7D86E /* SceneDelegate.swift */,
				22C8CA52295ED63D00336E03 /* HomeView */,
				22F858B7295AC6A400A7D86E /* Main.storyboard */,
				22F858BA295AC6A600A7D86E /* Assets.xcassets */,
				22F858BC295AC6A600A7D86E /* LaunchScreen.storyboard */,
				22F858BF295AC6A600A7D86E /* Info.plist */,
				22C8CA55295ED99900336E03 /* TabView */,
				22C8CA51295ED60500336E03 /* FavouriteView */,
				22C8CA54295ED66F00336E03 /* DialogView */,
				22C8CA53295ED65100336E03 /* ProfileView */,
				22C8CA4B295EC1B900336E03 /* EditView */,
				22111AC129630FFB00539540 /* WalkThroughViewController.swift */,
			);
			path = SelfStyloIOSApp;
			sourceTree = "<group>";
		};
		22F858C7295AC6A600A7D86E /* SelfStyloIOSAppTests */ = {
			isa = PBXGroup;
			children = (
				22F858C8295AC6A600A7D86E /* SelfStyloIOSAppTests.swift */,
			);
			path = SelfStyloIOSAppTests;
			sourceTree = "<group>";
		};
		22F858D1295AC6A600A7D86E /* SelfStyloIOSAppUITests */ = {
			isa = PBXGroup;
			children = (
				22F858D2295AC6A600A7D86E /* SelfStyloIOSAppUITests.swift */,
				22F858D4295AC6A600A7D86E /* SelfStyloIOSAppUITestsLaunchTests.swift */,
			);
			path = SelfStyloIOSAppUITests;
			sourceTree = "<group>";
		};
		55454C57A99C1490B322FCF0 /* Pods */ = {
			isa = PBXGroup;
			children = (
				FC2B6123CB58868EC9926837 /* Pods-SelfStyloIOSApp.debug.xcconfig */,
				836D4F58F6822572143071FA /* Pods-SelfStyloIOSApp.release.xcconfig */,
				DAC94E22F036E8A57FC8157D /* Pods-SelfStyloIOSApp-SelfStyloIOSAppUITests.debug.xcconfig */,
				400969E1C350C193153BDECA /* Pods-SelfStyloIOSApp-SelfStyloIOSAppUITests.release.xcconfig */,
				DF68E45C4790BAAAF2515599 /* Pods-SelfStyloIOSAppTests.debug.xcconfig */,
				26880CABF6AFBA3C41D5E32F /* Pods-SelfStyloIOSAppTests.release.xcconfig */,
			);
			path = Pods;
			sourceTree = "<group>";
		};
/* End PBXGroup section */

/* Begin PBXNativeTarget section */
		22F858AD295AC6A400A7D86E /* SelfStyloIOSApp */ = {
			isa = PBXNativeTarget;
			buildConfigurationList = 22F858D8295AC6A600A7D86E /* Build configuration list for PBXNativeTarget "SelfStyloIOSApp" */;
			buildPhases = (
				DDAC9B200DD664BFA1B50334 /* [CP] Check Pods Manifest.lock */,
				22F858AA295AC6A400A7D86E /* Sources */,
				22F858AB295AC6A400A7D86E /* Frameworks */,
				22F858AC295AC6A400A7D86E /* Resources */,
				13C4F93C45BB4ACC0025A9E6 /* [CP] Embed Pods Frameworks */,
			);
			buildRules = (
			);
			dependencies = (
			);
			name = SelfStyloIOSApp;
			productName = SelfStyloIOSApp;
			productReference = 22F858AE295AC6A400A7D86E /* SelfStyloIOSApp.app */;
			productType = "com.apple.product-type.application";
		};
		22F858C3295AC6A600A7D86E /* SelfStyloIOSAppTests */ = {
			isa = PBXNativeTarget;
			buildConfigurationList = 22F858DB295AC6A600A7D86E /* Build configuration list for PBXNativeTarget "SelfStyloIOSAppTests" */;
			buildPhases = (
				17032D45A035A8487EBA61FA /* [CP] Check Pods Manifest.lock */,
				22F858C0295AC6A600A7D86E /* Sources */,
				22F858C1295AC6A600A7D86E /* Frameworks */,
				22F858C2295AC6A600A7D86E /* Resources */,
			);
			buildRules = (
			);
			dependencies = (
				22F858C6295AC6A600A7D86E /* PBXTargetDependency */,
			);
			name = SelfStyloIOSAppTests;
			productName = SelfStyloIOSAppTests;
			productReference = 22F858C4295AC6A600A7D86E /* SelfStyloIOSAppTests.xctest */;
			productType = "com.apple.product-type.bundle.unit-test";
		};
		22F858CD295AC6A600A7D86E /* SelfStyloIOSAppUITests */ = {
			isa = PBXNativeTarget;
			buildConfigurationList = 22F858DE295AC6A600A7D86E /* Build configuration list for PBXNativeTarget "SelfStyloIOSAppUITests" */;
			buildPhases = (
				6A354F595E8E039C6E077B84 /* [CP] Check Pods Manifest.lock */,
				22F858CA295AC6A600A7D86E /* Sources */,
				22F858CB295AC6A600A7D86E /* Frameworks */,
				22F858CC295AC6A600A7D86E /* Resources */,
				CFCC90BD73AE4E0406215805 /* [CP] Embed Pods Frameworks */,
			);
			buildRules = (
			);
			dependencies = (
				22F858D0295AC6A600A7D86E /* PBXTargetDependency */,
			);
			name = SelfStyloIOSAppUITests;
			productName = SelfStyloIOSAppUITests;
			productReference = 22F858CE295AC6A600A7D86E /* SelfStyloIOSAppUITests.xctest */;
			productType = "com.apple.product-type.bundle.ui-testing";
		};
/* End PBXNativeTarget section */

/* Begin PBXProject section */
		22F858A6295AC6A400A7D86E /* Project object */ = {
			isa = PBXProject;
			attributes = {
				BuildIndependentTargetsInParallel = 1;
				LastSwiftUpdateCheck = 1420;
				LastUpgradeCheck = 1420;
				TargetAttributes = {
					22F858AD295AC6A400A7D86E = {
						CreatedOnToolsVersion = 14.2;
					};
					22F858C3295AC6A600A7D86E = {
						CreatedOnToolsVersion = 14.2;
						TestTargetID = 22F858AD295AC6A400A7D86E;
					};
					22F858CD295AC6A600A7D86E = {
						CreatedOnToolsVersion = 14.2;
						TestTargetID = 22F858AD295AC6A400A7D86E;
					};
				};
			};
			buildConfigurationList = 22F858A9295AC6A400A7D86E /* Build configuration list for PBXProject "SelfStyloIOSApp" */;
			compatibilityVersion = "Xcode 14.0";
			developmentRegion = en;
			hasScannedForEncodings = 0;
			knownRegions = (
				en,
				Base,
			);
			mainGroup = 22F858A5295AC6A400A7D86E;
			productRefGroup = 22F858AF295AC6A400A7D86E /* Products */;
			projectDirPath = "";
			projectRoot = "";
			targets = (
				22F858AD295AC6A400A7D86E /* SelfStyloIOSApp */,
				22F858C3295AC6A600A7D86E /* SelfStyloIOSAppTests */,
				22F858CD295AC6A600A7D86E /* SelfStyloIOSAppUITests */,
			);
		};
/* End PBXProject section */

/* Begin PBXResourcesBuildPhase section */
		22F858AC295AC6A400A7D86E /* Resources */ = {
			isa = PBXResourcesBuildPhase;
			buildActionMask = 2147483647;
			files = (
				2271779A2968162E00ABEC31 /* SignInGenderTableViewCell.xib in Resources */,
				22A4DC62295F0B1F0064D006 /* CompleteTableViewCell.xib in Resources */,
				22C8CA5D295F006100336E03 /* SelectEmailTableViewCell.xib in Resources */,
				22A477E92965878600523866 /* DMSans-BoldItalic.ttf in Resources */,
				22F858BE295AC6A600A7D86E /* LaunchScreen.storyboard in Resources */,
				22A477E62965878600523866 /* DMSans-Regular.ttf in Resources */,
				22F858BB295AC6A600A7D86E /* Assets.xcassets in Resources */,
				227177962968157F00ABEC31 /* SignInPhoneTableViewCell.xib in Resources */,
				2271779E296816BB00ABEC31 /* SignInCompleteTableViewCell.xib in Resources */,
				22BA3AA129642105004AD1F3 /* FavouriteCollectionViewCell.xib in Resources */,
				22BA3AAE29642A36004AD1F3 /* ImageSliderCollectionViewCell.xib in Resources */,
				22C8CA59295EDA1200336E03 /* SelectFullNameTableViewCell.xib in Resources */,
				22C8CA50295EC1FA00336E03 /* SelectPhotoTableViewCell.xib in Resources */,
				228A8E722963F69B004F8208 /* HomeCardAnnouncementsTableViewCell.xib in Resources */,
				2271778E2968141C00ABEC31 /* SignInFullNameTableViewCell.xib in Resources */,
				2289852A297682AC002DD2E8 /* GoogleService-Info.plist in Resources */,
				22F858B9295AC6A400A7D86E /* Main.storyboard in Resources */,
				22A477EA2965878600523866 /* OFL.txt in Resources */,
				22A477EB2965878600523866 /* DMSans-MediumItalic.ttf in Resources */,
				22A477E82965878600523866 /* DMSans-Bold.ttf in Resources */,
				22A4DC5E295F08EB0064D006 /* SelectGenderTableViewCell.xib in Resources */,
				22BA3AAA29642452004AD1F3 /* SavePresetsCollectionViewCell.xib in Resources */,
				228A8E6E2963F0CB004F8208 /* SelectLogoAppTableViewCell.xib in Resources */,
				2271778A2968138E00ABEC31 /* SignInPhotoTableViewCell.xib in Resources */,
				22BA3AA6296423CD004AD1F3 /* SavedPresetsTableViewCell.xib in Resources */,
				2202B3322964013D000CB816 /* HomeCardSelfiecamTableViewCell.xib in Resources */,
				22A4DC5A295F03D50064D006 /* SelectPhoneTableViewCell.xib in Resources */,
				22A477E72965878600523866 /* DMSans-Medium.ttf in Resources */,
				22A477EC2965878600523866 /* DMSans-Italic.ttf in Resources */,
				22717792296814A500ABEC31 /* SignInEmailTableViewCell.xib in Resources */,
				2202B3362964122C000CB816 /* FavouriteProductTableViewCell.xib in Resources */,
			);
			runOnlyForDeploymentPostprocessing = 0;
		};
		22F858C2295AC6A600A7D86E /* Resources */ = {
			isa = PBXResourcesBuildPhase;
			buildActionMask = 2147483647;
			files = (
			);
			runOnlyForDeploymentPostprocessing = 0;
		};
		22F858CC295AC6A600A7D86E /* Resources */ = {
			isa = PBXResourcesBuildPhase;
			buildActionMask = 2147483647;
			files = (
			);
			runOnlyForDeploymentPostprocessing = 0;
		};
/* End PBXResourcesBuildPhase section */

/* Begin PBXShellScriptBuildPhase section */
		13C4F93C45BB4ACC0025A9E6 /* [CP] Embed Pods Frameworks */ = {
			isa = PBXShellScriptBuildPhase;
			buildActionMask = 2147483647;
			files = (
			);
			inputFileListPaths = (
				"${PODS_ROOT}/Target Support Files/Pods-SelfStyloIOSApp/Pods-SelfStyloIOSApp-frameworks-${CONFIGURATION}-input-files.xcfilelist",
			);
			name = "[CP] Embed Pods Frameworks";
			outputFileListPaths = (
				"${PODS_ROOT}/Target Support Files/Pods-SelfStyloIOSApp/Pods-SelfStyloIOSApp-frameworks-${CONFIGURATION}-output-files.xcfilelist",
			);
			runOnlyForDeploymentPostprocessing = 0;
			shellPath = /bin/sh;
			shellScript = "\"${PODS_ROOT}/Target Support Files/Pods-SelfStyloIOSApp/Pods-SelfStyloIOSApp-frameworks.sh\"\n";
			showEnvVarsInLog = 0;
		};
		17032D45A035A8487EBA61FA /* [CP] Check Pods Manifest.lock */ = {
			isa = PBXShellScriptBuildPhase;
			buildActionMask = 2147483647;
			files = (
			);
			inputFileListPaths = (
			);
			inputPaths = (
				"${PODS_PODFILE_DIR_PATH}/Podfile.lock",
				"${PODS_ROOT}/Manifest.lock",
			);
			name = "[CP] Check Pods Manifest.lock";
			outputFileListPaths = (
			);
			outputPaths = (
				"$(DERIVED_FILE_DIR)/Pods-SelfStyloIOSAppTests-checkManifestLockResult.txt",
			);
			runOnlyForDeploymentPostprocessing = 0;
			shellPath = /bin/sh;
			shellScript = "diff \"${PODS_PODFILE_DIR_PATH}/Podfile.lock\" \"${PODS_ROOT}/Manifest.lock\" > /dev/null\nif [ $? != 0 ] ; then\n    # print error to STDERR\n    echo \"error: The sandbox is not in sync with the Podfile.lock. Run 'pod install' or update your CocoaPods installation.\" >&2\n    exit 1\nfi\n# This output is used by Xcode 'outputs' to avoid re-running this script phase.\necho \"SUCCESS\" > \"${SCRIPT_OUTPUT_FILE_0}\"\n";
			showEnvVarsInLog = 0;
		};
		6A354F595E8E039C6E077B84 /* [CP] Check Pods Manifest.lock */ = {
			isa = PBXShellScriptBuildPhase;
			buildActionMask = 2147483647;
			files = (
			);
			inputFileListPaths = (
			);
			inputPaths = (
				"${PODS_PODFILE_DIR_PATH}/Podfile.lock",
				"${PODS_ROOT}/Manifest.lock",
			);
			name = "[CP] Check Pods Manifest.lock";
			outputFileListPaths = (
			);
			outputPaths = (
				"$(DERIVED_FILE_DIR)/Pods-SelfStyloIOSApp-SelfStyloIOSAppUITests-checkManifestLockResult.txt",
			);
			runOnlyForDeploymentPostprocessing = 0;
			shellPath = /bin/sh;
			shellScript = "diff \"${PODS_PODFILE_DIR_PATH}/Podfile.lock\" \"${PODS_ROOT}/Manifest.lock\" > /dev/null\nif [ $? != 0 ] ; then\n    # print error to STDERR\n    echo \"error: The sandbox is not in sync with the Podfile.lock. Run 'pod install' or update your CocoaPods installation.\" >&2\n    exit 1\nfi\n# This output is used by Xcode 'outputs' to avoid re-running this script phase.\necho \"SUCCESS\" > \"${SCRIPT_OUTPUT_FILE_0}\"\n";
			showEnvVarsInLog = 0;
		};
		CFCC90BD73AE4E0406215805 /* [CP] Embed Pods Frameworks */ = {
			isa = PBXShellScriptBuildPhase;
			buildActionMask = 2147483647;
			files = (
			);
			inputFileListPaths = (
				"${PODS_ROOT}/Target Support Files/Pods-SelfStyloIOSApp-SelfStyloIOSAppUITests/Pods-SelfStyloIOSApp-SelfStyloIOSAppUITests-frameworks-${CONFIGURATION}-input-files.xcfilelist",
			);
			name = "[CP] Embed Pods Frameworks";
			outputFileListPaths = (
				"${PODS_ROOT}/Target Support Files/Pods-SelfStyloIOSApp-SelfStyloIOSAppUITests/Pods-SelfStyloIOSApp-SelfStyloIOSAppUITests-frameworks-${CONFIGURATION}-output-files.xcfilelist",
			);
			runOnlyForDeploymentPostprocessing = 0;
			shellPath = /bin/sh;
			shellScript = "\"${PODS_ROOT}/Target Support Files/Pods-SelfStyloIOSApp-SelfStyloIOSAppUITests/Pods-SelfStyloIOSApp-SelfStyloIOSAppUITests-frameworks.sh\"\n";
			showEnvVarsInLog = 0;
		};
		DDAC9B200DD664BFA1B50334 /* [CP] Check Pods Manifest.lock */ = {
			isa = PBXShellScriptBuildPhase;
			buildActionMask = 2147483647;
			files = (
			);
			inputFileListPaths = (
			);
			inputPaths = (
				"${PODS_PODFILE_DIR_PATH}/Podfile.lock",
				"${PODS_ROOT}/Manifest.lock",
			);
			name = "[CP] Check Pods Manifest.lock";
			outputFileListPaths = (
			);
			outputPaths = (
				"$(DERIVED_FILE_DIR)/Pods-SelfStyloIOSApp-checkManifestLockResult.txt",
			);
			runOnlyForDeploymentPostprocessing = 0;
			shellPath = /bin/sh;
			shellScript = "diff \"${PODS_PODFILE_DIR_PATH}/Podfile.lock\" \"${PODS_ROOT}/Manifest.lock\" > /dev/null\nif [ $? != 0 ] ; then\n    # print error to STDERR\n    echo \"error: The sandbox is not in sync with the Podfile.lock. Run 'pod install' or update your CocoaPods installation.\" >&2\n    exit 1\nfi\n# This output is used by Xcode 'outputs' to avoid re-running this script phase.\necho \"SUCCESS\" > \"${SCRIPT_OUTPUT_FILE_0}\"\n";
			showEnvVarsInLog = 0;
		};
/* End PBXShellScriptBuildPhase section */

/* Begin PBXSourcesBuildPhase section */
		22F858AA295AC6A400A7D86E /* Sources */ = {
			isa = PBXSourcesBuildPhase;
			buildActionMask = 2147483647;
			files = (
				22717791296814A500ABEC31 /* SignInEmailTableViewCell.swift in Sources */,
				227177992968162E00ABEC31 /* SignInGenderTableViewCell.swift in Sources */,
				22A4DC59295F03D50064D006 /* SelectPhoneTableViewCell.swift in Sources */,
				2271778D2968141C00ABEC31 /* SignInFullNameTableViewCell.swift in Sources */,
				222E1A26296457510094FA0A /* Extensions.swift in Sources */,
				2202B3312964013D000CB816 /* HomeCardSelfiecamTableViewCell.swift in Sources */,
				22BA3AA029642105004AD1F3 /* FavouriteCollectionViewCell.swift in Sources */,
				2235F36C295C6D5E0008D3FB /* DialogTryOnSelectionViewController.swift in Sources */,
				22A4DC61295F0B1F0064D006 /* CompleteTableViewCell.swift in Sources */,
				22A477FF2965B35D00523866 /* SignInEmailViewController.swift in Sources */,
				22C8CA58295EDA1200336E03 /* SelectFullNameTableViewCell.swift in Sources */,
				22A477F42965A6DF00523866 /* SignInViewController.swift in Sources */,
				228A8E712963F69B004F8208 /* HomeCardAnnouncementsTableViewCell.swift in Sources */,
				22111AC229630FFB00539540 /* WalkThroughViewController.swift in Sources */,
				22C8CA5C295F006100336E03 /* SelectEmailTableViewCell.swift in Sources */,
				22BA3AA929642452004AD1F3 /* SavePresetsCollectionViewCell.swift in Sources */,
				22A4DC5D295F08EB0064D006 /* SelectGenderTableViewCell.swift in Sources */,
				22F858B6295AC6A400A7D86E /* HomeViewController.swift in Sources */,
				22F858B2295AC6A400A7D86E /* AppDelegate.swift in Sources */,
				22E7AE9F295D8DE900F95FE0 /* DialogSelectionViewController.swift in Sources */,
				22E8E9FC29700B9D00E5BE59 /* IApiCalls.swift in Sources */,
				22F858B4295AC6A400A7D86E /* SceneDelegate.swift in Sources */,
				22E8E9FE29700C4300E5BE59 /* ApiUtils.swift in Sources */,
				227177952968157F00ABEC31 /* SignInPhoneTableViewCell.swift in Sources */,
				226A3E68296D63BC00990849 /* TryOnTabBarViewController.swift in Sources */,
				22AB9F132965B4DA00CB1ECD /* SignInPhoneViewController.swift in Sources */,
				22F858E6295B047800A7D86E /* FavouriteViewController.swift in Sources */,
				2271779D296816BB00ABEC31 /* SignInCompleteTableViewCell.swift in Sources */,
				2289852F2976CEAC002DD2E8 /* BannerDao.swift in Sources */,
				228A8E6D2963F0CB004F8208 /* SelectLogoAppTableViewCell.swift in Sources */,
				2289852D2976CDE7002DD2E8 /* Banner.swift in Sources */,
				224650E62967EB0B00BFC8DD /* SignInOtpViewController.swift in Sources */,
				22A477DD2965791C00523866 /* SavePresetsViewController.swift in Sources */,
				22BA3AAD29642A36004AD1F3 /* ImageSliderCollectionViewCell.swift in Sources */,
				227177852968128300ABEC31 /* SignInProfileViewController.swift in Sources */,
				22E7AEA1295D9F1A00F95FE0 /* ProfileViewController.swift in Sources */,
				22F858E4295B012E00A7D86E /* CustomTabBarControllerViewController.swift in Sources */,
				22BB026529711E8100F514B0 /* Patron.swift in Sources */,
				22C8CA4F295EC1FA00336E03 /* SelectPhotoTableViewCell.swift in Sources */,
				22BA3AA5296423CD004AD1F3 /* SavedPresetsTableViewCell.swift in Sources */,
				22C8CA4A295EAB5F00336E03 /* EditProfileViewController.swift in Sources */,
				22E8EA022970109400E5BE59 /* FavouriteProductDao.swift in Sources */,
				22BB02672971231D00F514B0 /* PatronDao.swift in Sources */,
				227177892968138E00ABEC31 /* SignInPhotoTableViewCell.swift in Sources */,
				22E8EA042970114200E5BE59 /* FavouriteProducts.swift in Sources */,
				2278EEA9295D5AED00D1C703 /* DialogSelfieCamSelectionViewController.swift in Sources */,
				2202B3352964122C000CB816 /* FavouriteProductTableViewCell.swift in Sources */,
				22EC1FA62966A615000F86EF /* CardView.swift in Sources */,
				22A477DA29654F3600523866 /* SettingsViewController.swift in Sources */,
			);
			runOnlyForDeploymentPostprocessing = 0;
		};
		22F858C0295AC6A600A7D86E /* Sources */ = {
			isa = PBXSourcesBuildPhase;
			buildActionMask = 2147483647;
			files = (
				22F858C9295AC6A600A7D86E /* SelfStyloIOSAppTests.swift in Sources */,
			);
			runOnlyForDeploymentPostprocessing = 0;
		};
		22F858CA295AC6A600A7D86E /* Sources */ = {
			isa = PBXSourcesBuildPhase;
			buildActionMask = 2147483647;
			files = (
				22F858D5295AC6A600A7D86E /* SelfStyloIOSAppUITestsLaunchTests.swift in Sources */,
				22F858D3295AC6A600A7D86E /* SelfStyloIOSAppUITests.swift in Sources */,
			);
			runOnlyForDeploymentPostprocessing = 0;
		};
/* End PBXSourcesBuildPhase section */

/* Begin PBXTargetDependency section */
		22F858C6295AC6A600A7D86E /* PBXTargetDependency */ = {
			isa = PBXTargetDependency;
			target = 22F858AD295AC6A400A7D86E /* SelfStyloIOSApp */;
			targetProxy = 22F858C5295AC6A600A7D86E /* PBXContainerItemProxy */;
		};
		22F858D0295AC6A600A7D86E /* PBXTargetDependency */ = {
			isa = PBXTargetDependency;
			target = 22F858AD295AC6A400A7D86E /* SelfStyloIOSApp */;
			targetProxy = 22F858CF295AC6A600A7D86E /* PBXContainerItemProxy */;
		};
/* End PBXTargetDependency section */

/* Begin PBXVariantGroup section */
		22F858B7295AC6A400A7D86E /* Main.storyboard */ = {
			isa = PBXVariantGroup;
			children = (
				22F858B8295AC6A400A7D86E /* Base */,
			);
			name = Main.storyboard;
			sourceTree = "<group>";
		};
		22F858BC295AC6A600A7D86E /* LaunchScreen.storyboard */ = {
			isa = PBXVariantGroup;
			children = (
				22F858BD295AC6A600A7D86E /* Base */,
			);
			name = LaunchScreen.storyboard;
			sourceTree = "<group>";
		};
/* End PBXVariantGroup section */

/* Begin XCBuildConfiguration section */
		22F858D6295AC6A600A7D86E /* Debug */ = {
			isa = XCBuildConfiguration;
			buildSettings = {
				ALWAYS_SEARCH_USER_PATHS = NO;
				CLANG_ANALYZER_NONNULL = YES;
				CLANG_ANALYZER_NUMBER_OBJECT_CONVERSION = YES_AGGRESSIVE;
				CLANG_CXX_LANGUAGE_STANDARD = "gnu++20";
				CLANG_ENABLE_MODULES = YES;
				CLANG_ENABLE_OBJC_ARC = YES;
				CLANG_ENABLE_OBJC_WEAK = YES;
				CLANG_WARN_BLOCK_CAPTURE_AUTORELEASING = YES;
				CLANG_WARN_BOOL_CONVERSION = YES;
				CLANG_WARN_COMMA = YES;
				CLANG_WARN_CONSTANT_CONVERSION = YES;
				CLANG_WARN_DEPRECATED_OBJC_IMPLEMENTATIONS = YES;
				CLANG_WARN_DIRECT_OBJC_ISA_USAGE = YES_ERROR;
				CLANG_WARN_DOCUMENTATION_COMMENTS = YES;
				CLANG_WARN_EMPTY_BODY = YES;
				CLANG_WARN_ENUM_CONVERSION = YES;
				CLANG_WARN_INFINITE_RECURSION = YES;
				CLANG_WARN_INT_CONVERSION = YES;
				CLANG_WARN_NON_LITERAL_NULL_CONVERSION = YES;
				CLANG_WARN_OBJC_IMPLICIT_RETAIN_SELF = YES;
				CLANG_WARN_OBJC_LITERAL_CONVERSION = YES;
				CLANG_WARN_OBJC_ROOT_CLASS = YES_ERROR;
				CLANG_WARN_QUOTED_INCLUDE_IN_FRAMEWORK_HEADER = YES;
				CLANG_WARN_RANGE_LOOP_ANALYSIS = YES;
				CLANG_WARN_STRICT_PROTOTYPES = YES;
				CLANG_WARN_SUSPICIOUS_MOVE = YES;
				CLANG_WARN_UNGUARDED_AVAILABILITY = YES_AGGRESSIVE;
				CLANG_WARN_UNREACHABLE_CODE = YES;
				CLANG_WARN__DUPLICATE_METHOD_MATCH = YES;
				COPY_PHASE_STRIP = NO;
				DEBUG_INFORMATION_FORMAT = dwarf;
				ENABLE_STRICT_OBJC_MSGSEND = YES;
				ENABLE_TESTABILITY = YES;
				GCC_C_LANGUAGE_STANDARD = gnu11;
				GCC_DYNAMIC_NO_PIC = NO;
				GCC_NO_COMMON_BLOCKS = YES;
				GCC_OPTIMIZATION_LEVEL = 0;
				GCC_PREPROCESSOR_DEFINITIONS = (
					"DEBUG=1",
					"$(inherited)",
				);
				GCC_WARN_64_TO_32_BIT_CONVERSION = YES;
				GCC_WARN_ABOUT_RETURN_TYPE = YES_ERROR;
				GCC_WARN_UNDECLARED_SELECTOR = YES;
				GCC_WARN_UNINITIALIZED_AUTOS = YES_AGGRESSIVE;
				GCC_WARN_UNUSED_FUNCTION = YES;
				GCC_WARN_UNUSED_VARIABLE = YES;
				IPHONEOS_DEPLOYMENT_TARGET = 16.2;
				MTL_ENABLE_DEBUG_INFO = INCLUDE_SOURCE;
				MTL_FAST_MATH = YES;
				ONLY_ACTIVE_ARCH = YES;
				SDKROOT = iphoneos;
				SWIFT_ACTIVE_COMPILATION_CONDITIONS = DEBUG;
				SWIFT_OPTIMIZATION_LEVEL = "-Onone";
			};
			name = Debug;
		};
		22F858D7295AC6A600A7D86E /* Release */ = {
			isa = XCBuildConfiguration;
			buildSettings = {
				ALWAYS_SEARCH_USER_PATHS = NO;
				CLANG_ANALYZER_NONNULL = YES;
				CLANG_ANALYZER_NUMBER_OBJECT_CONVERSION = YES_AGGRESSIVE;
				CLANG_CXX_LANGUAGE_STANDARD = "gnu++20";
				CLANG_ENABLE_MODULES = YES;
				CLANG_ENABLE_OBJC_ARC = YES;
				CLANG_ENABLE_OBJC_WEAK = YES;
				CLANG_WARN_BLOCK_CAPTURE_AUTORELEASING = YES;
				CLANG_WARN_BOOL_CONVERSION = YES;
				CLANG_WARN_COMMA = YES;
				CLANG_WARN_CONSTANT_CONVERSION = YES;
				CLANG_WARN_DEPRECATED_OBJC_IMPLEMENTATIONS = YES;
				CLANG_WARN_DIRECT_OBJC_ISA_USAGE = YES_ERROR;
				CLANG_WARN_DOCUMENTATION_COMMENTS = YES;
				CLANG_WARN_EMPTY_BODY = YES;
				CLANG_WARN_ENUM_CONVERSION = YES;
				CLANG_WARN_INFINITE_RECURSION = YES;
				CLANG_WARN_INT_CONVERSION = YES;
				CLANG_WARN_NON_LITERAL_NULL_CONVERSION = YES;
				CLANG_WARN_OBJC_IMPLICIT_RETAIN_SELF = YES;
				CLANG_WARN_OBJC_LITERAL_CONVERSION = YES;
				CLANG_WARN_OBJC_ROOT_CLASS = YES_ERROR;
				CLANG_WARN_QUOTED_INCLUDE_IN_FRAMEWORK_HEADER = YES;
				CLANG_WARN_RANGE_LOOP_ANALYSIS = YES;
				CLANG_WARN_STRICT_PROTOTYPES = YES;
				CLANG_WARN_SUSPICIOUS_MOVE = YES;
				CLANG_WARN_UNGUARDED_AVAILABILITY = YES_AGGRESSIVE;
				CLANG_WARN_UNREACHABLE_CODE = YES;
				CLANG_WARN__DUPLICATE_METHOD_MATCH = YES;
				COPY_PHASE_STRIP = NO;
				DEBUG_INFORMATION_FORMAT = "dwarf-with-dsym";
				ENABLE_NS_ASSERTIONS = NO;
				ENABLE_STRICT_OBJC_MSGSEND = YES;
				GCC_C_LANGUAGE_STANDARD = gnu11;
				GCC_NO_COMMON_BLOCKS = YES;
				GCC_WARN_64_TO_32_BIT_CONVERSION = YES;
				GCC_WARN_ABOUT_RETURN_TYPE = YES_ERROR;
				GCC_WARN_UNDECLARED_SELECTOR = YES;
				GCC_WARN_UNINITIALIZED_AUTOS = YES_AGGRESSIVE;
				GCC_WARN_UNUSED_FUNCTION = YES;
				GCC_WARN_UNUSED_VARIABLE = YES;
				IPHONEOS_DEPLOYMENT_TARGET = 16.2;
				MTL_ENABLE_DEBUG_INFO = NO;
				MTL_FAST_MATH = YES;
				SDKROOT = iphoneos;
				SWIFT_COMPILATION_MODE = wholemodule;
				SWIFT_OPTIMIZATION_LEVEL = "-O";
				VALIDATE_PRODUCT = YES;
			};
			name = Release;
		};
		22F858D9295AC6A600A7D86E /* Debug */ = {
			isa = XCBuildConfiguration;
			baseConfigurationReference = FC2B6123CB58868EC9926837 /* Pods-SelfStyloIOSApp.debug.xcconfig */;
			buildSettings = {
				ASSETCATALOG_COMPILER_APPICON_NAME = AppIcon;
				ASSETCATALOG_COMPILER_GLOBAL_ACCENT_COLOR_NAME = AccentColor;
				CODE_SIGN_ENTITLEMENTS = SelfStyloIOSApp/SelfStyloIOSApp.entitlements;
				CODE_SIGN_STYLE = Automatic;
				CURRENT_PROJECT_VERSION = 1;
				DEVELOPMENT_TEAM = TK8CD8QS5B;
				GENERATE_INFOPLIST_FILE = YES;
				INFOPLIST_FILE = SelfStyloIOSApp/Info.plist;
				INFOPLIST_KEY_UIApplicationSupportsIndirectInputEvents = YES;
				INFOPLIST_KEY_UILaunchStoryboardName = LaunchScreen;
				INFOPLIST_KEY_UIMainStoryboardFile = Main;
				INFOPLIST_KEY_UISupportedInterfaceOrientations_iPad = "UIInterfaceOrientationPortrait UIInterfaceOrientationPortraitUpsideDown UIInterfaceOrientationLandscapeLeft UIInterfaceOrientationLandscapeRight";
				INFOPLIST_KEY_UISupportedInterfaceOrientations_iPhone = "UIInterfaceOrientationPortrait UIInterfaceOrientationLandscapeLeft UIInterfaceOrientationLandscapeRight";
				IPHONEOS_DEPLOYMENT_TARGET = 16.2;
				LD_RUNPATH_SEARCH_PATHS = (
					"$(inherited)",
					"@executable_path/Frameworks",
				);
				MARKETING_VERSION = 1.0;
				NEW_SETTING = "";
				PRODUCT_BUNDLE_IDENTIFIER = com.inferenz.SelfStyloIOSApp;
				PRODUCT_NAME = "$(TARGET_NAME)";
				SWIFT_EMIT_LOC_STRINGS = YES;
				SWIFT_VERSION = 5.0;
				TARGETED_DEVICE_FAMILY = "1,2";
			};
			name = Debug;
		};
		22F858DA295AC6A600A7D86E /* Release */ = {
			isa = XCBuildConfiguration;
			baseConfigurationReference = 836D4F58F6822572143071FA /* Pods-SelfStyloIOSApp.release.xcconfig */;
			buildSettings = {
				ASSETCATALOG_COMPILER_APPICON_NAME = AppIcon;
				ASSETCATALOG_COMPILER_GLOBAL_ACCENT_COLOR_NAME = AccentColor;
				CODE_SIGN_ENTITLEMENTS = SelfStyloIOSApp/SelfStyloIOSApp.entitlements;
				CODE_SIGN_STYLE = Automatic;
				CURRENT_PROJECT_VERSION = 1;
				DEVELOPMENT_TEAM = TK8CD8QS5B;
				GENERATE_INFOPLIST_FILE = YES;
				INFOPLIST_FILE = SelfStyloIOSApp/Info.plist;
				INFOPLIST_KEY_UIApplicationSupportsIndirectInputEvents = YES;
				INFOPLIST_KEY_UILaunchStoryboardName = LaunchScreen;
				INFOPLIST_KEY_UIMainStoryboardFile = Main;
				INFOPLIST_KEY_UISupportedInterfaceOrientations_iPad = "UIInterfaceOrientationPortrait UIInterfaceOrientationPortraitUpsideDown UIInterfaceOrientationLandscapeLeft UIInterfaceOrientationLandscapeRight";
				INFOPLIST_KEY_UISupportedInterfaceOrientations_iPhone = "UIInterfaceOrientationPortrait UIInterfaceOrientationLandscapeLeft UIInterfaceOrientationLandscapeRight";
				IPHONEOS_DEPLOYMENT_TARGET = 16.2;
				LD_RUNPATH_SEARCH_PATHS = (
					"$(inherited)",
					"@executable_path/Frameworks",
				);
				MARKETING_VERSION = 1.0;
				NEW_SETTING = "";
				PRODUCT_BUNDLE_IDENTIFIER = com.inferenz.SelfStyloIOSApp;
				PRODUCT_NAME = "$(TARGET_NAME)";
				SWIFT_EMIT_LOC_STRINGS = YES;
				SWIFT_VERSION = 5.0;
				TARGETED_DEVICE_FAMILY = "1,2";
			};
			name = Release;
		};
		22F858DC295AC6A600A7D86E /* Debug */ = {
			isa = XCBuildConfiguration;
			baseConfigurationReference = DF68E45C4790BAAAF2515599 /* Pods-SelfStyloIOSAppTests.debug.xcconfig */;
			buildSettings = {
				ALWAYS_EMBED_SWIFT_STANDARD_LIBRARIES = YES;
				BUNDLE_LOADER = "$(TEST_HOST)";
				CODE_SIGN_STYLE = Automatic;
				CURRENT_PROJECT_VERSION = 1;
				GENERATE_INFOPLIST_FILE = YES;
				IPHONEOS_DEPLOYMENT_TARGET = 16.2;
				MARKETING_VERSION = 1.0;
				PRODUCT_BUNDLE_IDENTIFIER = com.inferenz.SelfStyloIOSAppTests;
				PRODUCT_NAME = "$(TARGET_NAME)";
				SWIFT_EMIT_LOC_STRINGS = NO;
				SWIFT_VERSION = 5.0;
				TARGETED_DEVICE_FAMILY = "1,2";
				TEST_HOST = "$(BUILT_PRODUCTS_DIR)/SelfStyloIOSApp.app/$(BUNDLE_EXECUTABLE_FOLDER_PATH)/SelfStyloIOSApp";
			};
			name = Debug;
		};
		22F858DD295AC6A600A7D86E /* Release */ = {
			isa = XCBuildConfiguration;
			baseConfigurationReference = 26880CABF6AFBA3C41D5E32F /* Pods-SelfStyloIOSAppTests.release.xcconfig */;
			buildSettings = {
				ALWAYS_EMBED_SWIFT_STANDARD_LIBRARIES = YES;
				BUNDLE_LOADER = "$(TEST_HOST)";
				CODE_SIGN_STYLE = Automatic;
				CURRENT_PROJECT_VERSION = 1;
				GENERATE_INFOPLIST_FILE = YES;
				IPHONEOS_DEPLOYMENT_TARGET = 16.2;
				MARKETING_VERSION = 1.0;
				PRODUCT_BUNDLE_IDENTIFIER = com.inferenz.SelfStyloIOSAppTests;
				PRODUCT_NAME = "$(TARGET_NAME)";
				SWIFT_EMIT_LOC_STRINGS = NO;
				SWIFT_VERSION = 5.0;
				TARGETED_DEVICE_FAMILY = "1,2";
				TEST_HOST = "$(BUILT_PRODUCTS_DIR)/SelfStyloIOSApp.app/$(BUNDLE_EXECUTABLE_FOLDER_PATH)/SelfStyloIOSApp";
			};
			name = Release;
		};
		22F858DF295AC6A600A7D86E /* Debug */ = {
			isa = XCBuildConfiguration;
			baseConfigurationReference = DAC94E22F036E8A57FC8157D /* Pods-SelfStyloIOSApp-SelfStyloIOSAppUITests.debug.xcconfig */;
			buildSettings = {
				ALWAYS_EMBED_SWIFT_STANDARD_LIBRARIES = YES;
				CODE_SIGN_STYLE = Automatic;
				CURRENT_PROJECT_VERSION = 1;
				GENERATE_INFOPLIST_FILE = YES;
				MARKETING_VERSION = 1.0;
				PRODUCT_BUNDLE_IDENTIFIER = com.inferenz.SelfStyloIOSAppUITests;
				PRODUCT_NAME = "$(TARGET_NAME)";
				SWIFT_EMIT_LOC_STRINGS = NO;
				SWIFT_VERSION = 5.0;
				TARGETED_DEVICE_FAMILY = "1,2";
				TEST_TARGET_NAME = SelfStyloIOSApp;
			};
			name = Debug;
		};
		22F858E0295AC6A600A7D86E /* Release */ = {
			isa = XCBuildConfiguration;
			baseConfigurationReference = 400969E1C350C193153BDECA /* Pods-SelfStyloIOSApp-SelfStyloIOSAppUITests.release.xcconfig */;
			buildSettings = {
				ALWAYS_EMBED_SWIFT_STANDARD_LIBRARIES = YES;
				CODE_SIGN_STYLE = Automatic;
				CURRENT_PROJECT_VERSION = 1;
				GENERATE_INFOPLIST_FILE = YES;
				MARKETING_VERSION = 1.0;
				PRODUCT_BUNDLE_IDENTIFIER = com.inferenz.SelfStyloIOSAppUITests;
				PRODUCT_NAME = "$(TARGET_NAME)";
				SWIFT_EMIT_LOC_STRINGS = NO;
				SWIFT_VERSION = 5.0;
				TARGETED_DEVICE_FAMILY = "1,2";
				TEST_TARGET_NAME = SelfStyloIOSApp;
			};
			name = Release;
		};
/* End XCBuildConfiguration section */

/* Begin XCConfigurationList section */
		22F858A9295AC6A400A7D86E /* Build configuration list for PBXProject "SelfStyloIOSApp" */ = {
			isa = XCConfigurationList;
			buildConfigurations = (
				22F858D6295AC6A600A7D86E /* Debug */,
				22F858D7295AC6A600A7D86E /* Release */,
			);
			defaultConfigurationIsVisible = 0;
			defaultConfigurationName = Release;
		};
		22F858D8295AC6A600A7D86E /* Build configuration list for PBXNativeTarget "SelfStyloIOSApp" */ = {
			isa = XCConfigurationList;
			buildConfigurations = (
				22F858D9295AC6A600A7D86E /* Debug */,
				22F858DA295AC6A600A7D86E /* Release */,
			);
			defaultConfigurationIsVisible = 0;
			defaultConfigurationName = Release;
		};
		22F858DB295AC6A600A7D86E /* Build configuration list for PBXNativeTarget "SelfStyloIOSAppTests" */ = {
			isa = XCConfigurationList;
			buildConfigurations = (
				22F858DC295AC6A600A7D86E /* Debug */,
				22F858DD295AC6A600A7D86E /* Release */,
			);
			defaultConfigurationIsVisible = 0;
			defaultConfigurationName = Release;
		};
		22F858DE295AC6A600A7D86E /* Build configuration list for PBXNativeTarget "SelfStyloIOSAppUITests" */ = {
			isa = XCConfigurationList;
			buildConfigurations = (
				22F858DF295AC6A600A7D86E /* Debug */,
				22F858E0295AC6A600A7D86E /* Release */,
			);
			defaultConfigurationIsVisible = 0;
			defaultConfigurationName = Release;
		};
/* End XCConfigurationList section */
	};
	rootObject = 22F858A6295AC6A400A7D86E /* Project object */;
}
